
Microsoft Visual Studio Solution File, Format Version 12.00
# Visual Studio Version 16
VisualStudioVersion = 16.0.29609.76
MinimumVisualStudioVersion = 10.0.40219.1
Project("{9A19103F-16F7-4668-BE54-9A1E7A4F7556}") = "OKHOSTING.Terminal", "OKHOSTING.Terminal\OKHOSTING.Terminal.csproj", "{263B1236-DD68-41B5-9451-70C0F72DD5EB}"
EndProject
Project("{2150E333-8FDC-42A3-9474-1A3956D46DE8}") = "nET4", "nET4", "{ACB21418-2801-4BED-A1CF-E3395C51E820}"
EndProject
Project("{2150E333-8FDC-42A3-9474-1A3956D46DE8}") = "Referencias", "Referencias", "{1E345847-CEA4-4484-AD3F-2D94A21C4AFE}"
EndProject
Project("{2150E333-8FDC-42A3-9474-1A3956D46DE8}") = "Standard", "Standard", "{FE078CAA-3ED1-42B3-A430-1390AA26A59A}"
EndProject
Project("{9A19103F-16F7-4668-BE54-9A1E7A4F7556}") = "OKHOSTING.Core", "..\..\..\..\..\desarrollo\OKHOSTING.Core\src\Standard\OKHOSTING.Core\OKHOSTING.Core.csproj", "{C2344388-366A-4040-BB22-94EE11CA20E8}"
EndProject
Project("{9A19103F-16F7-4668-BE54-9A1E7A4F7556}") = "OKHOSTING.Core.Cryptography", "..\..\..\..\..\desarrollo\OKHOSTING.Core\src\Standard\OKHOSTING.Core.Cryptography\OKHOSTING.Core.Cryptography.csproj", "{08D60EC4-8153-4E0C-8BFB-9066EF4803A3}"
EndProject
Project("{9A19103F-16F7-4668-BE54-9A1E7A4F7556}") = "OKHOSTING.Data", "..\..\..\..\..\desarrollo\OKHOSTING.Data\src\Standard\OKHOSTING.Data\OKHOSTING.Data.csproj", "{C863FCD2-E563-48C4-BB70-9DB625AA42C9}"
EndProject
Project("{9A19103F-16F7-4668-BE54-9A1E7A4F7556}") = "OKHOSTING.Security", "..\..\..\..\..\desarrollo\OKHOSTING.Security\src\Standard\OKHOSTING.Security\OKHOSTING.Security.csproj", "{808FC96D-80BF-479B-A3FA-195BA19CDD0B}"
EndProject
Project("{9A19103F-16F7-4668-BE54-9A1E7A4F7556}") = "OKHOSTING.Security.UI", "..\..\..\..\..\desarrollo\OKHOSTING.Security\src\Standard\OKHOSTING.Security.UI\OKHOSTING.Security.UI.csproj", "{93487E09-0481-4337-BB7A-3338B7A9417D}"
EndProject
Project("{9A19103F-16F7-4668-BE54-9A1E7A4F7556}") = "OKHOSTING.SQL", "..\..\..\..\..\desarrollo\OKHOSTING.SQL\src\Standard\OKHOSTING.SQL\OKHOSTING.SQL.csproj", "{C25CE306-E1B5-461D-A080-C60ECFF8D0A9}"
EndProject
Project("{9A19103F-16F7-4668-BE54-9A1E7A4F7556}") = "OKHOSTING.SQL.DbProviders", "..\..\..\..\..\desarrollo\OKHOSTING.SQL\src\Standard\OKHOSTING.SQL.DbProviders\OKHOSTING.SQL.DbProviders.csproj", "{E99A614E-425A-4331-99CF-3DBE8E28ECE2}"
EndProject
Project("{9A19103F-16F7-4668-BE54-9A1E7A4F7556}") = "OKHOSTING.SQL.DbProviders.MySql", "..\..\..\..\..\desarrollo\OKHOSTING.SQL\src\Standard\OKHOSTING.SQL.DbProviders.MySql\OKHOSTING.SQL.DbProviders.MySql.csproj", "{E22923F7-AD80-45B6-B6C3-E0E2F792E906}"
EndProject
Project("{9A19103F-16F7-4668-BE54-9A1E7A4F7556}") = "OKHOSTING.SQL.UI", "..\..\..\..\..\desarrollo\OKHOSTING.SQL\src\Standard\OKHOSTING.SQL.UI\OKHOSTING.SQL.UI.csproj", "{5309400D-F47B-4D8C-8C5B-B42EA9D75F25}"
EndProject
Project("{9A19103F-16F7-4668-BE54-9A1E7A4F7556}") = "OKHOSTING.UI", "..\..\..\..\..\desarrollo\OKHOSTING.UI\src\Standard\OKHOSTING.UI\OKHOSTING.UI.csproj", "{A5EA9650-4EE5-4C47-9EB5-3C0B4564A4A6}"
EndProject
Project("{FAE04EC0-301F-11D3-BF4B-00C04F79EFBC}") = "OKHOSTING.UI.Net4.WebForms", "..\..\..\..\..\desarrollo\OKHOSTING.UI\src\Net4\OKHOSTING.UI.Net4.WebForms\OKHOSTING.UI.Net4.WebForms.csproj", "{734C6A3D-406E-421F-878B-64425DD137DF}"
EndProject
Project("{FAE04EC0-301F-11D3-BF4B-00C04F79EFBC}") = "OKHOSTING.UI.Net4.WinForms", "..\..\..\..\..\desarrollo\OKHOSTING.UI\src\Net4\OKHOSTING.UI.Net4.WinForms\OKHOSTING.UI.Net4.WinForms.csproj", "{3D1E7E01-F74A-4A00-8037-36F9D51A5860}"
EndProject
Project("{FAE04EC0-301F-11D3-BF4B-00C04F79EFBC}") = "OKHOSTING.UI.Net4.WPF", "..\..\..\..\..\desarrollo\OKHOSTING.UI\src\Net4\OKHOSTING.UI.Net4.WPF\OKHOSTING.UI.Net4.WPF.csproj", "{CF41703F-18FB-44C2-9DCE-99D1801950C2}"
EndProject
Project("{9A19103F-16F7-4668-BE54-9A1E7A4F7556}") = "OKHOSTING.ORM", "..\..\..\..\..\desarrollo\OKHOSTING.ORM\src\Standard\OKHOSTING.ORM\OKHOSTING.ORM.csproj", "{A92FA450-68D4-418E-9F99-ED78A258CAD0}"
EndProject
Project("{9A19103F-16F7-4668-BE54-9A1E7A4F7556}") = "OKHOSTING.ORM.Cryptography", "..\..\..\..\..\desarrollo\OKHOSTING.ORM\src\Standard\OKHOSTING.ORM.Cryptography\OKHOSTING.ORM.Cryptography.csproj", "{A0A4BB6C-3F91-4E72-B93F-E8156A473D62}"
EndProject
Project("{9A19103F-16F7-4668-BE54-9A1E7A4F7556}") = "OKHOSTING.ORM.Security", "..\..\..\..\..\desarrollo\OKHOSTING.ORM\src\Standard\OKHOSTING.ORM.Security\OKHOSTING.ORM.Security.csproj", "{9F2FE81C-39DD-4AEA-983F-0BD66D0E1DA0}"
EndProject
Project("{9A19103F-16F7-4668-BE54-9A1E7A4F7556}") = "OKHOSTING.ORM.UI", "..\..\..\..\..\desarrollo\OKHOSTING.ORM\src\Standard\OKHOSTING.ORM.UI\OKHOSTING.ORM.UI.csproj", "{A3045A82-F41E-471B-8A12-E807450C8666}"
EndProject
Project("{FAE04EC0-301F-11D3-BF4B-00C04F79EFBC}") = "OKHOSTING.Terminal.UI.Net4.WebForm", "OKHOSTING.Terminal.UI.Net4.WebForm\OKHOSTING.Terminal.UI.Net4.WebForm.csproj", "{0AA0170D-5BE1-4B6B-8421-1378252C7EE6}"
EndProject
Project("{FAE04EC0-301F-11D3-BF4B-00C04F79EFBC}") = "OKHOSTING.Terminal.UI.Xamarin.UWP", "OKHOSTING.Terminal.UI.Xamarin\OKHOSTING.Terminal.UI.Xamarin.UWP\OKHOSTING.Terminal.UI.Xamarin.UWP.csproj", "{65779EEC-FB48-4CEE-869E-50E825B8836D}"
EndProject
Project("{FAE04EC0-301F-11D3-BF4B-00C04F79EFBC}") = "OKHOSTING.Terminal.UI.Xamarin.Android", "OKHOSTING.Terminal.UI.Xamarin\OKHOSTING.Terminal.UI.Xamarin.Android\OKHOSTING.Terminal.UI.Xamarin.Android.csproj", "{EBEE1BB4-E891-4DA0-BA7E-9B1725F55E5C}"
EndProject
Project("{FAE04EC0-301F-11D3-BF4B-00C04F79EFBC}") = "OKHOSTING.Terminal.UI.Xamarin.iOS", "OKHOSTING.Terminal.UI.Xamarin\OKHOSTING.Terminal.UI.Xamarin.iOS\OKHOSTING.Terminal.UI.Xamarin.iOS.csproj", "{0E2142CA-8FEF-41BD-A167-5B5A2C290C6D}"
EndProject
Project("{FAE04EC0-301F-11D3-BF4B-00C04F79EFBC}") = "OKHOSTING.Terminal.UI.Xamarin", "OKHOSTING.Terminal.UI.Xamarin\OKHOSTING.Terminal.UI.Xamarin\OKHOSTING.Terminal.UI.Xamarin.csproj", "{A2596912-27CC-4C86-AE04-3EF899D222D7}"
EndProject
Project("{9A19103F-16F7-4668-BE54-9A1E7A4F7556}") = "OKHOSTING.UI.Xamarin.Forms", "..\..\..\..\..\desarrollo\OKHOSTING.UI\src\Xamarin\OKHOSTING.UI.Xamarin.Forms\OKHOSTING.UI.Xamarin.Forms.csproj", "{5CC6E88F-306C-42BA-A471-CD52CA9C210A}"
EndProject
Project("{2150E333-8FDC-42A3-9474-1A3956D46DE8}") = "Xamarin", "Xamarin", "{3540082C-CFE2-41A4-A2C0-C57B37D98249}"
EndProject
Global
	GlobalSection(SolutionConfigurationPlatforms) = preSolution
		Debug|Any CPU = Debug|Any CPU
		Debug|ARM = Debug|ARM
		Debug|iPhone = Debug|iPhone
		Debug|iPhoneSimulator = Debug|iPhoneSimulator
		Debug|x64 = Debug|x64
		Debug|x86 = Debug|x86
		Release|Any CPU = Release|Any CPU
		Release|ARM = Release|ARM
		Release|iPhone = Release|iPhone
		Release|iPhoneSimulator = Release|iPhoneSimulator
		Release|x64 = Release|x64
		Release|x86 = Release|x86
	EndGlobalSection
	GlobalSection(ProjectConfigurationPlatforms) = postSolution
		{263B1236-DD68-41B5-9451-70C0F72DD5EB}.Debug|Any CPU.ActiveCfg = Debug|Any CPU
		{263B1236-DD68-41B5-9451-70C0F72DD5EB}.Debug|Any CPU.Build.0 = Debug|Any CPU
		{263B1236-DD68-41B5-9451-70C0F72DD5EB}.Debug|ARM.ActiveCfg = Debug|Any CPU
		{263B1236-DD68-41B5-9451-70C0F72DD5EB}.Debug|ARM.Build.0 = Debug|Any CPU
		{263B1236-DD68-41B5-9451-70C0F72DD5EB}.Debug|iPhone.ActiveCfg = Debug|Any CPU
		{263B1236-DD68-41B5-9451-70C0F72DD5EB}.Debug|iPhone.Build.0 = Debug|Any CPU
		{263B1236-DD68-41B5-9451-70C0F72DD5EB}.Debug|iPhoneSimulator.ActiveCfg = Debug|Any CPU
		{263B1236-DD68-41B5-9451-70C0F72DD5EB}.Debug|iPhoneSimulator.Build.0 = Debug|Any CPU
		{263B1236-DD68-41B5-9451-70C0F72DD5EB}.Debug|x64.ActiveCfg = Debug|Any CPU
		{263B1236-DD68-41B5-9451-70C0F72DD5EB}.Debug|x64.Build.0 = Debug|Any CPU
		{263B1236-DD68-41B5-9451-70C0F72DD5EB}.Debug|x86.ActiveCfg = Debug|Any CPU
		{263B1236-DD68-41B5-9451-70C0F72DD5EB}.Debug|x86.Build.0 = Debug|Any CPU
		{263B1236-DD68-41B5-9451-70C0F72DD5EB}.Release|Any CPU.ActiveCfg = Release|Any CPU
		{263B1236-DD68-41B5-9451-70C0F72DD5EB}.Release|Any CPU.Build.0 = Release|Any CPU
		{263B1236-DD68-41B5-9451-70C0F72DD5EB}.Release|ARM.ActiveCfg = Release|Any CPU
		{263B1236-DD68-41B5-9451-70C0F72DD5EB}.Release|ARM.Build.0 = Release|Any CPU
		{263B1236-DD68-41B5-9451-70C0F72DD5EB}.Release|iPhone.ActiveCfg = Release|Any CPU
		{263B1236-DD68-41B5-9451-70C0F72DD5EB}.Release|iPhone.Build.0 = Release|Any CPU
		{263B1236-DD68-41B5-9451-70C0F72DD5EB}.Release|iPhoneSimulator.ActiveCfg = Release|Any CPU
		{263B1236-DD68-41B5-9451-70C0F72DD5EB}.Release|iPhoneSimulator.Build.0 = Release|Any CPU
		{263B1236-DD68-41B5-9451-70C0F72DD5EB}.Release|x64.ActiveCfg = Release|Any CPU
		{263B1236-DD68-41B5-9451-70C0F72DD5EB}.Release|x64.Build.0 = Release|Any CPU
		{263B1236-DD68-41B5-9451-70C0F72DD5EB}.Release|x86.ActiveCfg = Release|Any CPU
		{263B1236-DD68-41B5-9451-70C0F72DD5EB}.Release|x86.Build.0 = Release|Any CPU
		{C2344388-366A-4040-BB22-94EE11CA20E8}.Debug|Any CPU.ActiveCfg = Debug|Any CPU
		{C2344388-366A-4040-BB22-94EE11CA20E8}.Debug|Any CPU.Build.0 = Debug|Any CPU
		{C2344388-366A-4040-BB22-94EE11CA20E8}.Debug|ARM.ActiveCfg = Debug|Any CPU
		{C2344388-366A-4040-BB22-94EE11CA20E8}.Debug|ARM.Build.0 = Debug|Any CPU
		{C2344388-366A-4040-BB22-94EE11CA20E8}.Debug|iPhone.ActiveCfg = Debug|Any CPU
		{C2344388-366A-4040-BB22-94EE11CA20E8}.Debug|iPhone.Build.0 = Debug|Any CPU
		{C2344388-366A-4040-BB22-94EE11CA20E8}.Debug|iPhoneSimulator.ActiveCfg = Debug|Any CPU
		{C2344388-366A-4040-BB22-94EE11CA20E8}.Debug|iPhoneSimulator.Build.0 = Debug|Any CPU
		{C2344388-366A-4040-BB22-94EE11CA20E8}.Debug|x64.ActiveCfg = Debug|Any CPU
		{C2344388-366A-4040-BB22-94EE11CA20E8}.Debug|x64.Build.0 = Debug|Any CPU
		{C2344388-366A-4040-BB22-94EE11CA20E8}.Debug|x86.ActiveCfg = Debug|Any CPU
		{C2344388-366A-4040-BB22-94EE11CA20E8}.Debug|x86.Build.0 = Debug|Any CPU
		{C2344388-366A-4040-BB22-94EE11CA20E8}.Release|Any CPU.ActiveCfg = Release|Any CPU
		{C2344388-366A-4040-BB22-94EE11CA20E8}.Release|Any CPU.Build.0 = Release|Any CPU
		{C2344388-366A-4040-BB22-94EE11CA20E8}.Release|ARM.ActiveCfg = Release|Any CPU
		{C2344388-366A-4040-BB22-94EE11CA20E8}.Release|ARM.Build.0 = Release|Any CPU
		{C2344388-366A-4040-BB22-94EE11CA20E8}.Release|iPhone.ActiveCfg = Release|Any CPU
		{C2344388-366A-4040-BB22-94EE11CA20E8}.Release|iPhone.Build.0 = Release|Any CPU
		{C2344388-366A-4040-BB22-94EE11CA20E8}.Release|iPhoneSimulator.ActiveCfg = Release|Any CPU
		{C2344388-366A-4040-BB22-94EE11CA20E8}.Release|iPhoneSimulator.Build.0 = Release|Any CPU
		{C2344388-366A-4040-BB22-94EE11CA20E8}.Release|x64.ActiveCfg = Release|Any CPU
		{C2344388-366A-4040-BB22-94EE11CA20E8}.Release|x64.Build.0 = Release|Any CPU
		{C2344388-366A-4040-BB22-94EE11CA20E8}.Release|x86.ActiveCfg = Release|Any CPU
		{C2344388-366A-4040-BB22-94EE11CA20E8}.Release|x86.Build.0 = Release|Any CPU
		{08D60EC4-8153-4E0C-8BFB-9066EF4803A3}.Debug|Any CPU.ActiveCfg = Debug|Any CPU
		{08D60EC4-8153-4E0C-8BFB-9066EF4803A3}.Debug|Any CPU.Build.0 = Debug|Any CPU
		{08D60EC4-8153-4E0C-8BFB-9066EF4803A3}.Debug|ARM.ActiveCfg = Debug|Any CPU
		{08D60EC4-8153-4E0C-8BFB-9066EF4803A3}.Debug|ARM.Build.0 = Debug|Any CPU
		{08D60EC4-8153-4E0C-8BFB-9066EF4803A3}.Debug|iPhone.ActiveCfg = Debug|Any CPU
		{08D60EC4-8153-4E0C-8BFB-9066EF4803A3}.Debug|iPhone.Build.0 = Debug|Any CPU
		{08D60EC4-8153-4E0C-8BFB-9066EF4803A3}.Debug|iPhoneSimulator.ActiveCfg = Debug|Any CPU
		{08D60EC4-8153-4E0C-8BFB-9066EF4803A3}.Debug|iPhoneSimulator.Build.0 = Debug|Any CPU
		{08D60EC4-8153-4E0C-8BFB-9066EF4803A3}.Debug|x64.ActiveCfg = Debug|Any CPU
		{08D60EC4-8153-4E0C-8BFB-9066EF4803A3}.Debug|x64.Build.0 = Debug|Any CPU
		{08D60EC4-8153-4E0C-8BFB-9066EF4803A3}.Debug|x86.ActiveCfg = Debug|Any CPU
		{08D60EC4-8153-4E0C-8BFB-9066EF4803A3}.Debug|x86.Build.0 = Debug|Any CPU
		{08D60EC4-8153-4E0C-8BFB-9066EF4803A3}.Release|Any CPU.ActiveCfg = Release|Any CPU
		{08D60EC4-8153-4E0C-8BFB-9066EF4803A3}.Release|Any CPU.Build.0 = Release|Any CPU
		{08D60EC4-8153-4E0C-8BFB-9066EF4803A3}.Release|ARM.ActiveCfg = Release|Any CPU
		{08D60EC4-8153-4E0C-8BFB-9066EF4803A3}.Release|ARM.Build.0 = Release|Any CPU
		{08D60EC4-8153-4E0C-8BFB-9066EF4803A3}.Release|iPhone.ActiveCfg = Release|Any CPU
		{08D60EC4-8153-4E0C-8BFB-9066EF4803A3}.Release|iPhone.Build.0 = Release|Any CPU
		{08D60EC4-8153-4E0C-8BFB-9066EF4803A3}.Release|iPhoneSimulator.ActiveCfg = Release|Any CPU
		{08D60EC4-8153-4E0C-8BFB-9066EF4803A3}.Release|iPhoneSimulator.Build.0 = Release|Any CPU
		{08D60EC4-8153-4E0C-8BFB-9066EF4803A3}.Release|x64.ActiveCfg = Release|Any CPU
		{08D60EC4-8153-4E0C-8BFB-9066EF4803A3}.Release|x64.Build.0 = Release|Any CPU
		{08D60EC4-8153-4E0C-8BFB-9066EF4803A3}.Release|x86.ActiveCfg = Release|Any CPU
		{08D60EC4-8153-4E0C-8BFB-9066EF4803A3}.Release|x86.Build.0 = Release|Any CPU
		{C863FCD2-E563-48C4-BB70-9DB625AA42C9}.Debug|Any CPU.ActiveCfg = Debug|Any CPU
		{C863FCD2-E563-48C4-BB70-9DB625AA42C9}.Debug|Any CPU.Build.0 = Debug|Any CPU
		{C863FCD2-E563-48C4-BB70-9DB625AA42C9}.Debug|ARM.ActiveCfg = Debug|Any CPU
		{C863FCD2-E563-48C4-BB70-9DB625AA42C9}.Debug|ARM.Build.0 = Debug|Any CPU
		{C863FCD2-E563-48C4-BB70-9DB625AA42C9}.Debug|iPhone.ActiveCfg = Debug|Any CPU
		{C863FCD2-E563-48C4-BB70-9DB625AA42C9}.Debug|iPhone.Build.0 = Debug|Any CPU
		{C863FCD2-E563-48C4-BB70-9DB625AA42C9}.Debug|iPhoneSimulator.ActiveCfg = Debug|Any CPU
		{C863FCD2-E563-48C4-BB70-9DB625AA42C9}.Debug|iPhoneSimulator.Build.0 = Debug|Any CPU
		{C863FCD2-E563-48C4-BB70-9DB625AA42C9}.Debug|x64.ActiveCfg = Debug|Any CPU
		{C863FCD2-E563-48C4-BB70-9DB625AA42C9}.Debug|x64.Build.0 = Debug|Any CPU
		{C863FCD2-E563-48C4-BB70-9DB625AA42C9}.Debug|x86.ActiveCfg = Debug|Any CPU
		{C863FCD2-E563-48C4-BB70-9DB625AA42C9}.Debug|x86.Build.0 = Debug|Any CPU
		{C863FCD2-E563-48C4-BB70-9DB625AA42C9}.Release|Any CPU.ActiveCfg = Release|Any CPU
		{C863FCD2-E563-48C4-BB70-9DB625AA42C9}.Release|Any CPU.Build.0 = Release|Any CPU
		{C863FCD2-E563-48C4-BB70-9DB625AA42C9}.Release|ARM.ActiveCfg = Release|Any CPU
		{C863FCD2-E563-48C4-BB70-9DB625AA42C9}.Release|ARM.Build.0 = Release|Any CPU
		{C863FCD2-E563-48C4-BB70-9DB625AA42C9}.Release|iPhone.ActiveCfg = Release|Any CPU
		{C863FCD2-E563-48C4-BB70-9DB625AA42C9}.Release|iPhone.Build.0 = Release|Any CPU
		{C863FCD2-E563-48C4-BB70-9DB625AA42C9}.Release|iPhoneSimulator.ActiveCfg = Release|Any CPU
		{C863FCD2-E563-48C4-BB70-9DB625AA42C9}.Release|iPhoneSimulator.Build.0 = Release|Any CPU
		{C863FCD2-E563-48C4-BB70-9DB625AA42C9}.Release|x64.ActiveCfg = Release|Any CPU
		{C863FCD2-E563-48C4-BB70-9DB625AA42C9}.Release|x64.Build.0 = Release|Any CPU
		{C863FCD2-E563-48C4-BB70-9DB625AA42C9}.Release|x86.ActiveCfg = Release|Any CPU
		{C863FCD2-E563-48C4-BB70-9DB625AA42C9}.Release|x86.Build.0 = Release|Any CPU
		{808FC96D-80BF-479B-A3FA-195BA19CDD0B}.Debug|Any CPU.ActiveCfg = Debug|Any CPU
		{808FC96D-80BF-479B-A3FA-195BA19CDD0B}.Debug|Any CPU.Build.0 = Debug|Any CPU
		{808FC96D-80BF-479B-A3FA-195BA19CDD0B}.Debug|ARM.ActiveCfg = Debug|Any CPU
		{808FC96D-80BF-479B-A3FA-195BA19CDD0B}.Debug|ARM.Build.0 = Debug|Any CPU
		{808FC96D-80BF-479B-A3FA-195BA19CDD0B}.Debug|iPhone.ActiveCfg = Debug|Any CPU
		{808FC96D-80BF-479B-A3FA-195BA19CDD0B}.Debug|iPhone.Build.0 = Debug|Any CPU
		{808FC96D-80BF-479B-A3FA-195BA19CDD0B}.Debug|iPhoneSimulator.ActiveCfg = Debug|Any CPU
		{808FC96D-80BF-479B-A3FA-195BA19CDD0B}.Debug|iPhoneSimulator.Build.0 = Debug|Any CPU
		{808FC96D-80BF-479B-A3FA-195BA19CDD0B}.Debug|x64.ActiveCfg = Debug|Any CPU
		{808FC96D-80BF-479B-A3FA-195BA19CDD0B}.Debug|x64.Build.0 = Debug|Any CPU
		{808FC96D-80BF-479B-A3FA-195BA19CDD0B}.Debug|x86.ActiveCfg = Debug|Any CPU
		{808FC96D-80BF-479B-A3FA-195BA19CDD0B}.Debug|x86.Build.0 = Debug|Any CPU
		{808FC96D-80BF-479B-A3FA-195BA19CDD0B}.Release|Any CPU.ActiveCfg = Release|Any CPU
		{808FC96D-80BF-479B-A3FA-195BA19CDD0B}.Release|Any CPU.Build.0 = Release|Any CPU
		{808FC96D-80BF-479B-A3FA-195BA19CDD0B}.Release|ARM.ActiveCfg = Release|Any CPU
		{808FC96D-80BF-479B-A3FA-195BA19CDD0B}.Release|ARM.Build.0 = Release|Any CPU
		{808FC96D-80BF-479B-A3FA-195BA19CDD0B}.Release|iPhone.ActiveCfg = Release|Any CPU
		{808FC96D-80BF-479B-A3FA-195BA19CDD0B}.Release|iPhone.Build.0 = Release|Any CPU
		{808FC96D-80BF-479B-A3FA-195BA19CDD0B}.Release|iPhoneSimulator.ActiveCfg = Release|Any CPU
		{808FC96D-80BF-479B-A3FA-195BA19CDD0B}.Release|iPhoneSimulator.Build.0 = Release|Any CPU
		{808FC96D-80BF-479B-A3FA-195BA19CDD0B}.Release|x64.ActiveCfg = Release|Any CPU
		{808FC96D-80BF-479B-A3FA-195BA19CDD0B}.Release|x64.Build.0 = Release|Any CPU
		{808FC96D-80BF-479B-A3FA-195BA19CDD0B}.Release|x86.ActiveCfg = Release|Any CPU
		{808FC96D-80BF-479B-A3FA-195BA19CDD0B}.Release|x86.Build.0 = Release|Any CPU
		{93487E09-0481-4337-BB7A-3338B7A9417D}.Debug|Any CPU.ActiveCfg = Debug|Any CPU
		{93487E09-0481-4337-BB7A-3338B7A9417D}.Debug|Any CPU.Build.0 = Debug|Any CPU
		{93487E09-0481-4337-BB7A-3338B7A9417D}.Debug|ARM.ActiveCfg = Debug|Any CPU
		{93487E09-0481-4337-BB7A-3338B7A9417D}.Debug|ARM.Build.0 = Debug|Any CPU
		{93487E09-0481-4337-BB7A-3338B7A9417D}.Debug|iPhone.ActiveCfg = Debug|Any CPU
		{93487E09-0481-4337-BB7A-3338B7A9417D}.Debug|iPhone.Build.0 = Debug|Any CPU
		{93487E09-0481-4337-BB7A-3338B7A9417D}.Debug|iPhoneSimulator.ActiveCfg = Debug|Any CPU
		{93487E09-0481-4337-BB7A-3338B7A9417D}.Debug|iPhoneSimulator.Build.0 = Debug|Any CPU
		{93487E09-0481-4337-BB7A-3338B7A9417D}.Debug|x64.ActiveCfg = Debug|Any CPU
		{93487E09-0481-4337-BB7A-3338B7A9417D}.Debug|x64.Build.0 = Debug|Any CPU
		{93487E09-0481-4337-BB7A-3338B7A9417D}.Debug|x86.ActiveCfg = Debug|Any CPU
		{93487E09-0481-4337-BB7A-3338B7A9417D}.Debug|x86.Build.0 = Debug|Any CPU
		{93487E09-0481-4337-BB7A-3338B7A9417D}.Release|Any CPU.ActiveCfg = Release|Any CPU
		{93487E09-0481-4337-BB7A-3338B7A9417D}.Release|Any CPU.Build.0 = Release|Any CPU
		{93487E09-0481-4337-BB7A-3338B7A9417D}.Release|ARM.ActiveCfg = Release|Any CPU
		{93487E09-0481-4337-BB7A-3338B7A9417D}.Release|ARM.Build.0 = Release|Any CPU
		{93487E09-0481-4337-BB7A-3338B7A9417D}.Release|iPhone.ActiveCfg = Release|Any CPU
		{93487E09-0481-4337-BB7A-3338B7A9417D}.Release|iPhone.Build.0 = Release|Any CPU
		{93487E09-0481-4337-BB7A-3338B7A9417D}.Release|iPhoneSimulator.ActiveCfg = Release|Any CPU
		{93487E09-0481-4337-BB7A-3338B7A9417D}.Release|iPhoneSimulator.Build.0 = Release|Any CPU
		{93487E09-0481-4337-BB7A-3338B7A9417D}.Release|x64.ActiveCfg = Release|Any CPU
		{93487E09-0481-4337-BB7A-3338B7A9417D}.Release|x64.Build.0 = Release|Any CPU
		{93487E09-0481-4337-BB7A-3338B7A9417D}.Release|x86.ActiveCfg = Release|Any CPU
		{93487E09-0481-4337-BB7A-3338B7A9417D}.Release|x86.Build.0 = Release|Any CPU
		{C25CE306-E1B5-461D-A080-C60ECFF8D0A9}.Debug|Any CPU.ActiveCfg = Debug|Any CPU
		{C25CE306-E1B5-461D-A080-C60ECFF8D0A9}.Debug|Any CPU.Build.0 = Debug|Any CPU
		{C25CE306-E1B5-461D-A080-C60ECFF8D0A9}.Debug|ARM.ActiveCfg = Debug|Any CPU
		{C25CE306-E1B5-461D-A080-C60ECFF8D0A9}.Debug|ARM.Build.0 = Debug|Any CPU
		{C25CE306-E1B5-461D-A080-C60ECFF8D0A9}.Debug|iPhone.ActiveCfg = Debug|Any CPU
		{C25CE306-E1B5-461D-A080-C60ECFF8D0A9}.Debug|iPhone.Build.0 = Debug|Any CPU
		{C25CE306-E1B5-461D-A080-C60ECFF8D0A9}.Debug|iPhoneSimulator.ActiveCfg = Debug|Any CPU
		{C25CE306-E1B5-461D-A080-C60ECFF8D0A9}.Debug|iPhoneSimulator.Build.0 = Debug|Any CPU
		{C25CE306-E1B5-461D-A080-C60ECFF8D0A9}.Debug|x64.ActiveCfg = Debug|Any CPU
		{C25CE306-E1B5-461D-A080-C60ECFF8D0A9}.Debug|x64.Build.0 = Debug|Any CPU
		{C25CE306-E1B5-461D-A080-C60ECFF8D0A9}.Debug|x86.ActiveCfg = Debug|Any CPU
		{C25CE306-E1B5-461D-A080-C60ECFF8D0A9}.Debug|x86.Build.0 = Debug|Any CPU
		{C25CE306-E1B5-461D-A080-C60ECFF8D0A9}.Release|Any CPU.ActiveCfg = Release|Any CPU
		{C25CE306-E1B5-461D-A080-C60ECFF8D0A9}.Release|Any CPU.Build.0 = Release|Any CPU
		{C25CE306-E1B5-461D-A080-C60ECFF8D0A9}.Release|ARM.ActiveCfg = Release|Any CPU
		{C25CE306-E1B5-461D-A080-C60ECFF8D0A9}.Release|ARM.Build.0 = Release|Any CPU
		{C25CE306-E1B5-461D-A080-C60ECFF8D0A9}.Release|iPhone.ActiveCfg = Release|Any CPU
		{C25CE306-E1B5-461D-A080-C60ECFF8D0A9}.Release|iPhone.Build.0 = Release|Any CPU
		{C25CE306-E1B5-461D-A080-C60ECFF8D0A9}.Release|iPhoneSimulator.ActiveCfg = Release|Any CPU
		{C25CE306-E1B5-461D-A080-C60ECFF8D0A9}.Release|iPhoneSimulator.Build.0 = Release|Any CPU
		{C25CE306-E1B5-461D-A080-C60ECFF8D0A9}.Release|x64.ActiveCfg = Release|Any CPU
		{C25CE306-E1B5-461D-A080-C60ECFF8D0A9}.Release|x64.Build.0 = Release|Any CPU
		{C25CE306-E1B5-461D-A080-C60ECFF8D0A9}.Release|x86.ActiveCfg = Release|Any CPU
		{C25CE306-E1B5-461D-A080-C60ECFF8D0A9}.Release|x86.Build.0 = Release|Any CPU
		{E99A614E-425A-4331-99CF-3DBE8E28ECE2}.Debug|Any CPU.ActiveCfg = Debug|Any CPU
		{E99A614E-425A-4331-99CF-3DBE8E28ECE2}.Debug|Any CPU.Build.0 = Debug|Any CPU
		{E99A614E-425A-4331-99CF-3DBE8E28ECE2}.Debug|ARM.ActiveCfg = Debug|Any CPU
		{E99A614E-425A-4331-99CF-3DBE8E28ECE2}.Debug|ARM.Build.0 = Debug|Any CPU
		{E99A614E-425A-4331-99CF-3DBE8E28ECE2}.Debug|iPhone.ActiveCfg = Debug|Any CPU
		{E99A614E-425A-4331-99CF-3DBE8E28ECE2}.Debug|iPhone.Build.0 = Debug|Any CPU
		{E99A614E-425A-4331-99CF-3DBE8E28ECE2}.Debug|iPhoneSimulator.ActiveCfg = Debug|Any CPU
		{E99A614E-425A-4331-99CF-3DBE8E28ECE2}.Debug|iPhoneSimulator.Build.0 = Debug|Any CPU
		{E99A614E-425A-4331-99CF-3DBE8E28ECE2}.Debug|x64.ActiveCfg = Debug|Any CPU
		{E99A614E-425A-4331-99CF-3DBE8E28ECE2}.Debug|x64.Build.0 = Debug|Any CPU
		{E99A614E-425A-4331-99CF-3DBE8E28ECE2}.Debug|x86.ActiveCfg = Debug|Any CPU
		{E99A614E-425A-4331-99CF-3DBE8E28ECE2}.Debug|x86.Build.0 = Debug|Any CPU
		{E99A614E-425A-4331-99CF-3DBE8E28ECE2}.Release|Any CPU.ActiveCfg = Release|Any CPU
		{E99A614E-425A-4331-99CF-3DBE8E28ECE2}.Release|Any CPU.Build.0 = Release|Any CPU
		{E99A614E-425A-4331-99CF-3DBE8E28ECE2}.Release|ARM.ActiveCfg = Release|Any CPU
		{E99A614E-425A-4331-99CF-3DBE8E28ECE2}.Release|ARM.Build.0 = Release|Any CPU
		{E99A614E-425A-4331-99CF-3DBE8E28ECE2}.Release|iPhone.ActiveCfg = Release|Any CPU
		{E99A614E-425A-4331-99CF-3DBE8E28ECE2}.Release|iPhone.Build.0 = Release|Any CPU
		{E99A614E-425A-4331-99CF-3DBE8E28ECE2}.Release|iPhoneSimulator.ActiveCfg = Release|Any CPU
		{E99A614E-425A-4331-99CF-3DBE8E28ECE2}.Release|iPhoneSimulator.Build.0 = Release|Any CPU
		{E99A614E-425A-4331-99CF-3DBE8E28ECE2}.Release|x64.ActiveCfg = Release|Any CPU
		{E99A614E-425A-4331-99CF-3DBE8E28ECE2}.Release|x64.Build.0 = Release|Any CPU
		{E99A614E-425A-4331-99CF-3DBE8E28ECE2}.Release|x86.ActiveCfg = Release|Any CPU
		{E99A614E-425A-4331-99CF-3DBE8E28ECE2}.Release|x86.Build.0 = Release|Any CPU
		{E22923F7-AD80-45B6-B6C3-E0E2F792E906}.Debug|Any CPU.ActiveCfg = Debug|Any CPU
		{E22923F7-AD80-45B6-B6C3-E0E2F792E906}.Debug|Any CPU.Build.0 = Debug|Any CPU
		{E22923F7-AD80-45B6-B6C3-E0E2F792E906}.Debug|ARM.ActiveCfg = Debug|Any CPU
		{E22923F7-AD80-45B6-B6C3-E0E2F792E906}.Debug|ARM.Build.0 = Debug|Any CPU
		{E22923F7-AD80-45B6-B6C3-E0E2F792E906}.Debug|iPhone.ActiveCfg = Debug|Any CPU
		{E22923F7-AD80-45B6-B6C3-E0E2F792E906}.Debug|iPhone.Build.0 = Debug|Any CPU
		{E22923F7-AD80-45B6-B6C3-E0E2F792E906}.Debug|iPhoneSimulator.ActiveCfg = Debug|Any CPU
		{E22923F7-AD80-45B6-B6C3-E0E2F792E906}.Debug|iPhoneSimulator.Build.0 = Debug|Any CPU
		{E22923F7-AD80-45B6-B6C3-E0E2F792E906}.Debug|x64.ActiveCfg = Debug|Any CPU
		{E22923F7-AD80-45B6-B6C3-E0E2F792E906}.Debug|x64.Build.0 = Debug|Any CPU
		{E22923F7-AD80-45B6-B6C3-E0E2F792E906}.Debug|x86.ActiveCfg = Debug|Any CPU
		{E22923F7-AD80-45B6-B6C3-E0E2F792E906}.Debug|x86.Build.0 = Debug|Any CPU
		{E22923F7-AD80-45B6-B6C3-E0E2F792E906}.Release|Any CPU.ActiveCfg = Release|Any CPU
		{E22923F7-AD80-45B6-B6C3-E0E2F792E906}.Release|Any CPU.Build.0 = Release|Any CPU
		{E22923F7-AD80-45B6-B6C3-E0E2F792E906}.Release|ARM.ActiveCfg = Release|Any CPU
		{E22923F7-AD80-45B6-B6C3-E0E2F792E906}.Release|ARM.Build.0 = Release|Any CPU
		{E22923F7-AD80-45B6-B6C3-E0E2F792E906}.Release|iPhone.ActiveCfg = Release|Any CPU
		{E22923F7-AD80-45B6-B6C3-E0E2F792E906}.Release|iPhone.Build.0 = Release|Any CPU
		{E22923F7-AD80-45B6-B6C3-E0E2F792E906}.Release|iPhoneSimulator.ActiveCfg = Release|Any CPU
		{E22923F7-AD80-45B6-B6C3-E0E2F792E906}.Release|iPhoneSimulator.Build.0 = Release|Any CPU
		{E22923F7-AD80-45B6-B6C3-E0E2F792E906}.Release|x64.ActiveCfg = Release|Any CPU
		{E22923F7-AD80-45B6-B6C3-E0E2F792E906}.Release|x64.Build.0 = Release|Any CPU
		{E22923F7-AD80-45B6-B6C3-E0E2F792E906}.Release|x86.ActiveCfg = Release|Any CPU
		{E22923F7-AD80-45B6-B6C3-E0E2F792E906}.Release|x86.Build.0 = Release|Any CPU
		{5309400D-F47B-4D8C-8C5B-B42EA9D75F25}.Debug|Any CPU.ActiveCfg = Debug|Any CPU
		{5309400D-F47B-4D8C-8C5B-B42EA9D75F25}.Debug|Any CPU.Build.0 = Debug|Any CPU
		{5309400D-F47B-4D8C-8C5B-B42EA9D75F25}.Debug|ARM.ActiveCfg = Debug|Any CPU
		{5309400D-F47B-4D8C-8C5B-B42EA9D75F25}.Debug|ARM.Build.0 = Debug|Any CPU
		{5309400D-F47B-4D8C-8C5B-B42EA9D75F25}.Debug|iPhone.ActiveCfg = Debug|Any CPU
		{5309400D-F47B-4D8C-8C5B-B42EA9D75F25}.Debug|iPhone.Build.0 = Debug|Any CPU
		{5309400D-F47B-4D8C-8C5B-B42EA9D75F25}.Debug|iPhoneSimulator.ActiveCfg = Debug|Any CPU
		{5309400D-F47B-4D8C-8C5B-B42EA9D75F25}.Debug|iPhoneSimulator.Build.0 = Debug|Any CPU
		{5309400D-F47B-4D8C-8C5B-B42EA9D75F25}.Debug|x64.ActiveCfg = Debug|Any CPU
		{5309400D-F47B-4D8C-8C5B-B42EA9D75F25}.Debug|x64.Build.0 = Debug|Any CPU
		{5309400D-F47B-4D8C-8C5B-B42EA9D75F25}.Debug|x86.ActiveCfg = Debug|Any CPU
		{5309400D-F47B-4D8C-8C5B-B42EA9D75F25}.Debug|x86.Build.0 = Debug|Any CPU
		{5309400D-F47B-4D8C-8C5B-B42EA9D75F25}.Release|Any CPU.ActiveCfg = Release|Any CPU
		{5309400D-F47B-4D8C-8C5B-B42EA9D75F25}.Release|Any CPU.Build.0 = Release|Any CPU
		{5309400D-F47B-4D8C-8C5B-B42EA9D75F25}.Release|ARM.ActiveCfg = Release|Any CPU
		{5309400D-F47B-4D8C-8C5B-B42EA9D75F25}.Release|ARM.Build.0 = Release|Any CPU
		{5309400D-F47B-4D8C-8C5B-B42EA9D75F25}.Release|iPhone.ActiveCfg = Release|Any CPU
		{5309400D-F47B-4D8C-8C5B-B42EA9D75F25}.Release|iPhone.Build.0 = Release|Any CPU
		{5309400D-F47B-4D8C-8C5B-B42EA9D75F25}.Release|iPhoneSimulator.ActiveCfg = Release|Any CPU
		{5309400D-F47B-4D8C-8C5B-B42EA9D75F25}.Release|iPhoneSimulator.Build.0 = Release|Any CPU
		{5309400D-F47B-4D8C-8C5B-B42EA9D75F25}.Release|x64.ActiveCfg = Release|Any CPU
		{5309400D-F47B-4D8C-8C5B-B42EA9D75F25}.Release|x64.Build.0 = Release|Any CPU
		{5309400D-F47B-4D8C-8C5B-B42EA9D75F25}.Release|x86.ActiveCfg = Release|Any CPU
		{5309400D-F47B-4D8C-8C5B-B42EA9D75F25}.Release|x86.Build.0 = Release|Any CPU
		{A5EA9650-4EE5-4C47-9EB5-3C0B4564A4A6}.Debug|Any CPU.ActiveCfg = Debug|Any CPU
		{A5EA9650-4EE5-4C47-9EB5-3C0B4564A4A6}.Debug|Any CPU.Build.0 = Debug|Any CPU
		{A5EA9650-4EE5-4C47-9EB5-3C0B4564A4A6}.Debug|ARM.ActiveCfg = Debug|Any CPU
		{A5EA9650-4EE5-4C47-9EB5-3C0B4564A4A6}.Debug|ARM.Build.0 = Debug|Any CPU
		{A5EA9650-4EE5-4C47-9EB5-3C0B4564A4A6}.Debug|iPhone.ActiveCfg = Debug|Any CPU
		{A5EA9650-4EE5-4C47-9EB5-3C0B4564A4A6}.Debug|iPhone.Build.0 = Debug|Any CPU
		{A5EA9650-4EE5-4C47-9EB5-3C0B4564A4A6}.Debug|iPhoneSimulator.ActiveCfg = Debug|Any CPU
		{A5EA9650-4EE5-4C47-9EB5-3C0B4564A4A6}.Debug|iPhoneSimulator.Build.0 = Debug|Any CPU
		{A5EA9650-4EE5-4C47-9EB5-3C0B4564A4A6}.Debug|x64.ActiveCfg = Debug|Any CPU
		{A5EA9650-4EE5-4C47-9EB5-3C0B4564A4A6}.Debug|x64.Build.0 = Debug|Any CPU
		{A5EA9650-4EE5-4C47-9EB5-3C0B4564A4A6}.Debug|x86.ActiveCfg = Debug|Any CPU
		{A5EA9650-4EE5-4C47-9EB5-3C0B4564A4A6}.Debug|x86.Build.0 = Debug|Any CPU
		{A5EA9650-4EE5-4C47-9EB5-3C0B4564A4A6}.Release|Any CPU.ActiveCfg = Release|Any CPU
		{A5EA9650-4EE5-4C47-9EB5-3C0B4564A4A6}.Release|Any CPU.Build.0 = Release|Any CPU
		{A5EA9650-4EE5-4C47-9EB5-3C0B4564A4A6}.Release|ARM.ActiveCfg = Release|Any CPU
		{A5EA9650-4EE5-4C47-9EB5-3C0B4564A4A6}.Release|ARM.Build.0 = Release|Any CPU
		{A5EA9650-4EE5-4C47-9EB5-3C0B4564A4A6}.Release|iPhone.ActiveCfg = Release|Any CPU
		{A5EA9650-4EE5-4C47-9EB5-3C0B4564A4A6}.Release|iPhone.Build.0 = Release|Any CPU
		{A5EA9650-4EE5-4C47-9EB5-3C0B4564A4A6}.Release|iPhoneSimulator.ActiveCfg = Release|Any CPU
		{A5EA9650-4EE5-4C47-9EB5-3C0B4564A4A6}.Release|iPhoneSimulator.Build.0 = Release|Any CPU
		{A5EA9650-4EE5-4C47-9EB5-3C0B4564A4A6}.Release|x64.ActiveCfg = Release|Any CPU
		{A5EA9650-4EE5-4C47-9EB5-3C0B4564A4A6}.Release|x64.Build.0 = Release|Any CPU
		{A5EA9650-4EE5-4C47-9EB5-3C0B4564A4A6}.Release|x86.ActiveCfg = Release|Any CPU
		{A5EA9650-4EE5-4C47-9EB5-3C0B4564A4A6}.Release|x86.Build.0 = Release|Any CPU
		{734C6A3D-406E-421F-878B-64425DD137DF}.Debug|Any CPU.ActiveCfg = Debug|Any CPU
		{734C6A3D-406E-421F-878B-64425DD137DF}.Debug|Any CPU.Build.0 = Debug|Any CPU
		{734C6A3D-406E-421F-878B-64425DD137DF}.Debug|ARM.ActiveCfg = Debug|Any CPU
		{734C6A3D-406E-421F-878B-64425DD137DF}.Debug|ARM.Build.0 = Debug|Any CPU
		{734C6A3D-406E-421F-878B-64425DD137DF}.Debug|iPhone.ActiveCfg = Debug|Any CPU
		{734C6A3D-406E-421F-878B-64425DD137DF}.Debug|iPhone.Build.0 = Debug|Any CPU
		{734C6A3D-406E-421F-878B-64425DD137DF}.Debug|iPhoneSimulator.ActiveCfg = Debug|Any CPU
		{734C6A3D-406E-421F-878B-64425DD137DF}.Debug|iPhoneSimulator.Build.0 = Debug|Any CPU
		{734C6A3D-406E-421F-878B-64425DD137DF}.Debug|x64.ActiveCfg = Debug|Any CPU
		{734C6A3D-406E-421F-878B-64425DD137DF}.Debug|x64.Build.0 = Debug|Any CPU
		{734C6A3D-406E-421F-878B-64425DD137DF}.Debug|x86.ActiveCfg = Debug|Any CPU
		{734C6A3D-406E-421F-878B-64425DD137DF}.Debug|x86.Build.0 = Debug|Any CPU
		{734C6A3D-406E-421F-878B-64425DD137DF}.Release|Any CPU.ActiveCfg = Release|Any CPU
		{734C6A3D-406E-421F-878B-64425DD137DF}.Release|Any CPU.Build.0 = Release|Any CPU
		{734C6A3D-406E-421F-878B-64425DD137DF}.Release|ARM.ActiveCfg = Release|Any CPU
		{734C6A3D-406E-421F-878B-64425DD137DF}.Release|ARM.Build.0 = Release|Any CPU
		{734C6A3D-406E-421F-878B-64425DD137DF}.Release|iPhone.ActiveCfg = Release|Any CPU
		{734C6A3D-406E-421F-878B-64425DD137DF}.Release|iPhone.Build.0 = Release|Any CPU
		{734C6A3D-406E-421F-878B-64425DD137DF}.Release|iPhoneSimulator.ActiveCfg = Release|Any CPU
		{734C6A3D-406E-421F-878B-64425DD137DF}.Release|iPhoneSimulator.Build.0 = Release|Any CPU
		{734C6A3D-406E-421F-878B-64425DD137DF}.Release|x64.ActiveCfg = Release|Any CPU
		{734C6A3D-406E-421F-878B-64425DD137DF}.Release|x64.Build.0 = Release|Any CPU
		{734C6A3D-406E-421F-878B-64425DD137DF}.Release|x86.ActiveCfg = Release|Any CPU
		{734C6A3D-406E-421F-878B-64425DD137DF}.Release|x86.Build.0 = Release|Any CPU
		{3D1E7E01-F74A-4A00-8037-36F9D51A5860}.Debug|Any CPU.ActiveCfg = Debug|Any CPU
		{3D1E7E01-F74A-4A00-8037-36F9D51A5860}.Debug|Any CPU.Build.0 = Debug|Any CPU
		{3D1E7E01-F74A-4A00-8037-36F9D51A5860}.Debug|ARM.ActiveCfg = Debug|Any CPU
		{3D1E7E01-F74A-4A00-8037-36F9D51A5860}.Debug|ARM.Build.0 = Debug|Any CPU
		{3D1E7E01-F74A-4A00-8037-36F9D51A5860}.Debug|iPhone.ActiveCfg = Debug|Any CPU
		{3D1E7E01-F74A-4A00-8037-36F9D51A5860}.Debug|iPhone.Build.0 = Debug|Any CPU
		{3D1E7E01-F74A-4A00-8037-36F9D51A5860}.Debug|iPhoneSimulator.ActiveCfg = Debug|Any CPU
		{3D1E7E01-F74A-4A00-8037-36F9D51A5860}.Debug|iPhoneSimulator.Build.0 = Debug|Any CPU
		{3D1E7E01-F74A-4A00-8037-36F9D51A5860}.Debug|x64.ActiveCfg = Debug|Any CPU
		{3D1E7E01-F74A-4A00-8037-36F9D51A5860}.Debug|x64.Build.0 = Debug|Any CPU
		{3D1E7E01-F74A-4A00-8037-36F9D51A5860}.Debug|x86.ActiveCfg = Debug|Any CPU
		{3D1E7E01-F74A-4A00-8037-36F9D51A5860}.Debug|x86.Build.0 = Debug|Any CPU
		{3D1E7E01-F74A-4A00-8037-36F9D51A5860}.Release|Any CPU.ActiveCfg = Release|Any CPU
		{3D1E7E01-F74A-4A00-8037-36F9D51A5860}.Release|Any CPU.Build.0 = Release|Any CPU
		{3D1E7E01-F74A-4A00-8037-36F9D51A5860}.Release|ARM.ActiveCfg = Release|Any CPU
		{3D1E7E01-F74A-4A00-8037-36F9D51A5860}.Release|ARM.Build.0 = Release|Any CPU
		{3D1E7E01-F74A-4A00-8037-36F9D51A5860}.Release|iPhone.ActiveCfg = Release|Any CPU
		{3D1E7E01-F74A-4A00-8037-36F9D51A5860}.Release|iPhone.Build.0 = Release|Any CPU
		{3D1E7E01-F74A-4A00-8037-36F9D51A5860}.Release|iPhoneSimulator.ActiveCfg = Release|Any CPU
		{3D1E7E01-F74A-4A00-8037-36F9D51A5860}.Release|iPhoneSimulator.Build.0 = Release|Any CPU
		{3D1E7E01-F74A-4A00-8037-36F9D51A5860}.Release|x64.ActiveCfg = Release|Any CPU
		{3D1E7E01-F74A-4A00-8037-36F9D51A5860}.Release|x64.Build.0 = Release|Any CPU
		{3D1E7E01-F74A-4A00-8037-36F9D51A5860}.Release|x86.ActiveCfg = Release|Any CPU
		{3D1E7E01-F74A-4A00-8037-36F9D51A5860}.Release|x86.Build.0 = Release|Any CPU
		{CF41703F-18FB-44C2-9DCE-99D1801950C2}.Debug|Any CPU.ActiveCfg = Debug|Any CPU
		{CF41703F-18FB-44C2-9DCE-99D1801950C2}.Debug|Any CPU.Build.0 = Debug|Any CPU
		{CF41703F-18FB-44C2-9DCE-99D1801950C2}.Debug|ARM.ActiveCfg = Debug|Any CPU
		{CF41703F-18FB-44C2-9DCE-99D1801950C2}.Debug|ARM.Build.0 = Debug|Any CPU
		{CF41703F-18FB-44C2-9DCE-99D1801950C2}.Debug|iPhone.ActiveCfg = Debug|Any CPU
		{CF41703F-18FB-44C2-9DCE-99D1801950C2}.Debug|iPhone.Build.0 = Debug|Any CPU
		{CF41703F-18FB-44C2-9DCE-99D1801950C2}.Debug|iPhoneSimulator.ActiveCfg = Debug|Any CPU
		{CF41703F-18FB-44C2-9DCE-99D1801950C2}.Debug|iPhoneSimulator.Build.0 = Debug|Any CPU
		{CF41703F-18FB-44C2-9DCE-99D1801950C2}.Debug|x64.ActiveCfg = Debug|Any CPU
		{CF41703F-18FB-44C2-9DCE-99D1801950C2}.Debug|x64.Build.0 = Debug|Any CPU
		{CF41703F-18FB-44C2-9DCE-99D1801950C2}.Debug|x86.ActiveCfg = Debug|Any CPU
		{CF41703F-18FB-44C2-9DCE-99D1801950C2}.Debug|x86.Build.0 = Debug|Any CPU
		{CF41703F-18FB-44C2-9DCE-99D1801950C2}.Release|Any CPU.ActiveCfg = Release|Any CPU
		{CF41703F-18FB-44C2-9DCE-99D1801950C2}.Release|Any CPU.Build.0 = Release|Any CPU
		{CF41703F-18FB-44C2-9DCE-99D1801950C2}.Release|ARM.ActiveCfg = Release|Any CPU
		{CF41703F-18FB-44C2-9DCE-99D1801950C2}.Release|ARM.Build.0 = Release|Any CPU
		{CF41703F-18FB-44C2-9DCE-99D1801950C2}.Release|iPhone.ActiveCfg = Release|Any CPU
		{CF41703F-18FB-44C2-9DCE-99D1801950C2}.Release|iPhone.Build.0 = Release|Any CPU
		{CF41703F-18FB-44C2-9DCE-99D1801950C2}.Release|iPhoneSimulator.ActiveCfg = Release|Any CPU
		{CF41703F-18FB-44C2-9DCE-99D1801950C2}.Release|iPhoneSimulator.Build.0 = Release|Any CPU
		{CF41703F-18FB-44C2-9DCE-99D1801950C2}.Release|x64.ActiveCfg = Release|Any CPU
		{CF41703F-18FB-44C2-9DCE-99D1801950C2}.Release|x64.Build.0 = Release|Any CPU
		{CF41703F-18FB-44C2-9DCE-99D1801950C2}.Release|x86.ActiveCfg = Release|Any CPU
		{CF41703F-18FB-44C2-9DCE-99D1801950C2}.Release|x86.Build.0 = Release|Any CPU
		{A92FA450-68D4-418E-9F99-ED78A258CAD0}.Debug|Any CPU.ActiveCfg = Debug|Any CPU
		{A92FA450-68D4-418E-9F99-ED78A258CAD0}.Debug|Any CPU.Build.0 = Debug|Any CPU
		{A92FA450-68D4-418E-9F99-ED78A258CAD0}.Debug|ARM.ActiveCfg = Debug|Any CPU
		{A92FA450-68D4-418E-9F99-ED78A258CAD0}.Debug|ARM.Build.0 = Debug|Any CPU
		{A92FA450-68D4-418E-9F99-ED78A258CAD0}.Debug|iPhone.ActiveCfg = Debug|Any CPU
		{A92FA450-68D4-418E-9F99-ED78A258CAD0}.Debug|iPhone.Build.0 = Debug|Any CPU
		{A92FA450-68D4-418E-9F99-ED78A258CAD0}.Debug|iPhoneSimulator.ActiveCfg = Debug|Any CPU
		{A92FA450-68D4-418E-9F99-ED78A258CAD0}.Debug|iPhoneSimulator.Build.0 = Debug|Any CPU
		{A92FA450-68D4-418E-9F99-ED78A258CAD0}.Debug|x64.ActiveCfg = Debug|Any CPU
		{A92FA450-68D4-418E-9F99-ED78A258CAD0}.Debug|x64.Build.0 = Debug|Any CPU
		{A92FA450-68D4-418E-9F99-ED78A258CAD0}.Debug|x86.ActiveCfg = Debug|Any CPU
		{A92FA450-68D4-418E-9F99-ED78A258CAD0}.Debug|x86.Build.0 = Debug|Any CPU
		{A92FA450-68D4-418E-9F99-ED78A258CAD0}.Release|Any CPU.ActiveCfg = Release|Any CPU
		{A92FA450-68D4-418E-9F99-ED78A258CAD0}.Release|Any CPU.Build.0 = Release|Any CPU
		{A92FA450-68D4-418E-9F99-ED78A258CAD0}.Release|ARM.ActiveCfg = Release|Any CPU
		{A92FA450-68D4-418E-9F99-ED78A258CAD0}.Release|ARM.Build.0 = Release|Any CPU
		{A92FA450-68D4-418E-9F99-ED78A258CAD0}.Release|iPhone.ActiveCfg = Release|Any CPU
		{A92FA450-68D4-418E-9F99-ED78A258CAD0}.Release|iPhone.Build.0 = Release|Any CPU
		{A92FA450-68D4-418E-9F99-ED78A258CAD0}.Release|iPhoneSimulator.ActiveCfg = Release|Any CPU
		{A92FA450-68D4-418E-9F99-ED78A258CAD0}.Release|iPhoneSimulator.Build.0 = Release|Any CPU
		{A92FA450-68D4-418E-9F99-ED78A258CAD0}.Release|x64.ActiveCfg = Release|Any CPU
		{A92FA450-68D4-418E-9F99-ED78A258CAD0}.Release|x64.Build.0 = Release|Any CPU
		{A92FA450-68D4-418E-9F99-ED78A258CAD0}.Release|x86.ActiveCfg = Release|Any CPU
		{A92FA450-68D4-418E-9F99-ED78A258CAD0}.Release|x86.Build.0 = Release|Any CPU
		{A0A4BB6C-3F91-4E72-B93F-E8156A473D62}.Debug|Any CPU.ActiveCfg = Debug|Any CPU
		{A0A4BB6C-3F91-4E72-B93F-E8156A473D62}.Debug|Any CPU.Build.0 = Debug|Any CPU
		{A0A4BB6C-3F91-4E72-B93F-E8156A473D62}.Debug|ARM.ActiveCfg = Debug|Any CPU
		{A0A4BB6C-3F91-4E72-B93F-E8156A473D62}.Debug|ARM.Build.0 = Debug|Any CPU
		{A0A4BB6C-3F91-4E72-B93F-E8156A473D62}.Debug|iPhone.ActiveCfg = Debug|Any CPU
		{A0A4BB6C-3F91-4E72-B93F-E8156A473D62}.Debug|iPhone.Build.0 = Debug|Any CPU
		{A0A4BB6C-3F91-4E72-B93F-E8156A473D62}.Debug|iPhoneSimulator.ActiveCfg = Debug|Any CPU
		{A0A4BB6C-3F91-4E72-B93F-E8156A473D62}.Debug|iPhoneSimulator.Build.0 = Debug|Any CPU
		{A0A4BB6C-3F91-4E72-B93F-E8156A473D62}.Debug|x64.ActiveCfg = Debug|Any CPU
		{A0A4BB6C-3F91-4E72-B93F-E8156A473D62}.Debug|x64.Build.0 = Debug|Any CPU
		{A0A4BB6C-3F91-4E72-B93F-E8156A473D62}.Debug|x86.ActiveCfg = Debug|Any CPU
		{A0A4BB6C-3F91-4E72-B93F-E8156A473D62}.Debug|x86.Build.0 = Debug|Any CPU
		{A0A4BB6C-3F91-4E72-B93F-E8156A473D62}.Release|Any CPU.ActiveCfg = Release|Any CPU
		{A0A4BB6C-3F91-4E72-B93F-E8156A473D62}.Release|Any CPU.Build.0 = Release|Any CPU
		{A0A4BB6C-3F91-4E72-B93F-E8156A473D62}.Release|ARM.ActiveCfg = Release|Any CPU
		{A0A4BB6C-3F91-4E72-B93F-E8156A473D62}.Release|ARM.Build.0 = Release|Any CPU
		{A0A4BB6C-3F91-4E72-B93F-E8156A473D62}.Release|iPhone.ActiveCfg = Release|Any CPU
		{A0A4BB6C-3F91-4E72-B93F-E8156A473D62}.Release|iPhone.Build.0 = Release|Any CPU
		{A0A4BB6C-3F91-4E72-B93F-E8156A473D62}.Release|iPhoneSimulator.ActiveCfg = Release|Any CPU
		{A0A4BB6C-3F91-4E72-B93F-E8156A473D62}.Release|iPhoneSimulator.Build.0 = Release|Any CPU
		{A0A4BB6C-3F91-4E72-B93F-E8156A473D62}.Release|x64.ActiveCfg = Release|Any CPU
		{A0A4BB6C-3F91-4E72-B93F-E8156A473D62}.Release|x64.Build.0 = Release|Any CPU
		{A0A4BB6C-3F91-4E72-B93F-E8156A473D62}.Release|x86.ActiveCfg = Release|Any CPU
		{A0A4BB6C-3F91-4E72-B93F-E8156A473D62}.Release|x86.Build.0 = Release|Any CPU
		{9F2FE81C-39DD-4AEA-983F-0BD66D0E1DA0}.Debug|Any CPU.ActiveCfg = Debug|Any CPU
		{9F2FE81C-39DD-4AEA-983F-0BD66D0E1DA0}.Debug|Any CPU.Build.0 = Debug|Any CPU
		{9F2FE81C-39DD-4AEA-983F-0BD66D0E1DA0}.Debug|ARM.ActiveCfg = Debug|Any CPU
		{9F2FE81C-39DD-4AEA-983F-0BD66D0E1DA0}.Debug|ARM.Build.0 = Debug|Any CPU
		{9F2FE81C-39DD-4AEA-983F-0BD66D0E1DA0}.Debug|iPhone.ActiveCfg = Debug|Any CPU
		{9F2FE81C-39DD-4AEA-983F-0BD66D0E1DA0}.Debug|iPhone.Build.0 = Debug|Any CPU
		{9F2FE81C-39DD-4AEA-983F-0BD66D0E1DA0}.Debug|iPhoneSimulator.ActiveCfg = Debug|Any CPU
		{9F2FE81C-39DD-4AEA-983F-0BD66D0E1DA0}.Debug|iPhoneSimulator.Build.0 = Debug|Any CPU
		{9F2FE81C-39DD-4AEA-983F-0BD66D0E1DA0}.Debug|x64.ActiveCfg = Debug|Any CPU
		{9F2FE81C-39DD-4AEA-983F-0BD66D0E1DA0}.Debug|x64.Build.0 = Debug|Any CPU
		{9F2FE81C-39DD-4AEA-983F-0BD66D0E1DA0}.Debug|x86.ActiveCfg = Debug|Any CPU
		{9F2FE81C-39DD-4AEA-983F-0BD66D0E1DA0}.Debug|x86.Build.0 = Debug|Any CPU
		{9F2FE81C-39DD-4AEA-983F-0BD66D0E1DA0}.Release|Any CPU.ActiveCfg = Release|Any CPU
		{9F2FE81C-39DD-4AEA-983F-0BD66D0E1DA0}.Release|Any CPU.Build.0 = Release|Any CPU
		{9F2FE81C-39DD-4AEA-983F-0BD66D0E1DA0}.Release|ARM.ActiveCfg = Release|Any CPU
		{9F2FE81C-39DD-4AEA-983F-0BD66D0E1DA0}.Release|ARM.Build.0 = Release|Any CPU
		{9F2FE81C-39DD-4AEA-983F-0BD66D0E1DA0}.Release|iPhone.ActiveCfg = Release|Any CPU
		{9F2FE81C-39DD-4AEA-983F-0BD66D0E1DA0}.Release|iPhone.Build.0 = Release|Any CPU
		{9F2FE81C-39DD-4AEA-983F-0BD66D0E1DA0}.Release|iPhoneSimulator.ActiveCfg = Release|Any CPU
		{9F2FE81C-39DD-4AEA-983F-0BD66D0E1DA0}.Release|iPhoneSimulator.Build.0 = Release|Any CPU
		{9F2FE81C-39DD-4AEA-983F-0BD66D0E1DA0}.Release|x64.ActiveCfg = Release|Any CPU
		{9F2FE81C-39DD-4AEA-983F-0BD66D0E1DA0}.Release|x64.Build.0 = Release|Any CPU
		{9F2FE81C-39DD-4AEA-983F-0BD66D0E1DA0}.Release|x86.ActiveCfg = Release|Any CPU
		{9F2FE81C-39DD-4AEA-983F-0BD66D0E1DA0}.Release|x86.Build.0 = Release|Any CPU
		{A3045A82-F41E-471B-8A12-E807450C8666}.Debug|Any CPU.ActiveCfg = Debug|Any CPU
		{A3045A82-F41E-471B-8A12-E807450C8666}.Debug|Any CPU.Build.0 = Debug|Any CPU
		{A3045A82-F41E-471B-8A12-E807450C8666}.Debug|ARM.ActiveCfg = Debug|Any CPU
		{A3045A82-F41E-471B-8A12-E807450C8666}.Debug|ARM.Build.0 = Debug|Any CPU
		{A3045A82-F41E-471B-8A12-E807450C8666}.Debug|iPhone.ActiveCfg = Debug|Any CPU
		{A3045A82-F41E-471B-8A12-E807450C8666}.Debug|iPhone.Build.0 = Debug|Any CPU
		{A3045A82-F41E-471B-8A12-E807450C8666}.Debug|iPhoneSimulator.ActiveCfg = Debug|Any CPU
		{A3045A82-F41E-471B-8A12-E807450C8666}.Debug|iPhoneSimulator.Build.0 = Debug|Any CPU
		{A3045A82-F41E-471B-8A12-E807450C8666}.Debug|x64.ActiveCfg = Debug|Any CPU
		{A3045A82-F41E-471B-8A12-E807450C8666}.Debug|x64.Build.0 = Debug|Any CPU
		{A3045A82-F41E-471B-8A12-E807450C8666}.Debug|x86.ActiveCfg = Debug|Any CPU
		{A3045A82-F41E-471B-8A12-E807450C8666}.Debug|x86.Build.0 = Debug|Any CPU
		{A3045A82-F41E-471B-8A12-E807450C8666}.Release|Any CPU.ActiveCfg = Release|Any CPU
		{A3045A82-F41E-471B-8A12-E807450C8666}.Release|Any CPU.Build.0 = Release|Any CPU
		{A3045A82-F41E-471B-8A12-E807450C8666}.Release|ARM.ActiveCfg = Release|Any CPU
		{A3045A82-F41E-471B-8A12-E807450C8666}.Release|ARM.Build.0 = Release|Any CPU
		{A3045A82-F41E-471B-8A12-E807450C8666}.Release|iPhone.ActiveCfg = Release|Any CPU
		{A3045A82-F41E-471B-8A12-E807450C8666}.Release|iPhone.Build.0 = Release|Any CPU
		{A3045A82-F41E-471B-8A12-E807450C8666}.Release|iPhoneSimulator.ActiveCfg = Release|Any CPU
		{A3045A82-F41E-471B-8A12-E807450C8666}.Release|iPhoneSimulator.Build.0 = Release|Any CPU
		{A3045A82-F41E-471B-8A12-E807450C8666}.Release|x64.ActiveCfg = Release|Any CPU
		{A3045A82-F41E-471B-8A12-E807450C8666}.Release|x64.Build.0 = Release|Any CPU
		{A3045A82-F41E-471B-8A12-E807450C8666}.Release|x86.ActiveCfg = Release|Any CPU
		{A3045A82-F41E-471B-8A12-E807450C8666}.Release|x86.Build.0 = Release|Any CPU
		{0AA0170D-5BE1-4B6B-8421-1378252C7EE6}.Debug|Any CPU.ActiveCfg = Debug|Any CPU
		{0AA0170D-5BE1-4B6B-8421-1378252C7EE6}.Debug|Any CPU.Build.0 = Debug|Any CPU
		{0AA0170D-5BE1-4B6B-8421-1378252C7EE6}.Debug|ARM.ActiveCfg = Debug|Any CPU
		{0AA0170D-5BE1-4B6B-8421-1378252C7EE6}.Debug|ARM.Build.0 = Debug|Any CPU
		{0AA0170D-5BE1-4B6B-8421-1378252C7EE6}.Debug|iPhone.ActiveCfg = Debug|Any CPU
		{0AA0170D-5BE1-4B6B-8421-1378252C7EE6}.Debug|iPhone.Build.0 = Debug|Any CPU
		{0AA0170D-5BE1-4B6B-8421-1378252C7EE6}.Debug|iPhoneSimulator.ActiveCfg = Debug|Any CPU
		{0AA0170D-5BE1-4B6B-8421-1378252C7EE6}.Debug|iPhoneSimulator.Build.0 = Debug|Any CPU
		{0AA0170D-5BE1-4B6B-8421-1378252C7EE6}.Debug|x64.ActiveCfg = Debug|Any CPU
		{0AA0170D-5BE1-4B6B-8421-1378252C7EE6}.Debug|x64.Build.0 = Debug|Any CPU
		{0AA0170D-5BE1-4B6B-8421-1378252C7EE6}.Debug|x86.ActiveCfg = Debug|Any CPU
		{0AA0170D-5BE1-4B6B-8421-1378252C7EE6}.Debug|x86.Build.0 = Debug|Any CPU
		{0AA0170D-5BE1-4B6B-8421-1378252C7EE6}.Release|Any CPU.ActiveCfg = Release|Any CPU
		{0AA0170D-5BE1-4B6B-8421-1378252C7EE6}.Release|Any CPU.Build.0 = Release|Any CPU
		{0AA0170D-5BE1-4B6B-8421-1378252C7EE6}.Release|ARM.ActiveCfg = Release|Any CPU
		{0AA0170D-5BE1-4B6B-8421-1378252C7EE6}.Release|ARM.Build.0 = Release|Any CPU
		{0AA0170D-5BE1-4B6B-8421-1378252C7EE6}.Release|iPhone.ActiveCfg = Release|Any CPU
		{0AA0170D-5BE1-4B6B-8421-1378252C7EE6}.Release|iPhone.Build.0 = Release|Any CPU
		{0AA0170D-5BE1-4B6B-8421-1378252C7EE6}.Release|iPhoneSimulator.ActiveCfg = Release|Any CPU
		{0AA0170D-5BE1-4B6B-8421-1378252C7EE6}.Release|iPhoneSimulator.Build.0 = Release|Any CPU
		{0AA0170D-5BE1-4B6B-8421-1378252C7EE6}.Release|x64.ActiveCfg = Release|Any CPU
		{0AA0170D-5BE1-4B6B-8421-1378252C7EE6}.Release|x64.Build.0 = Release|Any CPU
		{0AA0170D-5BE1-4B6B-8421-1378252C7EE6}.Release|x86.ActiveCfg = Release|Any CPU
		{0AA0170D-5BE1-4B6B-8421-1378252C7EE6}.Release|x86.Build.0 = Release|Any CPU
		{65779EEC-FB48-4CEE-869E-50E825B8836D}.Debug|Any CPU.ActiveCfg = Debug|x86
		{65779EEC-FB48-4CEE-869E-50E825B8836D}.Debug|ARM.ActiveCfg = Debug|ARM
		{65779EEC-FB48-4CEE-869E-50E825B8836D}.Debug|ARM.Build.0 = Debug|ARM
		{65779EEC-FB48-4CEE-869E-50E825B8836D}.Debug|ARM.Deploy.0 = Debug|ARM
		{65779EEC-FB48-4CEE-869E-50E825B8836D}.Debug|iPhone.ActiveCfg = Debug|x86
		{65779EEC-FB48-4CEE-869E-50E825B8836D}.Debug|iPhoneSimulator.ActiveCfg = Debug|x86
		{65779EEC-FB48-4CEE-869E-50E825B8836D}.Debug|x64.ActiveCfg = Debug|x64
		{65779EEC-FB48-4CEE-869E-50E825B8836D}.Debug|x64.Build.0 = Debug|x64
		{65779EEC-FB48-4CEE-869E-50E825B8836D}.Debug|x64.Deploy.0 = Debug|x64
		{65779EEC-FB48-4CEE-869E-50E825B8836D}.Debug|x86.ActiveCfg = Debug|x86
		{65779EEC-FB48-4CEE-869E-50E825B8836D}.Debug|x86.Build.0 = Debug|x86
		{65779EEC-FB48-4CEE-869E-50E825B8836D}.Debug|x86.Deploy.0 = Debug|x86
		{65779EEC-FB48-4CEE-869E-50E825B8836D}.Release|Any CPU.ActiveCfg = Release|x86
		{65779EEC-FB48-4CEE-869E-50E825B8836D}.Release|ARM.ActiveCfg = Release|ARM
		{65779EEC-FB48-4CEE-869E-50E825B8836D}.Release|ARM.Build.0 = Release|ARM
		{65779EEC-FB48-4CEE-869E-50E825B8836D}.Release|ARM.Deploy.0 = Release|ARM
		{65779EEC-FB48-4CEE-869E-50E825B8836D}.Release|iPhone.ActiveCfg = Release|x86
		{65779EEC-FB48-4CEE-869E-50E825B8836D}.Release|iPhoneSimulator.ActiveCfg = Release|x86
		{65779EEC-FB48-4CEE-869E-50E825B8836D}.Release|x64.ActiveCfg = Release|x64
		{65779EEC-FB48-4CEE-869E-50E825B8836D}.Release|x64.Build.0 = Release|x64
		{65779EEC-FB48-4CEE-869E-50E825B8836D}.Release|x64.Deploy.0 = Release|x64
		{65779EEC-FB48-4CEE-869E-50E825B8836D}.Release|x86.ActiveCfg = Release|x86
		{65779EEC-FB48-4CEE-869E-50E825B8836D}.Release|x86.Build.0 = Release|x86
		{65779EEC-FB48-4CEE-869E-50E825B8836D}.Release|x86.Deploy.0 = Release|x86
		{EBEE1BB4-E891-4DA0-BA7E-9B1725F55E5C}.Debug|Any CPU.ActiveCfg = Debug|Any CPU
		{EBEE1BB4-E891-4DA0-BA7E-9B1725F55E5C}.Debug|Any CPU.Build.0 = Debug|Any CPU
		{EBEE1BB4-E891-4DA0-BA7E-9B1725F55E5C}.Debug|Any CPU.Deploy.0 = Debug|Any CPU
		{EBEE1BB4-E891-4DA0-BA7E-9B1725F55E5C}.Debug|ARM.ActiveCfg = Debug|Any CPU
		{EBEE1BB4-E891-4DA0-BA7E-9B1725F55E5C}.Debug|ARM.Build.0 = Debug|Any CPU
		{EBEE1BB4-E891-4DA0-BA7E-9B1725F55E5C}.Debug|ARM.Deploy.0 = Debug|Any CPU
		{EBEE1BB4-E891-4DA0-BA7E-9B1725F55E5C}.Debug|iPhone.ActiveCfg = Debug|Any CPU
		{EBEE1BB4-E891-4DA0-BA7E-9B1725F55E5C}.Debug|iPhone.Build.0 = Debug|Any CPU
		{EBEE1BB4-E891-4DA0-BA7E-9B1725F55E5C}.Debug|iPhone.Deploy.0 = Debug|Any CPU
		{EBEE1BB4-E891-4DA0-BA7E-9B1725F55E5C}.Debug|iPhoneSimulator.ActiveCfg = Debug|Any CPU
		{EBEE1BB4-E891-4DA0-BA7E-9B1725F55E5C}.Debug|iPhoneSimulator.Build.0 = Debug|Any CPU
		{EBEE1BB4-E891-4DA0-BA7E-9B1725F55E5C}.Debug|iPhoneSimulator.Deploy.0 = Debug|Any CPU
		{EBEE1BB4-E891-4DA0-BA7E-9B1725F55E5C}.Debug|x64.ActiveCfg = Debug|Any CPU
		{EBEE1BB4-E891-4DA0-BA7E-9B1725F55E5C}.Debug|x64.Build.0 = Debug|Any CPU
		{EBEE1BB4-E891-4DA0-BA7E-9B1725F55E5C}.Debug|x64.Deploy.0 = Debug|Any CPU
		{EBEE1BB4-E891-4DA0-BA7E-9B1725F55E5C}.Debug|x86.ActiveCfg = Debug|Any CPU
		{EBEE1BB4-E891-4DA0-BA7E-9B1725F55E5C}.Debug|x86.Build.0 = Debug|Any CPU
		{EBEE1BB4-E891-4DA0-BA7E-9B1725F55E5C}.Debug|x86.Deploy.0 = Debug|Any CPU
		{EBEE1BB4-E891-4DA0-BA7E-9B1725F55E5C}.Release|Any CPU.ActiveCfg = Release|Any CPU
		{EBEE1BB4-E891-4DA0-BA7E-9B1725F55E5C}.Release|Any CPU.Build.0 = Release|Any CPU
		{EBEE1BB4-E891-4DA0-BA7E-9B1725F55E5C}.Release|Any CPU.Deploy.0 = Release|Any CPU
		{EBEE1BB4-E891-4DA0-BA7E-9B1725F55E5C}.Release|ARM.ActiveCfg = Release|Any CPU
		{EBEE1BB4-E891-4DA0-BA7E-9B1725F55E5C}.Release|ARM.Build.0 = Release|Any CPU
		{EBEE1BB4-E891-4DA0-BA7E-9B1725F55E5C}.Release|ARM.Deploy.0 = Release|Any CPU
		{EBEE1BB4-E891-4DA0-BA7E-9B1725F55E5C}.Release|iPhone.ActiveCfg = Release|Any CPU
		{EBEE1BB4-E891-4DA0-BA7E-9B1725F55E5C}.Release|iPhone.Build.0 = Release|Any CPU
		{EBEE1BB4-E891-4DA0-BA7E-9B1725F55E5C}.Release|iPhone.Deploy.0 = Release|Any CPU
		{EBEE1BB4-E891-4DA0-BA7E-9B1725F55E5C}.Release|iPhoneSimulator.ActiveCfg = Release|Any CPU
		{EBEE1BB4-E891-4DA0-BA7E-9B1725F55E5C}.Release|iPhoneSimulator.Build.0 = Release|Any CPU
		{EBEE1BB4-E891-4DA0-BA7E-9B1725F55E5C}.Release|iPhoneSimulator.Deploy.0 = Release|Any CPU
		{EBEE1BB4-E891-4DA0-BA7E-9B1725F55E5C}.Release|x64.ActiveCfg = Release|Any CPU
		{EBEE1BB4-E891-4DA0-BA7E-9B1725F55E5C}.Release|x64.Build.0 = Release|Any CPU
		{EBEE1BB4-E891-4DA0-BA7E-9B1725F55E5C}.Release|x64.Deploy.0 = Release|Any CPU
		{EBEE1BB4-E891-4DA0-BA7E-9B1725F55E5C}.Release|x86.ActiveCfg = Release|Any CPU
		{EBEE1BB4-E891-4DA0-BA7E-9B1725F55E5C}.Release|x86.Build.0 = Release|Any CPU
		{EBEE1BB4-E891-4DA0-BA7E-9B1725F55E5C}.Release|x86.Deploy.0 = Release|Any CPU
		{0E2142CA-8FEF-41BD-A167-5B5A2C290C6D}.Debug|Any CPU.ActiveCfg = Debug|iPhone
		{0E2142CA-8FEF-41BD-A167-5B5A2C290C6D}.Debug|ARM.ActiveCfg = Debug|iPhone
		{0E2142CA-8FEF-41BD-A167-5B5A2C290C6D}.Debug|iPhone.ActiveCfg = Debug|iPhone
		{0E2142CA-8FEF-41BD-A167-5B5A2C290C6D}.Debug|iPhone.Build.0 = Debug|iPhone
		{0E2142CA-8FEF-41BD-A167-5B5A2C290C6D}.Debug|iPhoneSimulator.ActiveCfg = Debug|iPhoneSimulator
		{0E2142CA-8FEF-41BD-A167-5B5A2C290C6D}.Debug|iPhoneSimulator.Build.0 = Debug|iPhoneSimulator
		{0E2142CA-8FEF-41BD-A167-5B5A2C290C6D}.Debug|x64.ActiveCfg = Debug|iPhone
		{0E2142CA-8FEF-41BD-A167-5B5A2C290C6D}.Debug|x86.ActiveCfg = Debug|iPhone
		{0E2142CA-8FEF-41BD-A167-5B5A2C290C6D}.Release|Any CPU.ActiveCfg = Release|iPhone
		{0E2142CA-8FEF-41BD-A167-5B5A2C290C6D}.Release|ARM.ActiveCfg = Release|iPhone
		{0E2142CA-8FEF-41BD-A167-5B5A2C290C6D}.Release|iPhone.ActiveCfg = Release|iPhone
		{0E2142CA-8FEF-41BD-A167-5B5A2C290C6D}.Release|iPhone.Build.0 = Release|iPhone
		{0E2142CA-8FEF-41BD-A167-5B5A2C290C6D}.Release|iPhoneSimulator.ActiveCfg = Release|iPhoneSimulator
		{0E2142CA-8FEF-41BD-A167-5B5A2C290C6D}.Release|iPhoneSimulator.Build.0 = Release|iPhoneSimulator
		{0E2142CA-8FEF-41BD-A167-5B5A2C290C6D}.Release|x64.ActiveCfg = Release|iPhone
		{0E2142CA-8FEF-41BD-A167-5B5A2C290C6D}.Release|x86.ActiveCfg = Release|iPhone
		{A2596912-27CC-4C86-AE04-3EF899D222D7}.Debug|Any CPU.ActiveCfg = Debug|Any CPU
		{A2596912-27CC-4C86-AE04-3EF899D222D7}.Debug|Any CPU.Build.0 = Debug|Any CPU
		{A2596912-27CC-4C86-AE04-3EF899D222D7}.Debug|ARM.ActiveCfg = Debug|Any CPU
		{A2596912-27CC-4C86-AE04-3EF899D222D7}.Debug|ARM.Build.0 = Debug|Any CPU
		{A2596912-27CC-4C86-AE04-3EF899D222D7}.Debug|iPhone.ActiveCfg = Debug|Any CPU
		{A2596912-27CC-4C86-AE04-3EF899D222D7}.Debug|iPhone.Build.0 = Debug|Any CPU
		{A2596912-27CC-4C86-AE04-3EF899D222D7}.Debug|iPhoneSimulator.ActiveCfg = Debug|Any CPU
		{A2596912-27CC-4C86-AE04-3EF899D222D7}.Debug|iPhoneSimulator.Build.0 = Debug|Any CPU
		{A2596912-27CC-4C86-AE04-3EF899D222D7}.Debug|x64.ActiveCfg = Debug|Any CPU
		{A2596912-27CC-4C86-AE04-3EF899D222D7}.Debug|x64.Build.0 = Debug|Any CPU
		{A2596912-27CC-4C86-AE04-3EF899D222D7}.Debug|x86.ActiveCfg = Debug|Any CPU
		{A2596912-27CC-4C86-AE04-3EF899D222D7}.Debug|x86.Build.0 = Debug|Any CPU
		{A2596912-27CC-4C86-AE04-3EF899D222D7}.Release|Any CPU.ActiveCfg = Release|Any CPU
		{A2596912-27CC-4C86-AE04-3EF899D222D7}.Release|Any CPU.Build.0 = Release|Any CPU
		{A2596912-27CC-4C86-AE04-3EF899D222D7}.Release|ARM.ActiveCfg = Release|Any CPU
		{A2596912-27CC-4C86-AE04-3EF899D222D7}.Release|ARM.Build.0 = Release|Any CPU
		{A2596912-27CC-4C86-AE04-3EF899D222D7}.Release|iPhone.ActiveCfg = Release|Any CPU
		{A2596912-27CC-4C86-AE04-3EF899D222D7}.Release|iPhone.Build.0 = Release|Any CPU
		{A2596912-27CC-4C86-AE04-3EF899D222D7}.Release|iPhoneSimulator.ActiveCfg = Release|Any CPU
		{A2596912-27CC-4C86-AE04-3EF899D222D7}.Release|iPhoneSimulator.Build.0 = Release|Any CPU
		{A2596912-27CC-4C86-AE04-3EF899D222D7}.Release|x64.ActiveCfg = Release|Any CPU
		{A2596912-27CC-4C86-AE04-3EF899D222D7}.Release|x64.Build.0 = Release|Any CPU
		{A2596912-27CC-4C86-AE04-3EF899D222D7}.Release|x86.ActiveCfg = Release|Any CPU
		{A2596912-27CC-4C86-AE04-3EF899D222D7}.Release|x86.Build.0 = Release|Any CPU
		{5CC6E88F-306C-42BA-A471-CD52CA9C210A}.Debug|Any CPU.ActiveCfg = Debug|Any CPU
		{5CC6E88F-306C-42BA-A471-CD52CA9C210A}.Debug|Any CPU.Build.0 = Debug|Any CPU
		{5CC6E88F-306C-42BA-A471-CD52CA9C210A}.Debug|ARM.ActiveCfg = Debug|Any CPU
		{5CC6E88F-306C-42BA-A471-CD52CA9C210A}.Debug|ARM.Build.0 = Debug|Any CPU
		{5CC6E88F-306C-42BA-A471-CD52CA9C210A}.Debug|iPhone.ActiveCfg = Debug|Any CPU
		{5CC6E88F-306C-42BA-A471-CD52CA9C210A}.Debug|iPhone.Build.0 = Debug|Any CPU
		{5CC6E88F-306C-42BA-A471-CD52CA9C210A}.Debug|iPhoneSimulator.ActiveCfg = Debug|Any CPU
		{5CC6E88F-306C-42BA-A471-CD52CA9C210A}.Debug|iPhoneSimulator.Build.0 = Debug|Any CPU
		{5CC6E88F-306C-42BA-A471-CD52CA9C210A}.Debug|x64.ActiveCfg = Debug|Any CPU
		{5CC6E88F-306C-42BA-A471-CD52CA9C210A}.Debug|x64.Build.0 = Debug|Any CPU
		{5CC6E88F-306C-42BA-A471-CD52CA9C210A}.Debug|x86.ActiveCfg = Debug|Any CPU
		{5CC6E88F-306C-42BA-A471-CD52CA9C210A}.Debug|x86.Build.0 = Debug|Any CPU
		{5CC6E88F-306C-42BA-A471-CD52CA9C210A}.Release|Any CPU.ActiveCfg = Release|Any CPU
		{5CC6E88F-306C-42BA-A471-CD52CA9C210A}.Release|Any CPU.Build.0 = Release|Any CPU
		{5CC6E88F-306C-42BA-A471-CD52CA9C210A}.Release|ARM.ActiveCfg = Release|Any CPU
		{5CC6E88F-306C-42BA-A471-CD52CA9C210A}.Release|ARM.Build.0 = Release|Any CPU
		{5CC6E88F-306C-42BA-A471-CD52CA9C210A}.Release|iPhone.ActiveCfg = Release|Any CPU
		{5CC6E88F-306C-42BA-A471-CD52CA9C210A}.Release|iPhone.Build.0 = Release|Any CPU
		{5CC6E88F-306C-42BA-A471-CD52CA9C210A}.Release|iPhoneSimulator.ActiveCfg = Release|Any CPU
		{5CC6E88F-306C-42BA-A471-CD52CA9C210A}.Release|iPhoneSimulator.Build.0 = Release|Any CPU
		{5CC6E88F-306C-42BA-A471-CD52CA9C210A}.Release|x64.ActiveCfg = Release|Any CPU
		{5CC6E88F-306C-42BA-A471-CD52CA9C210A}.Release|x64.Build.0 = Release|Any CPU
		{5CC6E88F-306C-42BA-A471-CD52CA9C210A}.Release|x86.ActiveCfg = Release|Any CPU
		{5CC6E88F-306C-42BA-A471-CD52CA9C210A}.Release|x86.Build.0 = Release|Any CPU
	EndGlobalSection
	GlobalSection(SolutionProperties) = preSolution
		HideSolutionNode = FALSE
	EndGlobalSection
	GlobalSection(NestedProjects) = preSolution
		{263B1236-DD68-41B5-9451-70C0F72DD5EB} = {FE078CAA-3ED1-42B3-A430-1390AA26A59A}
		{C2344388-366A-4040-BB22-94EE11CA20E8} = {1E345847-CEA4-4484-AD3F-2D94A21C4AFE}
		{08D60EC4-8153-4E0C-8BFB-9066EF4803A3} = {1E345847-CEA4-4484-AD3F-2D94A21C4AFE}
		{C863FCD2-E563-48C4-BB70-9DB625AA42C9} = {1E345847-CEA4-4484-AD3F-2D94A21C4AFE}
		{808FC96D-80BF-479B-A3FA-195BA19CDD0B} = {1E345847-CEA4-4484-AD3F-2D94A21C4AFE}
		{93487E09-0481-4337-BB7A-3338B7A9417D} = {1E345847-CEA4-4484-AD3F-2D94A21C4AFE}
		{C25CE306-E1B5-461D-A080-C60ECFF8D0A9} = {1E345847-CEA4-4484-AD3F-2D94A21C4AFE}
		{E99A614E-425A-4331-99CF-3DBE8E28ECE2} = {1E345847-CEA4-4484-AD3F-2D94A21C4AFE}
		{E22923F7-AD80-45B6-B6C3-E0E2F792E906} = {1E345847-CEA4-4484-AD3F-2D94A21C4AFE}
		{5309400D-F47B-4D8C-8C5B-B42EA9D75F25} = {1E345847-CEA4-4484-AD3F-2D94A21C4AFE}
		{A5EA9650-4EE5-4C47-9EB5-3C0B4564A4A6} = {1E345847-CEA4-4484-AD3F-2D94A21C4AFE}
		{734C6A3D-406E-421F-878B-64425DD137DF} = {1E345847-CEA4-4484-AD3F-2D94A21C4AFE}
		{3D1E7E01-F74A-4A00-8037-36F9D51A5860} = {1E345847-CEA4-4484-AD3F-2D94A21C4AFE}
		{CF41703F-18FB-44C2-9DCE-99D1801950C2} = {1E345847-CEA4-4484-AD3F-2D94A21C4AFE}
		{A92FA450-68D4-418E-9F99-ED78A258CAD0} = {1E345847-CEA4-4484-AD3F-2D94A21C4AFE}
		{A0A4BB6C-3F91-4E72-B93F-E8156A473D62} = {1E345847-CEA4-4484-AD3F-2D94A21C4AFE}
		{9F2FE81C-39DD-4AEA-983F-0BD66D0E1DA0} = {1E345847-CEA4-4484-AD3F-2D94A21C4AFE}
		{A3045A82-F41E-471B-8A12-E807450C8666} = {1E345847-CEA4-4484-AD3F-2D94A21C4AFE}
		{0AA0170D-5BE1-4B6B-8421-1378252C7EE6} = {ACB21418-2801-4BED-A1CF-E3395C51E820}
		{65779EEC-FB48-4CEE-869E-50E825B8836D} = {3540082C-CFE2-41A4-A2C0-C57B37D98249}
		{EBEE1BB4-E891-4DA0-BA7E-9B1725F55E5C} = {3540082C-CFE2-41A4-A2C0-C57B37D98249}
		{0E2142CA-8FEF-41BD-A167-5B5A2C290C6D} = {3540082C-CFE2-41A4-A2C0-C57B37D98249}
		{A2596912-27CC-4C86-AE04-3EF899D222D7} = {3540082C-CFE2-41A4-A2C0-C57B37D98249}
		{5CC6E88F-306C-42BA-A471-CD52CA9C210A} = {1E345847-CEA4-4484-AD3F-2D94A21C4AFE}
	EndGlobalSection
	GlobalSection(ExtensibilityGlobals) = postSolution
		SolutionGuid = {84EA0AFF-9627-4026-A209-E98055C0D5E6}
	EndGlobalSection
EndGlobal
