
Microsoft Visual Studio Solution File, Format Version 12.00
# Visual Studio 14
VisualStudioVersion = 14.0.24720.0
MinimumVisualStudioVersion = 10.0.40219.1
Project("{FAE04EC0-301F-11D3-BF4B-00C04F79EFBC}") = "OKHOSTING.UI.NuGet", "OKHOSTING.UI.NuGet\OKHOSTING.UI.NuGet.csproj", "{0451BAEF-DF2E-4B98-8644-94EE9415E389}"
EndProject
Project("{FAE04EC0-301F-11D3-BF4B-00C04F79EFBC}") = "OKHOSTING.UI.CSS.NuGet", "OKHOSTING.UI.CSS.NuGet\OKHOSTING.UI.CSS.NuGet.csproj", "{4897775A-401E-4D73-9B01-EC9F3C7A675E}"
EndProject
Project("{FAE04EC0-301F-11D3-BF4B-00C04F79EFBC}") = "OKHOSTING.UI.Net4.WebForms.NuGet", "OKHOSTING.UI.Net4.WebForms.NuGet\OKHOSTING.UI.Net4.WebForms.NuGet.csproj", "{9FFD8459-B2F3-4CC5-B6BF-A0CB66B974D7}"
EndProject
Project("{FAE04EC0-301F-11D3-BF4B-00C04F79EFBC}") = "OKHOSTING.UI.Net4.WinForms.NuGet", "OKHOSTING.UI.Net4.WinForms.NuGet\OKHOSTING.UI.Net4.WinForms.NuGet.csproj", "{E25D9014-AF48-4720-8C4B-BE1AE4A8B042}"
EndProject
Project("{FAE04EC0-301F-11D3-BF4B-00C04F79EFBC}") = "OKHOSTING.UI.Net4.WPF.NuGet", "OKHOSTING.UI.Net4.WPF.NuGet\OKHOSTING.UI.Net4.WPF.NuGet.csproj", "{3189744A-6E75-4D56-BC2F-F9C309C35B86}"
EndProject
Project("{FAE04EC0-301F-11D3-BF4B-00C04F79EFBC}") = "OKHOSTING.UI.Xamarin.Forms.NuGet", "OKHOSTING.UI.Xamarin.Forms.NuGet\OKHOSTING.UI.Xamarin.Forms.NuGet.csproj", "{553F7A6D-7DDC-481B-BD9B-26E9BE47EE25}"
EndProject
Project("{FAE04EC0-301F-11D3-BF4B-00C04F79EFBC}") = "OKHOSTING.UI.UWP.NuGet", "OKHOSTING.UI.UWP.NuGet\OKHOSTING.UI.UWP.NuGet.csproj", "{1C7E5BDB-3487-4CE2-9805-80C8DA344C87}"
EndProject
Global
	GlobalSection(SolutionConfigurationPlatforms) = preSolution
		Debug|Any CPU = Debug|Any CPU
		Release|Any CPU = Release|Any CPU
	EndGlobalSection
	GlobalSection(ProjectConfigurationPlatforms) = postSolution
		{0451BAEF-DF2E-4B98-8644-94EE9415E389}.Debug|Any CPU.ActiveCfg = Debug|Any CPU
		{0451BAEF-DF2E-4B98-8644-94EE9415E389}.Debug|Any CPU.Build.0 = Debug|Any CPU
		{0451BAEF-DF2E-4B98-8644-94EE9415E389}.Release|Any CPU.ActiveCfg = Release|Any CPU
		{0451BAEF-DF2E-4B98-8644-94EE9415E389}.Release|Any CPU.Build.0 = Release|Any CPU
		{4897775A-401E-4D73-9B01-EC9F3C7A675E}.Debug|Any CPU.ActiveCfg = Debug|Any CPU
		{4897775A-401E-4D73-9B01-EC9F3C7A675E}.Debug|Any CPU.Build.0 = Debug|Any CPU
		{4897775A-401E-4D73-9B01-EC9F3C7A675E}.Release|Any CPU.ActiveCfg = Release|Any CPU
		{4897775A-401E-4D73-9B01-EC9F3C7A675E}.Release|Any CPU.Build.0 = Release|Any CPU
		{9FFD8459-B2F3-4CC5-B6BF-A0CB66B974D7}.Debug|Any CPU.ActiveCfg = Debug|Any CPU
		{9FFD8459-B2F3-4CC5-B6BF-A0CB66B974D7}.Debug|Any CPU.Build.0 = Debug|Any CPU
		{9FFD8459-B2F3-4CC5-B6BF-A0CB66B974D7}.Release|Any CPU.ActiveCfg = Release|Any CPU
		{9FFD8459-B2F3-4CC5-B6BF-A0CB66B974D7}.Release|Any CPU.Build.0 = Release|Any CPU
		{E25D9014-AF48-4720-8C4B-BE1AE4A8B042}.Debug|Any CPU.ActiveCfg = Debug|Any CPU
		{E25D9014-AF48-4720-8C4B-BE1AE4A8B042}.Debug|Any CPU.Build.0 = Debug|Any CPU
		{E25D9014-AF48-4720-8C4B-BE1AE4A8B042}.Release|Any CPU.ActiveCfg = Release|Any CPU
		{E25D9014-AF48-4720-8C4B-BE1AE4A8B042}.Release|Any CPU.Build.0 = Release|Any CPU
		{3189744A-6E75-4D56-BC2F-F9C309C35B86}.Debug|Any CPU.ActiveCfg = Debug|Any CPU
		{3189744A-6E75-4D56-BC2F-F9C309C35B86}.Debug|Any CPU.Build.0 = Debug|Any CPU
		{3189744A-6E75-4D56-BC2F-F9C309C35B86}.Release|Any CPU.ActiveCfg = Release|Any CPU
		{3189744A-6E75-4D56-BC2F-F9C309C35B86}.Release|Any CPU.Build.0 = Release|Any CPU
		{553F7A6D-7DDC-481B-BD9B-26E9BE47EE25}.Debug|Any CPU.ActiveCfg = Debug|Any CPU
		{553F7A6D-7DDC-481B-BD9B-26E9BE47EE25}.Debug|Any CPU.Build.0 = Debug|Any CPU
		{553F7A6D-7DDC-481B-BD9B-26E9BE47EE25}.Release|Any CPU.ActiveCfg = Release|Any CPU
		{553F7A6D-7DDC-481B-BD9B-26E9BE47EE25}.Release|Any CPU.Build.0 = Release|Any CPU
		{1C7E5BDB-3487-4CE2-9805-80C8DA344C87}.Debug|Any CPU.ActiveCfg = Debug|Any CPU
		{1C7E5BDB-3487-4CE2-9805-80C8DA344C87}.Debug|Any CPU.Build.0 = Debug|Any CPU
		{1C7E5BDB-3487-4CE2-9805-80C8DA344C87}.Release|Any CPU.ActiveCfg = Release|Any CPU
		{1C7E5BDB-3487-4CE2-9805-80C8DA344C87}.Release|Any CPU.Build.0 = Release|Any CPU
	EndGlobalSection
	GlobalSection(SolutionProperties) = preSolution
		HideSolutionNode = FALSE
	EndGlobalSection
EndGlobal
