
Microsoft Visual Studio Solution File, Format Version 12.00
# Visual Studio Version 16
VisualStudioVersion = 16.0.29609.76
MinimumVisualStudioVersion = 10.0.40219.1
Project("{FAE04EC0-301F-11D3-BF4B-00C04F79EFBC}") = "OKHOSTING.Biblioteca", "OKHOSTING.Biblioteca\OKHOSTING.Biblioteca.csproj", "{E8BC073E-53F8-4A5E-8D1B-230F5B26FE27}"
EndProject
Project("{2150E333-8FDC-42A3-9474-1A3956D46DE8}") = "References", "References", "{12917E94-BEE2-4295-9A47-E2E28025D069}"
EndProject
Project("{9A19103F-16F7-4668-BE54-9A1E7A4F7556}") = "OKHOSTING.Core", "..\..\..\..\..\desarrollo\OKHOSTING.Core\src\Standard\OKHOSTING.Core\OKHOSTING.Core.csproj", "{90050F53-4CDA-4F18-AD90-BBD4F28AADCA}"
EndProject
Project("{9A19103F-16F7-4668-BE54-9A1E7A4F7556}") = "OKHOSTING.Core.Cryptography", "..\..\..\..\..\desarrollo\OKHOSTING.Core\src\Standard\OKHOSTING.Core.Cryptography\OKHOSTING.Core.Cryptography.csproj", "{C614A515-EEEC-42A4-B5AF-39467C55D742}"
EndProject
Project("{9A19103F-16F7-4668-BE54-9A1E7A4F7556}") = "OKHOSTING.Data", "..\..\..\..\..\desarrollo\OKHOSTING.Data\src\Standard\OKHOSTING.Data\OKHOSTING.Data.csproj", "{010914F4-85EE-40E9-BC54-79993D0F9215}"
EndProject
Project("{9A19103F-16F7-4668-BE54-9A1E7A4F7556}") = "OKHOSTING.Security", "..\..\..\..\..\desarrollo\OKHOSTING.Security\src\Standard\OKHOSTING.Security\OKHOSTING.Security.csproj", "{6632C5EB-4232-4D45-B97C-EB5EF83653C6}"
EndProject
Project("{9A19103F-16F7-4668-BE54-9A1E7A4F7556}") = "OKHOSTING.Security.UI", "..\..\..\..\..\desarrollo\OKHOSTING.Security\src\Standard\OKHOSTING.Security.UI\OKHOSTING.Security.UI.csproj", "{B5A935B9-E342-4A8D-8FCA-8176B4C4B6B1}"
EndProject
Project("{9A19103F-16F7-4668-BE54-9A1E7A4F7556}") = "OKHOSTING.SQL", "..\..\..\..\..\desarrollo\OKHOSTING.SQL\src\Standard\OKHOSTING.SQL\OKHOSTING.SQL.csproj", "{47F7D084-951E-4E7E-9258-8CAB06363899}"
EndProject
Project("{9A19103F-16F7-4668-BE54-9A1E7A4F7556}") = "OKHOSTING.SQL.DbProviders", "..\..\..\..\..\desarrollo\OKHOSTING.SQL\src\Standard\OKHOSTING.SQL.DbProviders\OKHOSTING.SQL.DbProviders.csproj", "{F9B84D95-B32F-4DF4-A779-93708AA28D5A}"
EndProject
Project("{9A19103F-16F7-4668-BE54-9A1E7A4F7556}") = "OKHOSTING.SQL.DbProviders.MySql", "..\..\..\..\..\desarrollo\OKHOSTING.SQL\src\Standard\OKHOSTING.SQL.DbProviders.MySql\OKHOSTING.SQL.DbProviders.MySql.csproj", "{C94C011B-C7CA-417D-9D9D-0A789EE2CF71}"
EndProject
Project("{9A19103F-16F7-4668-BE54-9A1E7A4F7556}") = "OKHOSTING.SQL.UI", "..\..\..\..\..\desarrollo\OKHOSTING.SQL\src\Standard\OKHOSTING.SQL.UI\OKHOSTING.SQL.UI.csproj", "{96396837-C326-4D5B-BC66-A446061E2CEB}"
EndProject
Project("{9A19103F-16F7-4668-BE54-9A1E7A4F7556}") = "OKHOSTING.UI", "..\..\..\..\..\desarrollo\OKHOSTING.UI\src\Standard\OKHOSTING.UI\OKHOSTING.UI.csproj", "{10AAB76B-3328-49FB-8AEB-D4167B71715E}"
EndProject
Project("{FAE04EC0-301F-11D3-BF4B-00C04F79EFBC}") = "OKHOSTING.UI.Net4.WebForms", "..\..\..\..\..\desarrollo\OKHOSTING.UI\src\Net4\OKHOSTING.UI.Net4.WebForms\OKHOSTING.UI.Net4.WebForms.csproj", "{734C6A3D-406E-421F-878B-64425DD137DF}"
EndProject
Project("{FAE04EC0-301F-11D3-BF4B-00C04F79EFBC}") = "OKHOSTING.UI.Net4.WinForms", "..\..\..\..\..\desarrollo\OKHOSTING.UI\src\Net4\OKHOSTING.UI.Net4.WinForms\OKHOSTING.UI.Net4.WinForms.csproj", "{3D1E7E01-F74A-4A00-8037-36F9D51A5860}"
EndProject
Project("{FAE04EC0-301F-11D3-BF4B-00C04F79EFBC}") = "OKHOSTING.UI.Net4.WPF", "..\..\..\..\..\desarrollo\OKHOSTING.UI\src\Net4\OKHOSTING.UI.Net4.WPF\OKHOSTING.UI.Net4.WPF.csproj", "{CF41703F-18FB-44C2-9DCE-99D1801950C2}"
EndProject
Project("{2150E333-8FDC-42A3-9474-1A3956D46DE8}") = "Standard", "Standard", "{350E1E60-0DA8-454E-87C8-59D04BF899E0}"
EndProject
Project("{9A19103F-16F7-4668-BE54-9A1E7A4F7556}") = "OKHOSTING.ORM", "..\..\..\..\..\desarrollo\OKHOSTING.ORM\src\Standard\OKHOSTING.ORM\OKHOSTING.ORM.csproj", "{9966158E-3568-4874-B78A-A8EF77A55E96}"
EndProject
Project("{9A19103F-16F7-4668-BE54-9A1E7A4F7556}") = "OKHOSTING.ORM.Cryptography", "..\..\..\..\..\desarrollo\OKHOSTING.ORM\src\Standard\OKHOSTING.ORM.Cryptography\OKHOSTING.ORM.Cryptography.csproj", "{57AD2BBC-D22F-4244-8FD3-760FF04FF504}"
EndProject
Project("{9A19103F-16F7-4668-BE54-9A1E7A4F7556}") = "OKHOSTING.ORM.Security", "..\..\..\..\..\desarrollo\OKHOSTING.ORM\src\Standard\OKHOSTING.ORM.Security\OKHOSTING.ORM.Security.csproj", "{E5DA25EA-691E-423D-AD7F-CB0D508B67AB}"
EndProject
Project("{9A19103F-16F7-4668-BE54-9A1E7A4F7556}") = "OKHOSTING.ORM.UI", "..\..\..\..\..\desarrollo\OKHOSTING.ORM\src\Standard\OKHOSTING.ORM.UI\OKHOSTING.ORM.UI.csproj", "{FFB3BFBF-F158-4732-B6FD-9D542632B1A2}"
EndProject
Project("{2150E333-8FDC-42A3-9474-1A3956D46DE8}") = "App", "App", "{785F9DF2-FE69-49CA-B9FD-A0BAC20B54D5}"
EndProject
Project("{FAE04EC0-301F-11D3-BF4B-00C04F79EFBC}") = "OKHOSTING.Biblioteca.UI.Net4.WebForms", "OKHOSTING.Biblioteca.UI.Net4.WebForms\OKHOSTING.Biblioteca.UI.Net4.WebForms.csproj", "{CE6E6362-D568-4EF7-B5A1-3AD0E6F8FF2C}"
EndProject
Project("{FAE04EC0-301F-11D3-BF4B-00C04F79EFBC}") = "OKHOSTING.Biblioteca.UI.Net4.WinForms", "OKHOSTING.Biblioteca.UI.Net4.WinForms\OKHOSTING.Biblioteca.UI.Net4.WinForms.csproj", "{5302E7AC-14FB-40E0-A217-36E40F0D7863}"
EndProject
Project("{FAE04EC0-301F-11D3-BF4B-00C04F79EFBC}") = "OKHOSTING.Biblioteca.UI.Net4.WPF", "OKHOSTING.Biblioteca.UI.Net4.WPF\OKHOSTING.Biblioteca.UI.Net4.WPF.csproj", "{E5311FA8-D3D5-447F-9FB7-E7DFA3479836}"
EndProject
Global
	GlobalSection(SolutionConfigurationPlatforms) = preSolution
		Debug|Any CPU = Debug|Any CPU
		Release|Any CPU = Release|Any CPU
	EndGlobalSection
	GlobalSection(ProjectConfigurationPlatforms) = postSolution
		{E8BC073E-53F8-4A5E-8D1B-230F5B26FE27}.Debug|Any CPU.ActiveCfg = Debug|Any CPU
		{E8BC073E-53F8-4A5E-8D1B-230F5B26FE27}.Debug|Any CPU.Build.0 = Debug|Any CPU
		{E8BC073E-53F8-4A5E-8D1B-230F5B26FE27}.Release|Any CPU.ActiveCfg = Release|Any CPU
		{E8BC073E-53F8-4A5E-8D1B-230F5B26FE27}.Release|Any CPU.Build.0 = Release|Any CPU
		{90050F53-4CDA-4F18-AD90-BBD4F28AADCA}.Debug|Any CPU.ActiveCfg = Debug|Any CPU
		{90050F53-4CDA-4F18-AD90-BBD4F28AADCA}.Debug|Any CPU.Build.0 = Debug|Any CPU
		{90050F53-4CDA-4F18-AD90-BBD4F28AADCA}.Release|Any CPU.ActiveCfg = Release|Any CPU
		{90050F53-4CDA-4F18-AD90-BBD4F28AADCA}.Release|Any CPU.Build.0 = Release|Any CPU
		{C614A515-EEEC-42A4-B5AF-39467C55D742}.Debug|Any CPU.ActiveCfg = Debug|Any CPU
		{C614A515-EEEC-42A4-B5AF-39467C55D742}.Debug|Any CPU.Build.0 = Debug|Any CPU
		{C614A515-EEEC-42A4-B5AF-39467C55D742}.Release|Any CPU.ActiveCfg = Release|Any CPU
		{C614A515-EEEC-42A4-B5AF-39467C55D742}.Release|Any CPU.Build.0 = Release|Any CPU
		{010914F4-85EE-40E9-BC54-79993D0F9215}.Debug|Any CPU.ActiveCfg = Debug|Any CPU
		{010914F4-85EE-40E9-BC54-79993D0F9215}.Debug|Any CPU.Build.0 = Debug|Any CPU
		{010914F4-85EE-40E9-BC54-79993D0F9215}.Release|Any CPU.ActiveCfg = Release|Any CPU
		{010914F4-85EE-40E9-BC54-79993D0F9215}.Release|Any CPU.Build.0 = Release|Any CPU
		{6632C5EB-4232-4D45-B97C-EB5EF83653C6}.Debug|Any CPU.ActiveCfg = Debug|Any CPU
		{6632C5EB-4232-4D45-B97C-EB5EF83653C6}.Debug|Any CPU.Build.0 = Debug|Any CPU
		{6632C5EB-4232-4D45-B97C-EB5EF83653C6}.Release|Any CPU.ActiveCfg = Release|Any CPU
		{6632C5EB-4232-4D45-B97C-EB5EF83653C6}.Release|Any CPU.Build.0 = Release|Any CPU
		{B5A935B9-E342-4A8D-8FCA-8176B4C4B6B1}.Debug|Any CPU.ActiveCfg = Debug|Any CPU
		{B5A935B9-E342-4A8D-8FCA-8176B4C4B6B1}.Debug|Any CPU.Build.0 = Debug|Any CPU
		{B5A935B9-E342-4A8D-8FCA-8176B4C4B6B1}.Release|Any CPU.ActiveCfg = Release|Any CPU
		{B5A935B9-E342-4A8D-8FCA-8176B4C4B6B1}.Release|Any CPU.Build.0 = Release|Any CPU
		{47F7D084-951E-4E7E-9258-8CAB06363899}.Debug|Any CPU.ActiveCfg = Debug|Any CPU
		{47F7D084-951E-4E7E-9258-8CAB06363899}.Debug|Any CPU.Build.0 = Debug|Any CPU
		{47F7D084-951E-4E7E-9258-8CAB06363899}.Release|Any CPU.ActiveCfg = Release|Any CPU
		{47F7D084-951E-4E7E-9258-8CAB06363899}.Release|Any CPU.Build.0 = Release|Any CPU
		{F9B84D95-B32F-4DF4-A779-93708AA28D5A}.Debug|Any CPU.ActiveCfg = Debug|Any CPU
		{F9B84D95-B32F-4DF4-A779-93708AA28D5A}.Debug|Any CPU.Build.0 = Debug|Any CPU
		{F9B84D95-B32F-4DF4-A779-93708AA28D5A}.Release|Any CPU.ActiveCfg = Release|Any CPU
		{F9B84D95-B32F-4DF4-A779-93708AA28D5A}.Release|Any CPU.Build.0 = Release|Any CPU
		{C94C011B-C7CA-417D-9D9D-0A789EE2CF71}.Debug|Any CPU.ActiveCfg = Debug|Any CPU
		{C94C011B-C7CA-417D-9D9D-0A789EE2CF71}.Debug|Any CPU.Build.0 = Debug|Any CPU
		{C94C011B-C7CA-417D-9D9D-0A789EE2CF71}.Release|Any CPU.ActiveCfg = Release|Any CPU
		{C94C011B-C7CA-417D-9D9D-0A789EE2CF71}.Release|Any CPU.Build.0 = Release|Any CPU
		{96396837-C326-4D5B-BC66-A446061E2CEB}.Debug|Any CPU.ActiveCfg = Debug|Any CPU
		{96396837-C326-4D5B-BC66-A446061E2CEB}.Debug|Any CPU.Build.0 = Debug|Any CPU
		{96396837-C326-4D5B-BC66-A446061E2CEB}.Release|Any CPU.ActiveCfg = Release|Any CPU
		{96396837-C326-4D5B-BC66-A446061E2CEB}.Release|Any CPU.Build.0 = Release|Any CPU
		{10AAB76B-3328-49FB-8AEB-D4167B71715E}.Debug|Any CPU.ActiveCfg = Debug|Any CPU
		{10AAB76B-3328-49FB-8AEB-D4167B71715E}.Debug|Any CPU.Build.0 = Debug|Any CPU
		{10AAB76B-3328-49FB-8AEB-D4167B71715E}.Release|Any CPU.ActiveCfg = Release|Any CPU
		{10AAB76B-3328-49FB-8AEB-D4167B71715E}.Release|Any CPU.Build.0 = Release|Any CPU
		{734C6A3D-406E-421F-878B-64425DD137DF}.Debug|Any CPU.ActiveCfg = Debug|Any CPU
		{734C6A3D-406E-421F-878B-64425DD137DF}.Debug|Any CPU.Build.0 = Debug|Any CPU
		{734C6A3D-406E-421F-878B-64425DD137DF}.Release|Any CPU.ActiveCfg = Release|Any CPU
		{734C6A3D-406E-421F-878B-64425DD137DF}.Release|Any CPU.Build.0 = Release|Any CPU
		{3D1E7E01-F74A-4A00-8037-36F9D51A5860}.Debug|Any CPU.ActiveCfg = Debug|Any CPU
		{3D1E7E01-F74A-4A00-8037-36F9D51A5860}.Debug|Any CPU.Build.0 = Debug|Any CPU
		{3D1E7E01-F74A-4A00-8037-36F9D51A5860}.Release|Any CPU.ActiveCfg = Release|Any CPU
		{3D1E7E01-F74A-4A00-8037-36F9D51A5860}.Release|Any CPU.Build.0 = Release|Any CPU
		{CF41703F-18FB-44C2-9DCE-99D1801950C2}.Debug|Any CPU.ActiveCfg = Debug|Any CPU
		{CF41703F-18FB-44C2-9DCE-99D1801950C2}.Debug|Any CPU.Build.0 = Debug|Any CPU
		{CF41703F-18FB-44C2-9DCE-99D1801950C2}.Release|Any CPU.ActiveCfg = Release|Any CPU
		{CF41703F-18FB-44C2-9DCE-99D1801950C2}.Release|Any CPU.Build.0 = Release|Any CPU
		{9966158E-3568-4874-B78A-A8EF77A55E96}.Debug|Any CPU.ActiveCfg = Debug|Any CPU
		{9966158E-3568-4874-B78A-A8EF77A55E96}.Debug|Any CPU.Build.0 = Debug|Any CPU
		{9966158E-3568-4874-B78A-A8EF77A55E96}.Release|Any CPU.ActiveCfg = Release|Any CPU
		{9966158E-3568-4874-B78A-A8EF77A55E96}.Release|Any CPU.Build.0 = Release|Any CPU
		{57AD2BBC-D22F-4244-8FD3-760FF04FF504}.Debug|Any CPU.ActiveCfg = Debug|Any CPU
		{57AD2BBC-D22F-4244-8FD3-760FF04FF504}.Debug|Any CPU.Build.0 = Debug|Any CPU
		{57AD2BBC-D22F-4244-8FD3-760FF04FF504}.Release|Any CPU.ActiveCfg = Release|Any CPU
		{57AD2BBC-D22F-4244-8FD3-760FF04FF504}.Release|Any CPU.Build.0 = Release|Any CPU
		{E5DA25EA-691E-423D-AD7F-CB0D508B67AB}.Debug|Any CPU.ActiveCfg = Debug|Any CPU
		{E5DA25EA-691E-423D-AD7F-CB0D508B67AB}.Debug|Any CPU.Build.0 = Debug|Any CPU
		{E5DA25EA-691E-423D-AD7F-CB0D508B67AB}.Release|Any CPU.ActiveCfg = Release|Any CPU
		{E5DA25EA-691E-423D-AD7F-CB0D508B67AB}.Release|Any CPU.Build.0 = Release|Any CPU
		{FFB3BFBF-F158-4732-B6FD-9D542632B1A2}.Debug|Any CPU.ActiveCfg = Debug|Any CPU
		{FFB3BFBF-F158-4732-B6FD-9D542632B1A2}.Debug|Any CPU.Build.0 = Debug|Any CPU
		{FFB3BFBF-F158-4732-B6FD-9D542632B1A2}.Release|Any CPU.ActiveCfg = Release|Any CPU
		{FFB3BFBF-F158-4732-B6FD-9D542632B1A2}.Release|Any CPU.Build.0 = Release|Any CPU
		{CE6E6362-D568-4EF7-B5A1-3AD0E6F8FF2C}.Debug|Any CPU.ActiveCfg = Debug|Any CPU
		{CE6E6362-D568-4EF7-B5A1-3AD0E6F8FF2C}.Debug|Any CPU.Build.0 = Debug|Any CPU
		{CE6E6362-D568-4EF7-B5A1-3AD0E6F8FF2C}.Release|Any CPU.ActiveCfg = Release|Any CPU
		{CE6E6362-D568-4EF7-B5A1-3AD0E6F8FF2C}.Release|Any CPU.Build.0 = Release|Any CPU
		{5302E7AC-14FB-40E0-A217-36E40F0D7863}.Debug|Any CPU.ActiveCfg = Debug|Any CPU
		{5302E7AC-14FB-40E0-A217-36E40F0D7863}.Debug|Any CPU.Build.0 = Debug|Any CPU
		{5302E7AC-14FB-40E0-A217-36E40F0D7863}.Release|Any CPU.ActiveCfg = Release|Any CPU
		{5302E7AC-14FB-40E0-A217-36E40F0D7863}.Release|Any CPU.Build.0 = Release|Any CPU
		{E5311FA8-D3D5-447F-9FB7-E7DFA3479836}.Debug|Any CPU.ActiveCfg = Debug|Any CPU
		{E5311FA8-D3D5-447F-9FB7-E7DFA3479836}.Debug|Any CPU.Build.0 = Debug|Any CPU
		{E5311FA8-D3D5-447F-9FB7-E7DFA3479836}.Release|Any CPU.ActiveCfg = Release|Any CPU
		{E5311FA8-D3D5-447F-9FB7-E7DFA3479836}.Release|Any CPU.Build.0 = Release|Any CPU
	EndGlobalSection
	GlobalSection(SolutionProperties) = preSolution
		HideSolutionNode = FALSE
	EndGlobalSection
	GlobalSection(NestedProjects) = preSolution
		{E8BC073E-53F8-4A5E-8D1B-230F5B26FE27} = {785F9DF2-FE69-49CA-B9FD-A0BAC20B54D5}
		{90050F53-4CDA-4F18-AD90-BBD4F28AADCA} = {12917E94-BEE2-4295-9A47-E2E28025D069}
		{C614A515-EEEC-42A4-B5AF-39467C55D742} = {12917E94-BEE2-4295-9A47-E2E28025D069}
		{010914F4-85EE-40E9-BC54-79993D0F9215} = {12917E94-BEE2-4295-9A47-E2E28025D069}
		{6632C5EB-4232-4D45-B97C-EB5EF83653C6} = {12917E94-BEE2-4295-9A47-E2E28025D069}
		{B5A935B9-E342-4A8D-8FCA-8176B4C4B6B1} = {12917E94-BEE2-4295-9A47-E2E28025D069}
		{47F7D084-951E-4E7E-9258-8CAB06363899} = {12917E94-BEE2-4295-9A47-E2E28025D069}
		{F9B84D95-B32F-4DF4-A779-93708AA28D5A} = {12917E94-BEE2-4295-9A47-E2E28025D069}
		{C94C011B-C7CA-417D-9D9D-0A789EE2CF71} = {12917E94-BEE2-4295-9A47-E2E28025D069}
		{96396837-C326-4D5B-BC66-A446061E2CEB} = {12917E94-BEE2-4295-9A47-E2E28025D069}
		{10AAB76B-3328-49FB-8AEB-D4167B71715E} = {12917E94-BEE2-4295-9A47-E2E28025D069}
		{734C6A3D-406E-421F-878B-64425DD137DF} = {12917E94-BEE2-4295-9A47-E2E28025D069}
		{3D1E7E01-F74A-4A00-8037-36F9D51A5860} = {12917E94-BEE2-4295-9A47-E2E28025D069}
		{CF41703F-18FB-44C2-9DCE-99D1801950C2} = {12917E94-BEE2-4295-9A47-E2E28025D069}
		{9966158E-3568-4874-B78A-A8EF77A55E96} = {350E1E60-0DA8-454E-87C8-59D04BF899E0}
		{57AD2BBC-D22F-4244-8FD3-760FF04FF504} = {350E1E60-0DA8-454E-87C8-59D04BF899E0}
		{E5DA25EA-691E-423D-AD7F-CB0D508B67AB} = {350E1E60-0DA8-454E-87C8-59D04BF899E0}
		{FFB3BFBF-F158-4732-B6FD-9D542632B1A2} = {350E1E60-0DA8-454E-87C8-59D04BF899E0}
		{CE6E6362-D568-4EF7-B5A1-3AD0E6F8FF2C} = {785F9DF2-FE69-49CA-B9FD-A0BAC20B54D5}
		{5302E7AC-14FB-40E0-A217-36E40F0D7863} = {785F9DF2-FE69-49CA-B9FD-A0BAC20B54D5}
		{E5311FA8-D3D5-447F-9FB7-E7DFA3479836} = {785F9DF2-FE69-49CA-B9FD-A0BAC20B54D5}
	EndGlobalSection
	GlobalSection(ExtensibilityGlobals) = postSolution
		SolutionGuid = {834C3AD1-96E8-4619-A7E1-C97409DD38C3}
	EndGlobalSection
EndGlobal
