
Microsoft Visual Studio Solution File, Format Version 12.00
# Visual Studio Version 16
VisualStudioVersion = 16.0.29306.81
MinimumVisualStudioVersion = 10.0.40219.1
Project("{9A19103F-16F7-4668-BE54-9A1E7A4F7556}") = "OKHOSTING.Core", "..\..\OKHOSTING.Core\src\Standard\OKHOSTING.Core\OKHOSTING.Core.csproj", "{6CF50275-9D06-4D23-8F5A-66EFCFE8C278}"
EndProject
Project("{2150E333-8FDC-42A3-9474-1A3956D46DE8}") = "References", "References", "{FF4BA653-0E58-4C33-B5D6-363BBB0E9BB8}"
EndProject
Project("{2150E333-8FDC-42A3-9474-1A3956D46DE8}") = "Source", "Source", "{D52B9ADE-E5A1-4201-875C-AC09E89392A5}"
EndProject
Project("{2150E333-8FDC-42A3-9474-1A3956D46DE8}") = "Standard", "Standard", "{6D5FBAE3-FBBE-4109-BA70-5FFD8DABCB5F}"
EndProject
Project("{2150E333-8FDC-42A3-9474-1A3956D46DE8}") = "Net4", "Net4", "{636B656E-D6E2-40A8-8FA7-DB40D1916021}"
EndProject
Project("{2150E333-8FDC-42A3-9474-1A3956D46DE8}") = "Xamarin", "Xamarin", "{B44E7AB3-381D-4742-B5E8-43C49874192E}"
EndProject
Project("{9A19103F-16F7-4668-BE54-9A1E7A4F7556}") = "OKHOSTING.Data", "..\..\OKHOSTING.Data\src\Standard\OKHOSTING.Data\OKHOSTING.Data.csproj", "{3B08E5E9-6279-44A3-8C01-F11F8E518D31}"
EndProject
Project("{9A19103F-16F7-4668-BE54-9A1E7A4F7556}") = "OKHOSTING.UI", "Standard\OKHOSTING.UI\OKHOSTING.UI.csproj", "{70E4BF9E-76E6-4AFF-9C87-B60E1F7E758F}"
EndProject
Project("{9A19103F-16F7-4668-BE54-9A1E7A4F7556}") = "OKHOSTING.UI.CSS", "Standard\OKHOSTING.UI.CSS\OKHOSTING.UI.CSS.csproj", "{56EB75D6-7CB5-4C94-8757-5726F5A0E2CD}"
EndProject
Project("{9A19103F-16F7-4668-BE54-9A1E7A4F7556}") = "OKHOSTING.UI.HTML", "Standard\OKHOSTING.UI.HTML\OKHOSTING.UI.HTML.csproj", "{67961832-C9C4-4D88-AB68-F15654889103}"
EndProject
Project("{FAE04EC0-301F-11D3-BF4B-00C04F79EFBC}") = "OKHOSTING.UI.Net4", "Net4\OKHOSTING.UI.Net4\OKHOSTING.UI.Net4.csproj", "{518EC9D1-4BD7-4683-A24B-57EB246090A6}"
EndProject
Project("{FAE04EC0-301F-11D3-BF4B-00C04F79EFBC}") = "OKHOSTING.UI.Net4.WebForms", "Net4\OKHOSTING.UI.Net4.WebForms\OKHOSTING.UI.Net4.WebForms.csproj", "{734C6A3D-406E-421F-878B-64425DD137DF}"
EndProject
Project("{FAE04EC0-301F-11D3-BF4B-00C04F79EFBC}") = "OKHOSTING.UI.Net4.WinForms", "Net4\OKHOSTING.UI.Net4.WinForms\OKHOSTING.UI.Net4.WinForms.csproj", "{3D1E7E01-F74A-4A00-8037-36F9D51A5860}"
EndProject
Project("{FAE04EC0-301F-11D3-BF4B-00C04F79EFBC}") = "OKHOSTING.UI.Net4.WPF", "Net4\OKHOSTING.UI.Net4.WPF\OKHOSTING.UI.Net4.WPF.csproj", "{CF41703F-18FB-44C2-9DCE-99D1801950C2}"
EndProject
Project("{9A19103F-16F7-4668-BE54-9A1E7A4F7556}") = "OKHOSTING.UI.Xamarin.Forms", "Xamarin\OKHOSTING.UI.Xamarin.Forms\OKHOSTING.UI.Xamarin.Forms.csproj", "{63482977-DC41-47B4-89B6-8FCFE2AF03D6}"
EndProject
Project("{2150E333-8FDC-42A3-9474-1A3956D46DE8}") = "Test", "Test", "{5C2AF82B-2492-4FA2-BDC3-12B98302DF2E}"
EndProject
Project("{FAE04EC0-301F-11D3-BF4B-00C04F79EFBC}") = "OKHOSTING.UI.Net4.WinForms.Test", "..\test\Net4\OKHOSTING.UI.Net4.WinForms.Test\OKHOSTING.UI.Net4.WinForms.Test.csproj", "{6B7D9582-FA38-4DC1-A821-E01371A45360}"
EndProject
Project("{FAE04EC0-301F-11D3-BF4B-00C04F79EFBC}") = "OKHOSTING.UI.Net4.WPF.Test", "..\test\Net4\OKHOSTING.UI.Net4.WPF.Test\OKHOSTING.UI.Net4.WPF.Test.csproj", "{6C6F040C-52B4-4FAE-A71B-0C55B070437F}"
EndProject
Project("{9A19103F-16F7-4668-BE54-9A1E7A4F7556}") = "OKHOSTING.UI.Test", "..\test\Standard\OKHOSTING.UI.Test\OKHOSTING.UI.Test.csproj", "{B9F98DB9-8957-45D8-88AC-54D771C23C60}"
EndProject
Project("{9A19103F-16F7-4668-BE54-9A1E7A4F7556}") = "OKHOSTING.UI.RPC", "Standard\OKHOSTING.UI.RPC\OKHOSTING.UI.RPC.csproj", "{BBB806F2-2F71-4CE7-A5EE-706988CE1898}"
EndProject
Project("{FAE04EC0-301F-11D3-BF4B-00C04F79EFBC}") = "OKHOSTING.UI.Net4.WinForms.RPCTest", "..\test\Net4\OKHOSTING.UI.Net4.WinForms.RPCTest\OKHOSTING.UI.Net4.WinForms.RPCTest.csproj", "{779ED48A-294D-44B7-A9B6-031400A941FB}"
EndProject
Project("{9A19103F-16F7-4668-BE54-9A1E7A4F7556}") = "OKHOSTING.RPC", "..\..\OKHOSTING.RPC\src\Standard\OKHOSTING.RPC\OKHOSTING.RPC.csproj", "{336B590A-1E16-42BF-A9B5-A8125E1B0063}"
EndProject
Project("{9A19103F-16F7-4668-BE54-9A1E7A4F7556}") = "OKHOSTING.RPC.WebSockets", "..\..\OKHOSTING.RPC\src\Standard\OKHOSTING.RPC.WebSockets\OKHOSTING.RPC.WebSockets.csproj", "{8588D3D4-96FC-4AF3-BCF8-DF059ABD5F75}"
EndProject
Project("{9A19103F-16F7-4668-BE54-9A1E7A4F7556}") = "OKHOSTING.Security", "..\..\OKHOSTING.Security\src\Standard\OKHOSTING.Security\OKHOSTING.Security.csproj", "{39784D84-EFE5-4511-9303-9FA3A171501A}"
EndProject
Project("{9A19103F-16F7-4668-BE54-9A1E7A4F7556}") = "OKHOSTING.Files", "..\..\OKHOSTING.Files\src\Standard\OKHOSTING.Files\OKHOSTING.Files.csproj", "{E5DC7C99-139B-4577-865D-310FECA75125}"
EndProject
Project("{9A19103F-16F7-4668-BE54-9A1E7A4F7556}") = "OKHOSTING.Files.UI", "..\..\OKHOSTING.Files\src\Standard\OKHOSTING.Files.UI\OKHOSTING.Files.UI.csproj", "{1B8477F3-0F18-4DFE-878A-7D17EEDD41B6}"
EndProject
Project("{FAE04EC0-301F-11D3-BF4B-00C04F79EFBC}") = "OKHOSTING.UI.Xamarin.Forms.Test.UWP", "..\test\Xamarin\OKHOSTING.UI.Xamarin.Forms.Test\OKHOSTING.UI.Xamarin.Forms.Test.UWP\OKHOSTING.UI.Xamarin.Forms.Test.UWP.csproj", "{96E7B116-9CE7-4294-A055-CB2C5347F6AC}"
EndProject
Project("{FAE04EC0-301F-11D3-BF4B-00C04F79EFBC}") = "OKHOSTING.UI.Xamarin.Forms.Test.Android", "..\test\Xamarin\OKHOSTING.UI.Xamarin.Forms.Test\OKHOSTING.UI.Xamarin.Forms.Test.Android\OKHOSTING.UI.Xamarin.Forms.Test.Android.csproj", "{28043795-E8CD-4232-A4DD-604C8DC5726B}"
EndProject
Project("{FAE04EC0-301F-11D3-BF4B-00C04F79EFBC}") = "OKHOSTING.UI.Xamarin.Forms.Test.iOS", "..\test\Xamarin\OKHOSTING.UI.Xamarin.Forms.Test\OKHOSTING.UI.Xamarin.Forms.Test.iOS\OKHOSTING.UI.Xamarin.Forms.Test.iOS.csproj", "{3482D105-D9A2-4AA6-A8E0-12205EA5012D}"
EndProject
Project("{9A19103F-16F7-4668-BE54-9A1E7A4F7556}") = "OKHOSTING.UI.Xamarin.Forms.Test", "..\test\Xamarin\OKHOSTING.UI.Xamarin.Forms.Test\OKHOSTING.UI.Xamarin.Forms.Test\OKHOSTING.UI.Xamarin.Forms.Test.csproj", "{8416BAD1-54CE-4D2E-8D6F-34A0DE09C738}"
EndProject
Project("{9A19103F-16F7-4668-BE54-9A1E7A4F7556}") = "OKHOSTING.UI.Security", "Standard\OKHOSTING.UI.Security\OKHOSTING.UI.Security.csproj", "{0CDD7DC7-D8BB-48F7-9046-EACBB31E825A}"
EndProject
Project("{FAE04EC0-301F-11D3-BF4B-00C04F79EFBC}") = "OKHOSTING.UI.Net4.WebForms.Test", "..\test\Net4\OKHOSTING.UI.Net4.WebForms.Test\OKHOSTING.UI.Net4.WebForms.Test.csproj", "{259E7D6F-6B45-472D-AA65-1A713A269596}"
EndProject
Project("{9A19103F-16F7-4668-BE54-9A1E7A4F7556}") = "AngleSharp.Core", "..\..\AngleSharp\src\AngleSharp\AngleSharp.Core.csproj", "{17DF33D9-F6AE-4AF6-8300-9DC09CD32E74}"
EndProject
Project("{9A19103F-16F7-4668-BE54-9A1E7A4F7556}") = "AngleSharp.Css", "..\..\AngleSharp.Css\src\AngleSharp.Css\AngleSharp.Css.csproj", "{9474EB8D-8BDC-4878-BAF6-7F7D231180CA}"
EndProject
Project("{FAE04EC0-301F-11D3-BF4B-00C04F79EFBC}") = "OKHOSTING.UI.Xamarin.iOS", "Xamarin\OKHOSTING.UI.Xamarin.iOS\OKHOSTING.UI.Xamarin.iOS.csproj", "{E71F3053-056C-4381-9638-048ED73BDFF6}"
EndProject
Project("{FAE04EC0-301F-11D3-BF4B-00C04F79EFBC}") = "OKHOSTING.UI.Xamarin.Android", "Xamarin\OKHOSTING.UI.Xamarin.Android\OKHOSTING.UI.Xamarin.Android.csproj", "{1675AA1D-5DBA-4007-9C8A-1E2316981088}"
EndProject
Global
	GlobalSection(SolutionConfigurationPlatforms) = preSolution
		Debug|Any CPU = Debug|Any CPU
		Debug|ARM = Debug|ARM
		Debug|iPhone = Debug|iPhone
		Debug|iPhoneSimulator = Debug|iPhoneSimulator
		Debug|x64 = Debug|x64
		Debug|x86 = Debug|x86
		Release|Any CPU = Release|Any CPU
		Release|ARM = Release|ARM
		Release|iPhone = Release|iPhone
		Release|iPhoneSimulator = Release|iPhoneSimulator
		Release|x64 = Release|x64
		Release|x86 = Release|x86
	EndGlobalSection
	GlobalSection(ProjectConfigurationPlatforms) = postSolution
		{6CF50275-9D06-4D23-8F5A-66EFCFE8C278}.Debug|Any CPU.ActiveCfg = Debug|Any CPU
		{6CF50275-9D06-4D23-8F5A-66EFCFE8C278}.Debug|Any CPU.Build.0 = Debug|Any CPU
		{6CF50275-9D06-4D23-8F5A-66EFCFE8C278}.Debug|ARM.ActiveCfg = Debug|Any CPU
		{6CF50275-9D06-4D23-8F5A-66EFCFE8C278}.Debug|ARM.Build.0 = Debug|Any CPU
		{6CF50275-9D06-4D23-8F5A-66EFCFE8C278}.Debug|iPhone.ActiveCfg = Debug|Any CPU
		{6CF50275-9D06-4D23-8F5A-66EFCFE8C278}.Debug|iPhone.Build.0 = Debug|Any CPU
		{6CF50275-9D06-4D23-8F5A-66EFCFE8C278}.Debug|iPhoneSimulator.ActiveCfg = Debug|Any CPU
		{6CF50275-9D06-4D23-8F5A-66EFCFE8C278}.Debug|iPhoneSimulator.Build.0 = Debug|Any CPU
		{6CF50275-9D06-4D23-8F5A-66EFCFE8C278}.Debug|x64.ActiveCfg = Debug|Any CPU
		{6CF50275-9D06-4D23-8F5A-66EFCFE8C278}.Debug|x64.Build.0 = Debug|Any CPU
		{6CF50275-9D06-4D23-8F5A-66EFCFE8C278}.Debug|x86.ActiveCfg = Debug|Any CPU
		{6CF50275-9D06-4D23-8F5A-66EFCFE8C278}.Debug|x86.Build.0 = Debug|Any CPU
		{6CF50275-9D06-4D23-8F5A-66EFCFE8C278}.Release|Any CPU.ActiveCfg = Release|Any CPU
		{6CF50275-9D06-4D23-8F5A-66EFCFE8C278}.Release|Any CPU.Build.0 = Release|Any CPU
		{6CF50275-9D06-4D23-8F5A-66EFCFE8C278}.Release|ARM.ActiveCfg = Release|Any CPU
		{6CF50275-9D06-4D23-8F5A-66EFCFE8C278}.Release|ARM.Build.0 = Release|Any CPU
		{6CF50275-9D06-4D23-8F5A-66EFCFE8C278}.Release|iPhone.ActiveCfg = Release|Any CPU
		{6CF50275-9D06-4D23-8F5A-66EFCFE8C278}.Release|iPhone.Build.0 = Release|Any CPU
		{6CF50275-9D06-4D23-8F5A-66EFCFE8C278}.Release|iPhoneSimulator.ActiveCfg = Release|Any CPU
		{6CF50275-9D06-4D23-8F5A-66EFCFE8C278}.Release|iPhoneSimulator.Build.0 = Release|Any CPU
		{6CF50275-9D06-4D23-8F5A-66EFCFE8C278}.Release|x64.ActiveCfg = Release|Any CPU
		{6CF50275-9D06-4D23-8F5A-66EFCFE8C278}.Release|x64.Build.0 = Release|Any CPU
		{6CF50275-9D06-4D23-8F5A-66EFCFE8C278}.Release|x86.ActiveCfg = Release|Any CPU
		{6CF50275-9D06-4D23-8F5A-66EFCFE8C278}.Release|x86.Build.0 = Release|Any CPU
		{3B08E5E9-6279-44A3-8C01-F11F8E518D31}.Debug|Any CPU.ActiveCfg = Debug|Any CPU
		{3B08E5E9-6279-44A3-8C01-F11F8E518D31}.Debug|Any CPU.Build.0 = Debug|Any CPU
		{3B08E5E9-6279-44A3-8C01-F11F8E518D31}.Debug|ARM.ActiveCfg = Debug|Any CPU
		{3B08E5E9-6279-44A3-8C01-F11F8E518D31}.Debug|ARM.Build.0 = Debug|Any CPU
		{3B08E5E9-6279-44A3-8C01-F11F8E518D31}.Debug|iPhone.ActiveCfg = Debug|Any CPU
		{3B08E5E9-6279-44A3-8C01-F11F8E518D31}.Debug|iPhone.Build.0 = Debug|Any CPU
		{3B08E5E9-6279-44A3-8C01-F11F8E518D31}.Debug|iPhoneSimulator.ActiveCfg = Debug|Any CPU
		{3B08E5E9-6279-44A3-8C01-F11F8E518D31}.Debug|iPhoneSimulator.Build.0 = Debug|Any CPU
		{3B08E5E9-6279-44A3-8C01-F11F8E518D31}.Debug|x64.ActiveCfg = Debug|Any CPU
		{3B08E5E9-6279-44A3-8C01-F11F8E518D31}.Debug|x64.Build.0 = Debug|Any CPU
		{3B08E5E9-6279-44A3-8C01-F11F8E518D31}.Debug|x86.ActiveCfg = Debug|Any CPU
		{3B08E5E9-6279-44A3-8C01-F11F8E518D31}.Debug|x86.Build.0 = Debug|Any CPU
		{3B08E5E9-6279-44A3-8C01-F11F8E518D31}.Release|Any CPU.ActiveCfg = Release|Any CPU
		{3B08E5E9-6279-44A3-8C01-F11F8E518D31}.Release|Any CPU.Build.0 = Release|Any CPU
		{3B08E5E9-6279-44A3-8C01-F11F8E518D31}.Release|ARM.ActiveCfg = Release|Any CPU
		{3B08E5E9-6279-44A3-8C01-F11F8E518D31}.Release|ARM.Build.0 = Release|Any CPU
		{3B08E5E9-6279-44A3-8C01-F11F8E518D31}.Release|iPhone.ActiveCfg = Release|Any CPU
		{3B08E5E9-6279-44A3-8C01-F11F8E518D31}.Release|iPhone.Build.0 = Release|Any CPU
		{3B08E5E9-6279-44A3-8C01-F11F8E518D31}.Release|iPhoneSimulator.ActiveCfg = Release|Any CPU
		{3B08E5E9-6279-44A3-8C01-F11F8E518D31}.Release|iPhoneSimulator.Build.0 = Release|Any CPU
		{3B08E5E9-6279-44A3-8C01-F11F8E518D31}.Release|x64.ActiveCfg = Release|Any CPU
		{3B08E5E9-6279-44A3-8C01-F11F8E518D31}.Release|x64.Build.0 = Release|Any CPU
		{3B08E5E9-6279-44A3-8C01-F11F8E518D31}.Release|x86.ActiveCfg = Release|Any CPU
		{3B08E5E9-6279-44A3-8C01-F11F8E518D31}.Release|x86.Build.0 = Release|Any CPU
		{70E4BF9E-76E6-4AFF-9C87-B60E1F7E758F}.Debug|Any CPU.ActiveCfg = Debug|Any CPU
		{70E4BF9E-76E6-4AFF-9C87-B60E1F7E758F}.Debug|Any CPU.Build.0 = Debug|Any CPU
		{70E4BF9E-76E6-4AFF-9C87-B60E1F7E758F}.Debug|ARM.ActiveCfg = Debug|Any CPU
		{70E4BF9E-76E6-4AFF-9C87-B60E1F7E758F}.Debug|ARM.Build.0 = Debug|Any CPU
		{70E4BF9E-76E6-4AFF-9C87-B60E1F7E758F}.Debug|iPhone.ActiveCfg = Debug|Any CPU
		{70E4BF9E-76E6-4AFF-9C87-B60E1F7E758F}.Debug|iPhone.Build.0 = Debug|Any CPU
		{70E4BF9E-76E6-4AFF-9C87-B60E1F7E758F}.Debug|iPhoneSimulator.ActiveCfg = Debug|Any CPU
		{70E4BF9E-76E6-4AFF-9C87-B60E1F7E758F}.Debug|iPhoneSimulator.Build.0 = Debug|Any CPU
		{70E4BF9E-76E6-4AFF-9C87-B60E1F7E758F}.Debug|x64.ActiveCfg = Debug|Any CPU
		{70E4BF9E-76E6-4AFF-9C87-B60E1F7E758F}.Debug|x64.Build.0 = Debug|Any CPU
		{70E4BF9E-76E6-4AFF-9C87-B60E1F7E758F}.Debug|x86.ActiveCfg = Debug|Any CPU
		{70E4BF9E-76E6-4AFF-9C87-B60E1F7E758F}.Debug|x86.Build.0 = Debug|Any CPU
		{70E4BF9E-76E6-4AFF-9C87-B60E1F7E758F}.Release|Any CPU.ActiveCfg = Release|Any CPU
		{70E4BF9E-76E6-4AFF-9C87-B60E1F7E758F}.Release|Any CPU.Build.0 = Release|Any CPU
		{70E4BF9E-76E6-4AFF-9C87-B60E1F7E758F}.Release|ARM.ActiveCfg = Release|Any CPU
		{70E4BF9E-76E6-4AFF-9C87-B60E1F7E758F}.Release|ARM.Build.0 = Release|Any CPU
		{70E4BF9E-76E6-4AFF-9C87-B60E1F7E758F}.Release|iPhone.ActiveCfg = Release|Any CPU
		{70E4BF9E-76E6-4AFF-9C87-B60E1F7E758F}.Release|iPhone.Build.0 = Release|Any CPU
		{70E4BF9E-76E6-4AFF-9C87-B60E1F7E758F}.Release|iPhoneSimulator.ActiveCfg = Release|Any CPU
		{70E4BF9E-76E6-4AFF-9C87-B60E1F7E758F}.Release|iPhoneSimulator.Build.0 = Release|Any CPU
		{70E4BF9E-76E6-4AFF-9C87-B60E1F7E758F}.Release|x64.ActiveCfg = Release|Any CPU
		{70E4BF9E-76E6-4AFF-9C87-B60E1F7E758F}.Release|x64.Build.0 = Release|Any CPU
		{70E4BF9E-76E6-4AFF-9C87-B60E1F7E758F}.Release|x86.ActiveCfg = Release|Any CPU
		{70E4BF9E-76E6-4AFF-9C87-B60E1F7E758F}.Release|x86.Build.0 = Release|Any CPU
		{56EB75D6-7CB5-4C94-8757-5726F5A0E2CD}.Debug|Any CPU.ActiveCfg = Debug|Any CPU
		{56EB75D6-7CB5-4C94-8757-5726F5A0E2CD}.Debug|Any CPU.Build.0 = Debug|Any CPU
		{56EB75D6-7CB5-4C94-8757-5726F5A0E2CD}.Debug|ARM.ActiveCfg = Debug|Any CPU
		{56EB75D6-7CB5-4C94-8757-5726F5A0E2CD}.Debug|ARM.Build.0 = Debug|Any CPU
		{56EB75D6-7CB5-4C94-8757-5726F5A0E2CD}.Debug|iPhone.ActiveCfg = Debug|Any CPU
		{56EB75D6-7CB5-4C94-8757-5726F5A0E2CD}.Debug|iPhone.Build.0 = Debug|Any CPU
		{56EB75D6-7CB5-4C94-8757-5726F5A0E2CD}.Debug|iPhoneSimulator.ActiveCfg = Debug|Any CPU
		{56EB75D6-7CB5-4C94-8757-5726F5A0E2CD}.Debug|iPhoneSimulator.Build.0 = Debug|Any CPU
		{56EB75D6-7CB5-4C94-8757-5726F5A0E2CD}.Debug|x64.ActiveCfg = Debug|Any CPU
		{56EB75D6-7CB5-4C94-8757-5726F5A0E2CD}.Debug|x64.Build.0 = Debug|Any CPU
		{56EB75D6-7CB5-4C94-8757-5726F5A0E2CD}.Debug|x86.ActiveCfg = Debug|Any CPU
		{56EB75D6-7CB5-4C94-8757-5726F5A0E2CD}.Debug|x86.Build.0 = Debug|Any CPU
		{56EB75D6-7CB5-4C94-8757-5726F5A0E2CD}.Release|Any CPU.ActiveCfg = Release|Any CPU
		{56EB75D6-7CB5-4C94-8757-5726F5A0E2CD}.Release|Any CPU.Build.0 = Release|Any CPU
		{56EB75D6-7CB5-4C94-8757-5726F5A0E2CD}.Release|ARM.ActiveCfg = Release|Any CPU
		{56EB75D6-7CB5-4C94-8757-5726F5A0E2CD}.Release|ARM.Build.0 = Release|Any CPU
		{56EB75D6-7CB5-4C94-8757-5726F5A0E2CD}.Release|iPhone.ActiveCfg = Release|Any CPU
		{56EB75D6-7CB5-4C94-8757-5726F5A0E2CD}.Release|iPhone.Build.0 = Release|Any CPU
		{56EB75D6-7CB5-4C94-8757-5726F5A0E2CD}.Release|iPhoneSimulator.ActiveCfg = Release|Any CPU
		{56EB75D6-7CB5-4C94-8757-5726F5A0E2CD}.Release|iPhoneSimulator.Build.0 = Release|Any CPU
		{56EB75D6-7CB5-4C94-8757-5726F5A0E2CD}.Release|x64.ActiveCfg = Release|Any CPU
		{56EB75D6-7CB5-4C94-8757-5726F5A0E2CD}.Release|x64.Build.0 = Release|Any CPU
		{56EB75D6-7CB5-4C94-8757-5726F5A0E2CD}.Release|x86.ActiveCfg = Release|Any CPU
		{56EB75D6-7CB5-4C94-8757-5726F5A0E2CD}.Release|x86.Build.0 = Release|Any CPU
		{67961832-C9C4-4D88-AB68-F15654889103}.Debug|Any CPU.ActiveCfg = Debug|Any CPU
		{67961832-C9C4-4D88-AB68-F15654889103}.Debug|Any CPU.Build.0 = Debug|Any CPU
		{67961832-C9C4-4D88-AB68-F15654889103}.Debug|ARM.ActiveCfg = Debug|Any CPU
		{67961832-C9C4-4D88-AB68-F15654889103}.Debug|ARM.Build.0 = Debug|Any CPU
		{67961832-C9C4-4D88-AB68-F15654889103}.Debug|iPhone.ActiveCfg = Debug|Any CPU
		{67961832-C9C4-4D88-AB68-F15654889103}.Debug|iPhone.Build.0 = Debug|Any CPU
		{67961832-C9C4-4D88-AB68-F15654889103}.Debug|iPhoneSimulator.ActiveCfg = Debug|Any CPU
		{67961832-C9C4-4D88-AB68-F15654889103}.Debug|iPhoneSimulator.Build.0 = Debug|Any CPU
		{67961832-C9C4-4D88-AB68-F15654889103}.Debug|x64.ActiveCfg = Debug|Any CPU
		{67961832-C9C4-4D88-AB68-F15654889103}.Debug|x64.Build.0 = Debug|Any CPU
		{67961832-C9C4-4D88-AB68-F15654889103}.Debug|x86.ActiveCfg = Debug|Any CPU
		{67961832-C9C4-4D88-AB68-F15654889103}.Debug|x86.Build.0 = Debug|Any CPU
		{67961832-C9C4-4D88-AB68-F15654889103}.Release|Any CPU.ActiveCfg = Release|Any CPU
		{67961832-C9C4-4D88-AB68-F15654889103}.Release|Any CPU.Build.0 = Release|Any CPU
		{67961832-C9C4-4D88-AB68-F15654889103}.Release|ARM.ActiveCfg = Release|Any CPU
		{67961832-C9C4-4D88-AB68-F15654889103}.Release|ARM.Build.0 = Release|Any CPU
		{67961832-C9C4-4D88-AB68-F15654889103}.Release|iPhone.ActiveCfg = Release|Any CPU
		{67961832-C9C4-4D88-AB68-F15654889103}.Release|iPhone.Build.0 = Release|Any CPU
		{67961832-C9C4-4D88-AB68-F15654889103}.Release|iPhoneSimulator.ActiveCfg = Release|Any CPU
		{67961832-C9C4-4D88-AB68-F15654889103}.Release|iPhoneSimulator.Build.0 = Release|Any CPU
		{67961832-C9C4-4D88-AB68-F15654889103}.Release|x64.ActiveCfg = Release|Any CPU
		{67961832-C9C4-4D88-AB68-F15654889103}.Release|x64.Build.0 = Release|Any CPU
		{67961832-C9C4-4D88-AB68-F15654889103}.Release|x86.ActiveCfg = Release|Any CPU
		{67961832-C9C4-4D88-AB68-F15654889103}.Release|x86.Build.0 = Release|Any CPU
		{518EC9D1-4BD7-4683-A24B-57EB246090A6}.Debug|Any CPU.ActiveCfg = Debug|Any CPU
		{518EC9D1-4BD7-4683-A24B-57EB246090A6}.Debug|Any CPU.Build.0 = Debug|Any CPU
		{518EC9D1-4BD7-4683-A24B-57EB246090A6}.Debug|ARM.ActiveCfg = Debug|Any CPU
		{518EC9D1-4BD7-4683-A24B-57EB246090A6}.Debug|ARM.Build.0 = Debug|Any CPU
		{518EC9D1-4BD7-4683-A24B-57EB246090A6}.Debug|iPhone.ActiveCfg = Debug|Any CPU
		{518EC9D1-4BD7-4683-A24B-57EB246090A6}.Debug|iPhone.Build.0 = Debug|Any CPU
		{518EC9D1-4BD7-4683-A24B-57EB246090A6}.Debug|iPhoneSimulator.ActiveCfg = Debug|Any CPU
		{518EC9D1-4BD7-4683-A24B-57EB246090A6}.Debug|iPhoneSimulator.Build.0 = Debug|Any CPU
		{518EC9D1-4BD7-4683-A24B-57EB246090A6}.Debug|x64.ActiveCfg = Debug|Any CPU
		{518EC9D1-4BD7-4683-A24B-57EB246090A6}.Debug|x64.Build.0 = Debug|Any CPU
		{518EC9D1-4BD7-4683-A24B-57EB246090A6}.Debug|x86.ActiveCfg = Debug|Any CPU
		{518EC9D1-4BD7-4683-A24B-57EB246090A6}.Debug|x86.Build.0 = Debug|Any CPU
		{518EC9D1-4BD7-4683-A24B-57EB246090A6}.Release|Any CPU.ActiveCfg = Release|Any CPU
		{518EC9D1-4BD7-4683-A24B-57EB246090A6}.Release|Any CPU.Build.0 = Release|Any CPU
		{518EC9D1-4BD7-4683-A24B-57EB246090A6}.Release|ARM.ActiveCfg = Release|Any CPU
		{518EC9D1-4BD7-4683-A24B-57EB246090A6}.Release|ARM.Build.0 = Release|Any CPU
		{518EC9D1-4BD7-4683-A24B-57EB246090A6}.Release|iPhone.ActiveCfg = Release|Any CPU
		{518EC9D1-4BD7-4683-A24B-57EB246090A6}.Release|iPhone.Build.0 = Release|Any CPU
		{518EC9D1-4BD7-4683-A24B-57EB246090A6}.Release|iPhoneSimulator.ActiveCfg = Release|Any CPU
		{518EC9D1-4BD7-4683-A24B-57EB246090A6}.Release|iPhoneSimulator.Build.0 = Release|Any CPU
		{518EC9D1-4BD7-4683-A24B-57EB246090A6}.Release|x64.ActiveCfg = Release|Any CPU
		{518EC9D1-4BD7-4683-A24B-57EB246090A6}.Release|x64.Build.0 = Release|Any CPU
		{518EC9D1-4BD7-4683-A24B-57EB246090A6}.Release|x86.ActiveCfg = Release|Any CPU
		{518EC9D1-4BD7-4683-A24B-57EB246090A6}.Release|x86.Build.0 = Release|Any CPU
		{734C6A3D-406E-421F-878B-64425DD137DF}.Debug|Any CPU.ActiveCfg = Debug|Any CPU
		{734C6A3D-406E-421F-878B-64425DD137DF}.Debug|Any CPU.Build.0 = Debug|Any CPU
		{734C6A3D-406E-421F-878B-64425DD137DF}.Debug|ARM.ActiveCfg = Debug|Any CPU
		{734C6A3D-406E-421F-878B-64425DD137DF}.Debug|ARM.Build.0 = Debug|Any CPU
		{734C6A3D-406E-421F-878B-64425DD137DF}.Debug|iPhone.ActiveCfg = Debug|Any CPU
		{734C6A3D-406E-421F-878B-64425DD137DF}.Debug|iPhone.Build.0 = Debug|Any CPU
		{734C6A3D-406E-421F-878B-64425DD137DF}.Debug|iPhoneSimulator.ActiveCfg = Debug|Any CPU
		{734C6A3D-406E-421F-878B-64425DD137DF}.Debug|iPhoneSimulator.Build.0 = Debug|Any CPU
		{734C6A3D-406E-421F-878B-64425DD137DF}.Debug|x64.ActiveCfg = Debug|Any CPU
		{734C6A3D-406E-421F-878B-64425DD137DF}.Debug|x64.Build.0 = Debug|Any CPU
		{734C6A3D-406E-421F-878B-64425DD137DF}.Debug|x86.ActiveCfg = Debug|Any CPU
		{734C6A3D-406E-421F-878B-64425DD137DF}.Debug|x86.Build.0 = Debug|Any CPU
		{734C6A3D-406E-421F-878B-64425DD137DF}.Release|Any CPU.ActiveCfg = Release|Any CPU
		{734C6A3D-406E-421F-878B-64425DD137DF}.Release|Any CPU.Build.0 = Release|Any CPU
		{734C6A3D-406E-421F-878B-64425DD137DF}.Release|ARM.ActiveCfg = Release|Any CPU
		{734C6A3D-406E-421F-878B-64425DD137DF}.Release|ARM.Build.0 = Release|Any CPU
		{734C6A3D-406E-421F-878B-64425DD137DF}.Release|iPhone.ActiveCfg = Release|Any CPU
		{734C6A3D-406E-421F-878B-64425DD137DF}.Release|iPhone.Build.0 = Release|Any CPU
		{734C6A3D-406E-421F-878B-64425DD137DF}.Release|iPhoneSimulator.ActiveCfg = Release|Any CPU
		{734C6A3D-406E-421F-878B-64425DD137DF}.Release|iPhoneSimulator.Build.0 = Release|Any CPU
		{734C6A3D-406E-421F-878B-64425DD137DF}.Release|x64.ActiveCfg = Release|Any CPU
		{734C6A3D-406E-421F-878B-64425DD137DF}.Release|x64.Build.0 = Release|Any CPU
		{734C6A3D-406E-421F-878B-64425DD137DF}.Release|x86.ActiveCfg = Release|Any CPU
		{734C6A3D-406E-421F-878B-64425DD137DF}.Release|x86.Build.0 = Release|Any CPU
		{3D1E7E01-F74A-4A00-8037-36F9D51A5860}.Debug|Any CPU.ActiveCfg = Debug|Any CPU
		{3D1E7E01-F74A-4A00-8037-36F9D51A5860}.Debug|Any CPU.Build.0 = Debug|Any CPU
		{3D1E7E01-F74A-4A00-8037-36F9D51A5860}.Debug|ARM.ActiveCfg = Debug|Any CPU
		{3D1E7E01-F74A-4A00-8037-36F9D51A5860}.Debug|ARM.Build.0 = Debug|Any CPU
		{3D1E7E01-F74A-4A00-8037-36F9D51A5860}.Debug|iPhone.ActiveCfg = Debug|Any CPU
		{3D1E7E01-F74A-4A00-8037-36F9D51A5860}.Debug|iPhone.Build.0 = Debug|Any CPU
		{3D1E7E01-F74A-4A00-8037-36F9D51A5860}.Debug|iPhoneSimulator.ActiveCfg = Debug|Any CPU
		{3D1E7E01-F74A-4A00-8037-36F9D51A5860}.Debug|iPhoneSimulator.Build.0 = Debug|Any CPU
		{3D1E7E01-F74A-4A00-8037-36F9D51A5860}.Debug|x64.ActiveCfg = Debug|Any CPU
		{3D1E7E01-F74A-4A00-8037-36F9D51A5860}.Debug|x64.Build.0 = Debug|Any CPU
		{3D1E7E01-F74A-4A00-8037-36F9D51A5860}.Debug|x86.ActiveCfg = Debug|Any CPU
		{3D1E7E01-F74A-4A00-8037-36F9D51A5860}.Debug|x86.Build.0 = Debug|Any CPU
		{3D1E7E01-F74A-4A00-8037-36F9D51A5860}.Release|Any CPU.ActiveCfg = Release|Any CPU
		{3D1E7E01-F74A-4A00-8037-36F9D51A5860}.Release|Any CPU.Build.0 = Release|Any CPU
		{3D1E7E01-F74A-4A00-8037-36F9D51A5860}.Release|ARM.ActiveCfg = Release|Any CPU
		{3D1E7E01-F74A-4A00-8037-36F9D51A5860}.Release|ARM.Build.0 = Release|Any CPU
		{3D1E7E01-F74A-4A00-8037-36F9D51A5860}.Release|iPhone.ActiveCfg = Release|Any CPU
		{3D1E7E01-F74A-4A00-8037-36F9D51A5860}.Release|iPhone.Build.0 = Release|Any CPU
		{3D1E7E01-F74A-4A00-8037-36F9D51A5860}.Release|iPhoneSimulator.ActiveCfg = Release|Any CPU
		{3D1E7E01-F74A-4A00-8037-36F9D51A5860}.Release|iPhoneSimulator.Build.0 = Release|Any CPU
		{3D1E7E01-F74A-4A00-8037-36F9D51A5860}.Release|x64.ActiveCfg = Release|Any CPU
		{3D1E7E01-F74A-4A00-8037-36F9D51A5860}.Release|x64.Build.0 = Release|Any CPU
		{3D1E7E01-F74A-4A00-8037-36F9D51A5860}.Release|x86.ActiveCfg = Release|Any CPU
		{3D1E7E01-F74A-4A00-8037-36F9D51A5860}.Release|x86.Build.0 = Release|Any CPU
		{CF41703F-18FB-44C2-9DCE-99D1801950C2}.Debug|Any CPU.ActiveCfg = Debug|Any CPU
		{CF41703F-18FB-44C2-9DCE-99D1801950C2}.Debug|Any CPU.Build.0 = Debug|Any CPU
		{CF41703F-18FB-44C2-9DCE-99D1801950C2}.Debug|ARM.ActiveCfg = Debug|Any CPU
		{CF41703F-18FB-44C2-9DCE-99D1801950C2}.Debug|ARM.Build.0 = Debug|Any CPU
		{CF41703F-18FB-44C2-9DCE-99D1801950C2}.Debug|iPhone.ActiveCfg = Debug|Any CPU
		{CF41703F-18FB-44C2-9DCE-99D1801950C2}.Debug|iPhone.Build.0 = Debug|Any CPU
		{CF41703F-18FB-44C2-9DCE-99D1801950C2}.Debug|iPhoneSimulator.ActiveCfg = Debug|Any CPU
		{CF41703F-18FB-44C2-9DCE-99D1801950C2}.Debug|iPhoneSimulator.Build.0 = Debug|Any CPU
		{CF41703F-18FB-44C2-9DCE-99D1801950C2}.Debug|x64.ActiveCfg = Debug|Any CPU
		{CF41703F-18FB-44C2-9DCE-99D1801950C2}.Debug|x64.Build.0 = Debug|Any CPU
		{CF41703F-18FB-44C2-9DCE-99D1801950C2}.Debug|x86.ActiveCfg = Debug|Any CPU
		{CF41703F-18FB-44C2-9DCE-99D1801950C2}.Debug|x86.Build.0 = Debug|Any CPU
		{CF41703F-18FB-44C2-9DCE-99D1801950C2}.Release|Any CPU.ActiveCfg = Release|Any CPU
		{CF41703F-18FB-44C2-9DCE-99D1801950C2}.Release|Any CPU.Build.0 = Release|Any CPU
		{CF41703F-18FB-44C2-9DCE-99D1801950C2}.Release|ARM.ActiveCfg = Release|Any CPU
		{CF41703F-18FB-44C2-9DCE-99D1801950C2}.Release|ARM.Build.0 = Release|Any CPU
		{CF41703F-18FB-44C2-9DCE-99D1801950C2}.Release|iPhone.ActiveCfg = Release|Any CPU
		{CF41703F-18FB-44C2-9DCE-99D1801950C2}.Release|iPhone.Build.0 = Release|Any CPU
		{CF41703F-18FB-44C2-9DCE-99D1801950C2}.Release|iPhoneSimulator.ActiveCfg = Release|Any CPU
		{CF41703F-18FB-44C2-9DCE-99D1801950C2}.Release|iPhoneSimulator.Build.0 = Release|Any CPU
		{CF41703F-18FB-44C2-9DCE-99D1801950C2}.Release|x64.ActiveCfg = Release|Any CPU
		{CF41703F-18FB-44C2-9DCE-99D1801950C2}.Release|x64.Build.0 = Release|Any CPU
		{CF41703F-18FB-44C2-9DCE-99D1801950C2}.Release|x86.ActiveCfg = Release|Any CPU
		{CF41703F-18FB-44C2-9DCE-99D1801950C2}.Release|x86.Build.0 = Release|Any CPU
		{63482977-DC41-47B4-89B6-8FCFE2AF03D6}.Debug|Any CPU.ActiveCfg = Debug|Any CPU
		{63482977-DC41-47B4-89B6-8FCFE2AF03D6}.Debug|Any CPU.Build.0 = Debug|Any CPU
		{63482977-DC41-47B4-89B6-8FCFE2AF03D6}.Debug|ARM.ActiveCfg = Debug|Any CPU
		{63482977-DC41-47B4-89B6-8FCFE2AF03D6}.Debug|ARM.Build.0 = Debug|Any CPU
		{63482977-DC41-47B4-89B6-8FCFE2AF03D6}.Debug|iPhone.ActiveCfg = Debug|Any CPU
		{63482977-DC41-47B4-89B6-8FCFE2AF03D6}.Debug|iPhone.Build.0 = Debug|Any CPU
		{63482977-DC41-47B4-89B6-8FCFE2AF03D6}.Debug|iPhoneSimulator.ActiveCfg = Debug|Any CPU
		{63482977-DC41-47B4-89B6-8FCFE2AF03D6}.Debug|iPhoneSimulator.Build.0 = Debug|Any CPU
		{63482977-DC41-47B4-89B6-8FCFE2AF03D6}.Debug|x64.ActiveCfg = Debug|Any CPU
		{63482977-DC41-47B4-89B6-8FCFE2AF03D6}.Debug|x64.Build.0 = Debug|Any CPU
		{63482977-DC41-47B4-89B6-8FCFE2AF03D6}.Debug|x86.ActiveCfg = Debug|Any CPU
		{63482977-DC41-47B4-89B6-8FCFE2AF03D6}.Debug|x86.Build.0 = Debug|Any CPU
		{63482977-DC41-47B4-89B6-8FCFE2AF03D6}.Release|Any CPU.ActiveCfg = Release|Any CPU
		{63482977-DC41-47B4-89B6-8FCFE2AF03D6}.Release|Any CPU.Build.0 = Release|Any CPU
		{63482977-DC41-47B4-89B6-8FCFE2AF03D6}.Release|ARM.ActiveCfg = Release|Any CPU
		{63482977-DC41-47B4-89B6-8FCFE2AF03D6}.Release|ARM.Build.0 = Release|Any CPU
		{63482977-DC41-47B4-89B6-8FCFE2AF03D6}.Release|iPhone.ActiveCfg = Release|Any CPU
		{63482977-DC41-47B4-89B6-8FCFE2AF03D6}.Release|iPhone.Build.0 = Release|Any CPU
		{63482977-DC41-47B4-89B6-8FCFE2AF03D6}.Release|iPhoneSimulator.ActiveCfg = Release|Any CPU
		{63482977-DC41-47B4-89B6-8FCFE2AF03D6}.Release|iPhoneSimulator.Build.0 = Release|Any CPU
		{63482977-DC41-47B4-89B6-8FCFE2AF03D6}.Release|x64.ActiveCfg = Release|Any CPU
		{63482977-DC41-47B4-89B6-8FCFE2AF03D6}.Release|x64.Build.0 = Release|Any CPU
		{63482977-DC41-47B4-89B6-8FCFE2AF03D6}.Release|x86.ActiveCfg = Release|Any CPU
		{63482977-DC41-47B4-89B6-8FCFE2AF03D6}.Release|x86.Build.0 = Release|Any CPU
		{6B7D9582-FA38-4DC1-A821-E01371A45360}.Debug|Any CPU.ActiveCfg = Debug|Any CPU
		{6B7D9582-FA38-4DC1-A821-E01371A45360}.Debug|Any CPU.Build.0 = Debug|Any CPU
		{6B7D9582-FA38-4DC1-A821-E01371A45360}.Debug|ARM.ActiveCfg = Debug|Any CPU
		{6B7D9582-FA38-4DC1-A821-E01371A45360}.Debug|ARM.Build.0 = Debug|Any CPU
		{6B7D9582-FA38-4DC1-A821-E01371A45360}.Debug|iPhone.ActiveCfg = Debug|Any CPU
		{6B7D9582-FA38-4DC1-A821-E01371A45360}.Debug|iPhone.Build.0 = Debug|Any CPU
		{6B7D9582-FA38-4DC1-A821-E01371A45360}.Debug|iPhoneSimulator.ActiveCfg = Debug|Any CPU
		{6B7D9582-FA38-4DC1-A821-E01371A45360}.Debug|iPhoneSimulator.Build.0 = Debug|Any CPU
		{6B7D9582-FA38-4DC1-A821-E01371A45360}.Debug|x64.ActiveCfg = Debug|Any CPU
		{6B7D9582-FA38-4DC1-A821-E01371A45360}.Debug|x64.Build.0 = Debug|Any CPU
		{6B7D9582-FA38-4DC1-A821-E01371A45360}.Debug|x86.ActiveCfg = Debug|Any CPU
		{6B7D9582-FA38-4DC1-A821-E01371A45360}.Debug|x86.Build.0 = Debug|Any CPU
		{6B7D9582-FA38-4DC1-A821-E01371A45360}.Release|Any CPU.ActiveCfg = Release|Any CPU
		{6B7D9582-FA38-4DC1-A821-E01371A45360}.Release|Any CPU.Build.0 = Release|Any CPU
		{6B7D9582-FA38-4DC1-A821-E01371A45360}.Release|ARM.ActiveCfg = Release|Any CPU
		{6B7D9582-FA38-4DC1-A821-E01371A45360}.Release|ARM.Build.0 = Release|Any CPU
		{6B7D9582-FA38-4DC1-A821-E01371A45360}.Release|iPhone.ActiveCfg = Release|Any CPU
		{6B7D9582-FA38-4DC1-A821-E01371A45360}.Release|iPhone.Build.0 = Release|Any CPU
		{6B7D9582-FA38-4DC1-A821-E01371A45360}.Release|iPhoneSimulator.ActiveCfg = Release|Any CPU
		{6B7D9582-FA38-4DC1-A821-E01371A45360}.Release|iPhoneSimulator.Build.0 = Release|Any CPU
		{6B7D9582-FA38-4DC1-A821-E01371A45360}.Release|x64.ActiveCfg = Release|Any CPU
		{6B7D9582-FA38-4DC1-A821-E01371A45360}.Release|x64.Build.0 = Release|Any CPU
		{6B7D9582-FA38-4DC1-A821-E01371A45360}.Release|x86.ActiveCfg = Release|Any CPU
		{6B7D9582-FA38-4DC1-A821-E01371A45360}.Release|x86.Build.0 = Release|Any CPU
		{6C6F040C-52B4-4FAE-A71B-0C55B070437F}.Debug|Any CPU.ActiveCfg = Debug|Any CPU
		{6C6F040C-52B4-4FAE-A71B-0C55B070437F}.Debug|Any CPU.Build.0 = Debug|Any CPU
		{6C6F040C-52B4-4FAE-A71B-0C55B070437F}.Debug|ARM.ActiveCfg = Debug|Any CPU
		{6C6F040C-52B4-4FAE-A71B-0C55B070437F}.Debug|ARM.Build.0 = Debug|Any CPU
		{6C6F040C-52B4-4FAE-A71B-0C55B070437F}.Debug|iPhone.ActiveCfg = Debug|Any CPU
		{6C6F040C-52B4-4FAE-A71B-0C55B070437F}.Debug|iPhone.Build.0 = Debug|Any CPU
		{6C6F040C-52B4-4FAE-A71B-0C55B070437F}.Debug|iPhoneSimulator.ActiveCfg = Debug|Any CPU
		{6C6F040C-52B4-4FAE-A71B-0C55B070437F}.Debug|iPhoneSimulator.Build.0 = Debug|Any CPU
		{6C6F040C-52B4-4FAE-A71B-0C55B070437F}.Debug|x64.ActiveCfg = Debug|Any CPU
		{6C6F040C-52B4-4FAE-A71B-0C55B070437F}.Debug|x64.Build.0 = Debug|Any CPU
		{6C6F040C-52B4-4FAE-A71B-0C55B070437F}.Debug|x86.ActiveCfg = Debug|Any CPU
		{6C6F040C-52B4-4FAE-A71B-0C55B070437F}.Debug|x86.Build.0 = Debug|Any CPU
		{6C6F040C-52B4-4FAE-A71B-0C55B070437F}.Release|Any CPU.ActiveCfg = Release|Any CPU
		{6C6F040C-52B4-4FAE-A71B-0C55B070437F}.Release|Any CPU.Build.0 = Release|Any CPU
		{6C6F040C-52B4-4FAE-A71B-0C55B070437F}.Release|ARM.ActiveCfg = Release|Any CPU
		{6C6F040C-52B4-4FAE-A71B-0C55B070437F}.Release|ARM.Build.0 = Release|Any CPU
		{6C6F040C-52B4-4FAE-A71B-0C55B070437F}.Release|iPhone.ActiveCfg = Release|Any CPU
		{6C6F040C-52B4-4FAE-A71B-0C55B070437F}.Release|iPhone.Build.0 = Release|Any CPU
		{6C6F040C-52B4-4FAE-A71B-0C55B070437F}.Release|iPhoneSimulator.ActiveCfg = Release|Any CPU
		{6C6F040C-52B4-4FAE-A71B-0C55B070437F}.Release|iPhoneSimulator.Build.0 = Release|Any CPU
		{6C6F040C-52B4-4FAE-A71B-0C55B070437F}.Release|x64.ActiveCfg = Release|Any CPU
		{6C6F040C-52B4-4FAE-A71B-0C55B070437F}.Release|x64.Build.0 = Release|Any CPU
		{6C6F040C-52B4-4FAE-A71B-0C55B070437F}.Release|x86.ActiveCfg = Release|Any CPU
		{6C6F040C-52B4-4FAE-A71B-0C55B070437F}.Release|x86.Build.0 = Release|Any CPU
		{B9F98DB9-8957-45D8-88AC-54D771C23C60}.Debug|Any CPU.ActiveCfg = Debug|Any CPU
		{B9F98DB9-8957-45D8-88AC-54D771C23C60}.Debug|Any CPU.Build.0 = Debug|Any CPU
		{B9F98DB9-8957-45D8-88AC-54D771C23C60}.Debug|ARM.ActiveCfg = Debug|Any CPU
		{B9F98DB9-8957-45D8-88AC-54D771C23C60}.Debug|ARM.Build.0 = Debug|Any CPU
		{B9F98DB9-8957-45D8-88AC-54D771C23C60}.Debug|iPhone.ActiveCfg = Debug|Any CPU
		{B9F98DB9-8957-45D8-88AC-54D771C23C60}.Debug|iPhone.Build.0 = Debug|Any CPU
		{B9F98DB9-8957-45D8-88AC-54D771C23C60}.Debug|iPhoneSimulator.ActiveCfg = Debug|Any CPU
		{B9F98DB9-8957-45D8-88AC-54D771C23C60}.Debug|iPhoneSimulator.Build.0 = Debug|Any CPU
		{B9F98DB9-8957-45D8-88AC-54D771C23C60}.Debug|x64.ActiveCfg = Debug|Any CPU
		{B9F98DB9-8957-45D8-88AC-54D771C23C60}.Debug|x64.Build.0 = Debug|Any CPU
		{B9F98DB9-8957-45D8-88AC-54D771C23C60}.Debug|x86.ActiveCfg = Debug|Any CPU
		{B9F98DB9-8957-45D8-88AC-54D771C23C60}.Debug|x86.Build.0 = Debug|Any CPU
		{B9F98DB9-8957-45D8-88AC-54D771C23C60}.Release|Any CPU.ActiveCfg = Release|Any CPU
		{B9F98DB9-8957-45D8-88AC-54D771C23C60}.Release|Any CPU.Build.0 = Release|Any CPU
		{B9F98DB9-8957-45D8-88AC-54D771C23C60}.Release|ARM.ActiveCfg = Release|Any CPU
		{B9F98DB9-8957-45D8-88AC-54D771C23C60}.Release|ARM.Build.0 = Release|Any CPU
		{B9F98DB9-8957-45D8-88AC-54D771C23C60}.Release|iPhone.ActiveCfg = Release|Any CPU
		{B9F98DB9-8957-45D8-88AC-54D771C23C60}.Release|iPhone.Build.0 = Release|Any CPU
		{B9F98DB9-8957-45D8-88AC-54D771C23C60}.Release|iPhoneSimulator.ActiveCfg = Release|Any CPU
		{B9F98DB9-8957-45D8-88AC-54D771C23C60}.Release|iPhoneSimulator.Build.0 = Release|Any CPU
		{B9F98DB9-8957-45D8-88AC-54D771C23C60}.Release|x64.ActiveCfg = Release|Any CPU
		{B9F98DB9-8957-45D8-88AC-54D771C23C60}.Release|x64.Build.0 = Release|Any CPU
		{B9F98DB9-8957-45D8-88AC-54D771C23C60}.Release|x86.ActiveCfg = Release|Any CPU
		{B9F98DB9-8957-45D8-88AC-54D771C23C60}.Release|x86.Build.0 = Release|Any CPU
		{BBB806F2-2F71-4CE7-A5EE-706988CE1898}.Debug|Any CPU.ActiveCfg = Debug|Any CPU
		{BBB806F2-2F71-4CE7-A5EE-706988CE1898}.Debug|Any CPU.Build.0 = Debug|Any CPU
		{BBB806F2-2F71-4CE7-A5EE-706988CE1898}.Debug|ARM.ActiveCfg = Debug|Any CPU
		{BBB806F2-2F71-4CE7-A5EE-706988CE1898}.Debug|ARM.Build.0 = Debug|Any CPU
		{BBB806F2-2F71-4CE7-A5EE-706988CE1898}.Debug|iPhone.ActiveCfg = Debug|Any CPU
		{BBB806F2-2F71-4CE7-A5EE-706988CE1898}.Debug|iPhone.Build.0 = Debug|Any CPU
		{BBB806F2-2F71-4CE7-A5EE-706988CE1898}.Debug|iPhoneSimulator.ActiveCfg = Debug|Any CPU
		{BBB806F2-2F71-4CE7-A5EE-706988CE1898}.Debug|iPhoneSimulator.Build.0 = Debug|Any CPU
		{BBB806F2-2F71-4CE7-A5EE-706988CE1898}.Debug|x64.ActiveCfg = Debug|Any CPU
		{BBB806F2-2F71-4CE7-A5EE-706988CE1898}.Debug|x64.Build.0 = Debug|Any CPU
		{BBB806F2-2F71-4CE7-A5EE-706988CE1898}.Debug|x86.ActiveCfg = Debug|Any CPU
		{BBB806F2-2F71-4CE7-A5EE-706988CE1898}.Debug|x86.Build.0 = Debug|Any CPU
		{BBB806F2-2F71-4CE7-A5EE-706988CE1898}.Release|Any CPU.ActiveCfg = Release|Any CPU
		{BBB806F2-2F71-4CE7-A5EE-706988CE1898}.Release|Any CPU.Build.0 = Release|Any CPU
		{BBB806F2-2F71-4CE7-A5EE-706988CE1898}.Release|ARM.ActiveCfg = Release|Any CPU
		{BBB806F2-2F71-4CE7-A5EE-706988CE1898}.Release|ARM.Build.0 = Release|Any CPU
		{BBB806F2-2F71-4CE7-A5EE-706988CE1898}.Release|iPhone.ActiveCfg = Release|Any CPU
		{BBB806F2-2F71-4CE7-A5EE-706988CE1898}.Release|iPhone.Build.0 = Release|Any CPU
		{BBB806F2-2F71-4CE7-A5EE-706988CE1898}.Release|iPhoneSimulator.ActiveCfg = Release|Any CPU
		{BBB806F2-2F71-4CE7-A5EE-706988CE1898}.Release|iPhoneSimulator.Build.0 = Release|Any CPU
		{BBB806F2-2F71-4CE7-A5EE-706988CE1898}.Release|x64.ActiveCfg = Release|Any CPU
		{BBB806F2-2F71-4CE7-A5EE-706988CE1898}.Release|x64.Build.0 = Release|Any CPU
		{BBB806F2-2F71-4CE7-A5EE-706988CE1898}.Release|x86.ActiveCfg = Release|Any CPU
		{BBB806F2-2F71-4CE7-A5EE-706988CE1898}.Release|x86.Build.0 = Release|Any CPU
		{779ED48A-294D-44B7-A9B6-031400A941FB}.Debug|Any CPU.ActiveCfg = Debug|Any CPU
		{779ED48A-294D-44B7-A9B6-031400A941FB}.Debug|Any CPU.Build.0 = Debug|Any CPU
		{779ED48A-294D-44B7-A9B6-031400A941FB}.Debug|ARM.ActiveCfg = Debug|Any CPU
		{779ED48A-294D-44B7-A9B6-031400A941FB}.Debug|ARM.Build.0 = Debug|Any CPU
		{779ED48A-294D-44B7-A9B6-031400A941FB}.Debug|iPhone.ActiveCfg = Debug|Any CPU
		{779ED48A-294D-44B7-A9B6-031400A941FB}.Debug|iPhone.Build.0 = Debug|Any CPU
		{779ED48A-294D-44B7-A9B6-031400A941FB}.Debug|iPhoneSimulator.ActiveCfg = Debug|Any CPU
		{779ED48A-294D-44B7-A9B6-031400A941FB}.Debug|iPhoneSimulator.Build.0 = Debug|Any CPU
		{779ED48A-294D-44B7-A9B6-031400A941FB}.Debug|x64.ActiveCfg = Debug|Any CPU
		{779ED48A-294D-44B7-A9B6-031400A941FB}.Debug|x64.Build.0 = Debug|Any CPU
		{779ED48A-294D-44B7-A9B6-031400A941FB}.Debug|x86.ActiveCfg = Debug|Any CPU
		{779ED48A-294D-44B7-A9B6-031400A941FB}.Debug|x86.Build.0 = Debug|Any CPU
		{779ED48A-294D-44B7-A9B6-031400A941FB}.Release|Any CPU.ActiveCfg = Release|Any CPU
		{779ED48A-294D-44B7-A9B6-031400A941FB}.Release|Any CPU.Build.0 = Release|Any CPU
		{779ED48A-294D-44B7-A9B6-031400A941FB}.Release|ARM.ActiveCfg = Release|Any CPU
		{779ED48A-294D-44B7-A9B6-031400A941FB}.Release|ARM.Build.0 = Release|Any CPU
		{779ED48A-294D-44B7-A9B6-031400A941FB}.Release|iPhone.ActiveCfg = Release|Any CPU
		{779ED48A-294D-44B7-A9B6-031400A941FB}.Release|iPhone.Build.0 = Release|Any CPU
		{779ED48A-294D-44B7-A9B6-031400A941FB}.Release|iPhoneSimulator.ActiveCfg = Release|Any CPU
		{779ED48A-294D-44B7-A9B6-031400A941FB}.Release|iPhoneSimulator.Build.0 = Release|Any CPU
		{779ED48A-294D-44B7-A9B6-031400A941FB}.Release|x64.ActiveCfg = Release|Any CPU
		{779ED48A-294D-44B7-A9B6-031400A941FB}.Release|x64.Build.0 = Release|Any CPU
		{779ED48A-294D-44B7-A9B6-031400A941FB}.Release|x86.ActiveCfg = Release|Any CPU
		{779ED48A-294D-44B7-A9B6-031400A941FB}.Release|x86.Build.0 = Release|Any CPU
		{336B590A-1E16-42BF-A9B5-A8125E1B0063}.Debug|Any CPU.ActiveCfg = Debug|Any CPU
		{336B590A-1E16-42BF-A9B5-A8125E1B0063}.Debug|Any CPU.Build.0 = Debug|Any CPU
		{336B590A-1E16-42BF-A9B5-A8125E1B0063}.Debug|ARM.ActiveCfg = Debug|Any CPU
		{336B590A-1E16-42BF-A9B5-A8125E1B0063}.Debug|ARM.Build.0 = Debug|Any CPU
		{336B590A-1E16-42BF-A9B5-A8125E1B0063}.Debug|iPhone.ActiveCfg = Debug|Any CPU
		{336B590A-1E16-42BF-A9B5-A8125E1B0063}.Debug|iPhone.Build.0 = Debug|Any CPU
		{336B590A-1E16-42BF-A9B5-A8125E1B0063}.Debug|iPhoneSimulator.ActiveCfg = Debug|Any CPU
		{336B590A-1E16-42BF-A9B5-A8125E1B0063}.Debug|iPhoneSimulator.Build.0 = Debug|Any CPU
		{336B590A-1E16-42BF-A9B5-A8125E1B0063}.Debug|x64.ActiveCfg = Debug|Any CPU
		{336B590A-1E16-42BF-A9B5-A8125E1B0063}.Debug|x64.Build.0 = Debug|Any CPU
		{336B590A-1E16-42BF-A9B5-A8125E1B0063}.Debug|x86.ActiveCfg = Debug|Any CPU
		{336B590A-1E16-42BF-A9B5-A8125E1B0063}.Debug|x86.Build.0 = Debug|Any CPU
		{336B590A-1E16-42BF-A9B5-A8125E1B0063}.Release|Any CPU.ActiveCfg = Release|Any CPU
		{336B590A-1E16-42BF-A9B5-A8125E1B0063}.Release|Any CPU.Build.0 = Release|Any CPU
		{336B590A-1E16-42BF-A9B5-A8125E1B0063}.Release|ARM.ActiveCfg = Release|Any CPU
		{336B590A-1E16-42BF-A9B5-A8125E1B0063}.Release|ARM.Build.0 = Release|Any CPU
		{336B590A-1E16-42BF-A9B5-A8125E1B0063}.Release|iPhone.ActiveCfg = Release|Any CPU
		{336B590A-1E16-42BF-A9B5-A8125E1B0063}.Release|iPhone.Build.0 = Release|Any CPU
		{336B590A-1E16-42BF-A9B5-A8125E1B0063}.Release|iPhoneSimulator.ActiveCfg = Release|Any CPU
		{336B590A-1E16-42BF-A9B5-A8125E1B0063}.Release|iPhoneSimulator.Build.0 = Release|Any CPU
		{336B590A-1E16-42BF-A9B5-A8125E1B0063}.Release|x64.ActiveCfg = Release|Any CPU
		{336B590A-1E16-42BF-A9B5-A8125E1B0063}.Release|x64.Build.0 = Release|Any CPU
		{336B590A-1E16-42BF-A9B5-A8125E1B0063}.Release|x86.ActiveCfg = Release|Any CPU
		{336B590A-1E16-42BF-A9B5-A8125E1B0063}.Release|x86.Build.0 = Release|Any CPU
		{8588D3D4-96FC-4AF3-BCF8-DF059ABD5F75}.Debug|Any CPU.ActiveCfg = Debug|Any CPU
		{8588D3D4-96FC-4AF3-BCF8-DF059ABD5F75}.Debug|Any CPU.Build.0 = Debug|Any CPU
		{8588D3D4-96FC-4AF3-BCF8-DF059ABD5F75}.Debug|ARM.ActiveCfg = Debug|Any CPU
		{8588D3D4-96FC-4AF3-BCF8-DF059ABD5F75}.Debug|ARM.Build.0 = Debug|Any CPU
		{8588D3D4-96FC-4AF3-BCF8-DF059ABD5F75}.Debug|iPhone.ActiveCfg = Debug|Any CPU
		{8588D3D4-96FC-4AF3-BCF8-DF059ABD5F75}.Debug|iPhone.Build.0 = Debug|Any CPU
		{8588D3D4-96FC-4AF3-BCF8-DF059ABD5F75}.Debug|iPhoneSimulator.ActiveCfg = Debug|Any CPU
		{8588D3D4-96FC-4AF3-BCF8-DF059ABD5F75}.Debug|iPhoneSimulator.Build.0 = Debug|Any CPU
		{8588D3D4-96FC-4AF3-BCF8-DF059ABD5F75}.Debug|x64.ActiveCfg = Debug|Any CPU
		{8588D3D4-96FC-4AF3-BCF8-DF059ABD5F75}.Debug|x64.Build.0 = Debug|Any CPU
		{8588D3D4-96FC-4AF3-BCF8-DF059ABD5F75}.Debug|x86.ActiveCfg = Debug|Any CPU
		{8588D3D4-96FC-4AF3-BCF8-DF059ABD5F75}.Debug|x86.Build.0 = Debug|Any CPU
		{8588D3D4-96FC-4AF3-BCF8-DF059ABD5F75}.Release|Any CPU.ActiveCfg = Release|Any CPU
		{8588D3D4-96FC-4AF3-BCF8-DF059ABD5F75}.Release|Any CPU.Build.0 = Release|Any CPU
		{8588D3D4-96FC-4AF3-BCF8-DF059ABD5F75}.Release|ARM.ActiveCfg = Release|Any CPU
		{8588D3D4-96FC-4AF3-BCF8-DF059ABD5F75}.Release|ARM.Build.0 = Release|Any CPU
		{8588D3D4-96FC-4AF3-BCF8-DF059ABD5F75}.Release|iPhone.ActiveCfg = Release|Any CPU
		{8588D3D4-96FC-4AF3-BCF8-DF059ABD5F75}.Release|iPhone.Build.0 = Release|Any CPU
		{8588D3D4-96FC-4AF3-BCF8-DF059ABD5F75}.Release|iPhoneSimulator.ActiveCfg = Release|Any CPU
		{8588D3D4-96FC-4AF3-BCF8-DF059ABD5F75}.Release|iPhoneSimulator.Build.0 = Release|Any CPU
		{8588D3D4-96FC-4AF3-BCF8-DF059ABD5F75}.Release|x64.ActiveCfg = Release|Any CPU
		{8588D3D4-96FC-4AF3-BCF8-DF059ABD5F75}.Release|x64.Build.0 = Release|Any CPU
		{8588D3D4-96FC-4AF3-BCF8-DF059ABD5F75}.Release|x86.ActiveCfg = Release|Any CPU
		{8588D3D4-96FC-4AF3-BCF8-DF059ABD5F75}.Release|x86.Build.0 = Release|Any CPU
		{39784D84-EFE5-4511-9303-9FA3A171501A}.Debug|Any CPU.ActiveCfg = Debug|Any CPU
		{39784D84-EFE5-4511-9303-9FA3A171501A}.Debug|Any CPU.Build.0 = Debug|Any CPU
		{39784D84-EFE5-4511-9303-9FA3A171501A}.Debug|ARM.ActiveCfg = Debug|Any CPU
		{39784D84-EFE5-4511-9303-9FA3A171501A}.Debug|ARM.Build.0 = Debug|Any CPU
		{39784D84-EFE5-4511-9303-9FA3A171501A}.Debug|iPhone.ActiveCfg = Debug|Any CPU
		{39784D84-EFE5-4511-9303-9FA3A171501A}.Debug|iPhone.Build.0 = Debug|Any CPU
		{39784D84-EFE5-4511-9303-9FA3A171501A}.Debug|iPhoneSimulator.ActiveCfg = Debug|Any CPU
		{39784D84-EFE5-4511-9303-9FA3A171501A}.Debug|iPhoneSimulator.Build.0 = Debug|Any CPU
		{39784D84-EFE5-4511-9303-9FA3A171501A}.Debug|x64.ActiveCfg = Debug|Any CPU
		{39784D84-EFE5-4511-9303-9FA3A171501A}.Debug|x64.Build.0 = Debug|Any CPU
		{39784D84-EFE5-4511-9303-9FA3A171501A}.Debug|x86.ActiveCfg = Debug|Any CPU
		{39784D84-EFE5-4511-9303-9FA3A171501A}.Debug|x86.Build.0 = Debug|Any CPU
		{39784D84-EFE5-4511-9303-9FA3A171501A}.Release|Any CPU.ActiveCfg = Release|Any CPU
		{39784D84-EFE5-4511-9303-9FA3A171501A}.Release|Any CPU.Build.0 = Release|Any CPU
		{39784D84-EFE5-4511-9303-9FA3A171501A}.Release|ARM.ActiveCfg = Release|Any CPU
		{39784D84-EFE5-4511-9303-9FA3A171501A}.Release|ARM.Build.0 = Release|Any CPU
		{39784D84-EFE5-4511-9303-9FA3A171501A}.Release|iPhone.ActiveCfg = Release|Any CPU
		{39784D84-EFE5-4511-9303-9FA3A171501A}.Release|iPhone.Build.0 = Release|Any CPU
		{39784D84-EFE5-4511-9303-9FA3A171501A}.Release|iPhoneSimulator.ActiveCfg = Release|Any CPU
		{39784D84-EFE5-4511-9303-9FA3A171501A}.Release|iPhoneSimulator.Build.0 = Release|Any CPU
		{39784D84-EFE5-4511-9303-9FA3A171501A}.Release|x64.ActiveCfg = Release|Any CPU
		{39784D84-EFE5-4511-9303-9FA3A171501A}.Release|x64.Build.0 = Release|Any CPU
		{39784D84-EFE5-4511-9303-9FA3A171501A}.Release|x86.ActiveCfg = Release|Any CPU
		{39784D84-EFE5-4511-9303-9FA3A171501A}.Release|x86.Build.0 = Release|Any CPU
		{E5DC7C99-139B-4577-865D-310FECA75125}.Debug|Any CPU.ActiveCfg = Debug|Any CPU
		{E5DC7C99-139B-4577-865D-310FECA75125}.Debug|Any CPU.Build.0 = Debug|Any CPU
		{E5DC7C99-139B-4577-865D-310FECA75125}.Debug|ARM.ActiveCfg = Debug|Any CPU
		{E5DC7C99-139B-4577-865D-310FECA75125}.Debug|ARM.Build.0 = Debug|Any CPU
		{E5DC7C99-139B-4577-865D-310FECA75125}.Debug|iPhone.ActiveCfg = Debug|Any CPU
		{E5DC7C99-139B-4577-865D-310FECA75125}.Debug|iPhone.Build.0 = Debug|Any CPU
		{E5DC7C99-139B-4577-865D-310FECA75125}.Debug|iPhoneSimulator.ActiveCfg = Debug|Any CPU
		{E5DC7C99-139B-4577-865D-310FECA75125}.Debug|iPhoneSimulator.Build.0 = Debug|Any CPU
		{E5DC7C99-139B-4577-865D-310FECA75125}.Debug|x64.ActiveCfg = Debug|Any CPU
		{E5DC7C99-139B-4577-865D-310FECA75125}.Debug|x64.Build.0 = Debug|Any CPU
		{E5DC7C99-139B-4577-865D-310FECA75125}.Debug|x86.ActiveCfg = Debug|Any CPU
		{E5DC7C99-139B-4577-865D-310FECA75125}.Debug|x86.Build.0 = Debug|Any CPU
		{E5DC7C99-139B-4577-865D-310FECA75125}.Release|Any CPU.ActiveCfg = Release|Any CPU
		{E5DC7C99-139B-4577-865D-310FECA75125}.Release|Any CPU.Build.0 = Release|Any CPU
		{E5DC7C99-139B-4577-865D-310FECA75125}.Release|ARM.ActiveCfg = Release|Any CPU
		{E5DC7C99-139B-4577-865D-310FECA75125}.Release|ARM.Build.0 = Release|Any CPU
		{E5DC7C99-139B-4577-865D-310FECA75125}.Release|iPhone.ActiveCfg = Release|Any CPU
		{E5DC7C99-139B-4577-865D-310FECA75125}.Release|iPhone.Build.0 = Release|Any CPU
		{E5DC7C99-139B-4577-865D-310FECA75125}.Release|iPhoneSimulator.ActiveCfg = Release|Any CPU
		{E5DC7C99-139B-4577-865D-310FECA75125}.Release|iPhoneSimulator.Build.0 = Release|Any CPU
		{E5DC7C99-139B-4577-865D-310FECA75125}.Release|x64.ActiveCfg = Release|Any CPU
		{E5DC7C99-139B-4577-865D-310FECA75125}.Release|x64.Build.0 = Release|Any CPU
		{E5DC7C99-139B-4577-865D-310FECA75125}.Release|x86.ActiveCfg = Release|Any CPU
		{E5DC7C99-139B-4577-865D-310FECA75125}.Release|x86.Build.0 = Release|Any CPU
		{1B8477F3-0F18-4DFE-878A-7D17EEDD41B6}.Debug|Any CPU.ActiveCfg = Debug|Any CPU
		{1B8477F3-0F18-4DFE-878A-7D17EEDD41B6}.Debug|Any CPU.Build.0 = Debug|Any CPU
		{1B8477F3-0F18-4DFE-878A-7D17EEDD41B6}.Debug|ARM.ActiveCfg = Debug|Any CPU
		{1B8477F3-0F18-4DFE-878A-7D17EEDD41B6}.Debug|ARM.Build.0 = Debug|Any CPU
		{1B8477F3-0F18-4DFE-878A-7D17EEDD41B6}.Debug|iPhone.ActiveCfg = Debug|Any CPU
		{1B8477F3-0F18-4DFE-878A-7D17EEDD41B6}.Debug|iPhone.Build.0 = Debug|Any CPU
		{1B8477F3-0F18-4DFE-878A-7D17EEDD41B6}.Debug|iPhoneSimulator.ActiveCfg = Debug|Any CPU
		{1B8477F3-0F18-4DFE-878A-7D17EEDD41B6}.Debug|iPhoneSimulator.Build.0 = Debug|Any CPU
		{1B8477F3-0F18-4DFE-878A-7D17EEDD41B6}.Debug|x64.ActiveCfg = Debug|Any CPU
		{1B8477F3-0F18-4DFE-878A-7D17EEDD41B6}.Debug|x64.Build.0 = Debug|Any CPU
		{1B8477F3-0F18-4DFE-878A-7D17EEDD41B6}.Debug|x86.ActiveCfg = Debug|Any CPU
		{1B8477F3-0F18-4DFE-878A-7D17EEDD41B6}.Debug|x86.Build.0 = Debug|Any CPU
		{1B8477F3-0F18-4DFE-878A-7D17EEDD41B6}.Release|Any CPU.ActiveCfg = Release|Any CPU
		{1B8477F3-0F18-4DFE-878A-7D17EEDD41B6}.Release|Any CPU.Build.0 = Release|Any CPU
		{1B8477F3-0F18-4DFE-878A-7D17EEDD41B6}.Release|ARM.ActiveCfg = Release|Any CPU
		{1B8477F3-0F18-4DFE-878A-7D17EEDD41B6}.Release|ARM.Build.0 = Release|Any CPU
		{1B8477F3-0F18-4DFE-878A-7D17EEDD41B6}.Release|iPhone.ActiveCfg = Release|Any CPU
		{1B8477F3-0F18-4DFE-878A-7D17EEDD41B6}.Release|iPhone.Build.0 = Release|Any CPU
		{1B8477F3-0F18-4DFE-878A-7D17EEDD41B6}.Release|iPhoneSimulator.ActiveCfg = Release|Any CPU
		{1B8477F3-0F18-4DFE-878A-7D17EEDD41B6}.Release|iPhoneSimulator.Build.0 = Release|Any CPU
		{1B8477F3-0F18-4DFE-878A-7D17EEDD41B6}.Release|x64.ActiveCfg = Release|Any CPU
		{1B8477F3-0F18-4DFE-878A-7D17EEDD41B6}.Release|x64.Build.0 = Release|Any CPU
		{1B8477F3-0F18-4DFE-878A-7D17EEDD41B6}.Release|x86.ActiveCfg = Release|Any CPU
		{1B8477F3-0F18-4DFE-878A-7D17EEDD41B6}.Release|x86.Build.0 = Release|Any CPU
		{96E7B116-9CE7-4294-A055-CB2C5347F6AC}.Debug|Any CPU.ActiveCfg = Debug|x86
		{96E7B116-9CE7-4294-A055-CB2C5347F6AC}.Debug|ARM.ActiveCfg = Debug|ARM
		{96E7B116-9CE7-4294-A055-CB2C5347F6AC}.Debug|ARM.Build.0 = Debug|ARM
		{96E7B116-9CE7-4294-A055-CB2C5347F6AC}.Debug|ARM.Deploy.0 = Debug|ARM
		{96E7B116-9CE7-4294-A055-CB2C5347F6AC}.Debug|iPhone.ActiveCfg = Debug|x86
		{96E7B116-9CE7-4294-A055-CB2C5347F6AC}.Debug|iPhoneSimulator.ActiveCfg = Debug|x86
		{96E7B116-9CE7-4294-A055-CB2C5347F6AC}.Debug|x64.ActiveCfg = Debug|x64
		{96E7B116-9CE7-4294-A055-CB2C5347F6AC}.Debug|x64.Build.0 = Debug|x64
		{96E7B116-9CE7-4294-A055-CB2C5347F6AC}.Debug|x64.Deploy.0 = Debug|x64
		{96E7B116-9CE7-4294-A055-CB2C5347F6AC}.Debug|x86.ActiveCfg = Debug|x86
		{96E7B116-9CE7-4294-A055-CB2C5347F6AC}.Debug|x86.Build.0 = Debug|x86
		{96E7B116-9CE7-4294-A055-CB2C5347F6AC}.Debug|x86.Deploy.0 = Debug|x86
		{96E7B116-9CE7-4294-A055-CB2C5347F6AC}.Release|Any CPU.ActiveCfg = Release|x86
		{96E7B116-9CE7-4294-A055-CB2C5347F6AC}.Release|ARM.ActiveCfg = Release|ARM
		{96E7B116-9CE7-4294-A055-CB2C5347F6AC}.Release|ARM.Build.0 = Release|ARM
		{96E7B116-9CE7-4294-A055-CB2C5347F6AC}.Release|ARM.Deploy.0 = Release|ARM
		{96E7B116-9CE7-4294-A055-CB2C5347F6AC}.Release|iPhone.ActiveCfg = Release|x86
		{96E7B116-9CE7-4294-A055-CB2C5347F6AC}.Release|iPhoneSimulator.ActiveCfg = Release|x86
		{96E7B116-9CE7-4294-A055-CB2C5347F6AC}.Release|x64.ActiveCfg = Release|x64
		{96E7B116-9CE7-4294-A055-CB2C5347F6AC}.Release|x64.Build.0 = Release|x64
		{96E7B116-9CE7-4294-A055-CB2C5347F6AC}.Release|x64.Deploy.0 = Release|x64
		{96E7B116-9CE7-4294-A055-CB2C5347F6AC}.Release|x86.ActiveCfg = Release|x86
		{96E7B116-9CE7-4294-A055-CB2C5347F6AC}.Release|x86.Build.0 = Release|x86
		{96E7B116-9CE7-4294-A055-CB2C5347F6AC}.Release|x86.Deploy.0 = Release|x86
		{28043795-E8CD-4232-A4DD-604C8DC5726B}.Debug|Any CPU.ActiveCfg = Debug|Any CPU
		{28043795-E8CD-4232-A4DD-604C8DC5726B}.Debug|Any CPU.Build.0 = Debug|Any CPU
		{28043795-E8CD-4232-A4DD-604C8DC5726B}.Debug|Any CPU.Deploy.0 = Debug|Any CPU
		{28043795-E8CD-4232-A4DD-604C8DC5726B}.Debug|ARM.ActiveCfg = Debug|Any CPU
		{28043795-E8CD-4232-A4DD-604C8DC5726B}.Debug|ARM.Build.0 = Debug|Any CPU
		{28043795-E8CD-4232-A4DD-604C8DC5726B}.Debug|ARM.Deploy.0 = Debug|Any CPU
		{28043795-E8CD-4232-A4DD-604C8DC5726B}.Debug|iPhone.ActiveCfg = Debug|Any CPU
		{28043795-E8CD-4232-A4DD-604C8DC5726B}.Debug|iPhone.Build.0 = Debug|Any CPU
		{28043795-E8CD-4232-A4DD-604C8DC5726B}.Debug|iPhone.Deploy.0 = Debug|Any CPU
		{28043795-E8CD-4232-A4DD-604C8DC5726B}.Debug|iPhoneSimulator.ActiveCfg = Debug|Any CPU
		{28043795-E8CD-4232-A4DD-604C8DC5726B}.Debug|iPhoneSimulator.Build.0 = Debug|Any CPU
		{28043795-E8CD-4232-A4DD-604C8DC5726B}.Debug|iPhoneSimulator.Deploy.0 = Debug|Any CPU
		{28043795-E8CD-4232-A4DD-604C8DC5726B}.Debug|x64.ActiveCfg = Debug|Any CPU
		{28043795-E8CD-4232-A4DD-604C8DC5726B}.Debug|x64.Build.0 = Debug|Any CPU
		{28043795-E8CD-4232-A4DD-604C8DC5726B}.Debug|x64.Deploy.0 = Debug|Any CPU
		{28043795-E8CD-4232-A4DD-604C8DC5726B}.Debug|x86.ActiveCfg = Debug|Any CPU
		{28043795-E8CD-4232-A4DD-604C8DC5726B}.Debug|x86.Build.0 = Debug|Any CPU
		{28043795-E8CD-4232-A4DD-604C8DC5726B}.Debug|x86.Deploy.0 = Debug|Any CPU
		{28043795-E8CD-4232-A4DD-604C8DC5726B}.Release|Any CPU.ActiveCfg = Release|Any CPU
		{28043795-E8CD-4232-A4DD-604C8DC5726B}.Release|Any CPU.Build.0 = Release|Any CPU
		{28043795-E8CD-4232-A4DD-604C8DC5726B}.Release|Any CPU.Deploy.0 = Release|Any CPU
		{28043795-E8CD-4232-A4DD-604C8DC5726B}.Release|ARM.ActiveCfg = Release|Any CPU
		{28043795-E8CD-4232-A4DD-604C8DC5726B}.Release|ARM.Build.0 = Release|Any CPU
		{28043795-E8CD-4232-A4DD-604C8DC5726B}.Release|ARM.Deploy.0 = Release|Any CPU
		{28043795-E8CD-4232-A4DD-604C8DC5726B}.Release|iPhone.ActiveCfg = Release|Any CPU
		{28043795-E8CD-4232-A4DD-604C8DC5726B}.Release|iPhone.Build.0 = Release|Any CPU
		{28043795-E8CD-4232-A4DD-604C8DC5726B}.Release|iPhone.Deploy.0 = Release|Any CPU
		{28043795-E8CD-4232-A4DD-604C8DC5726B}.Release|iPhoneSimulator.ActiveCfg = Release|Any CPU
		{28043795-E8CD-4232-A4DD-604C8DC5726B}.Release|iPhoneSimulator.Build.0 = Release|Any CPU
		{28043795-E8CD-4232-A4DD-604C8DC5726B}.Release|iPhoneSimulator.Deploy.0 = Release|Any CPU
		{28043795-E8CD-4232-A4DD-604C8DC5726B}.Release|x64.ActiveCfg = Release|Any CPU
		{28043795-E8CD-4232-A4DD-604C8DC5726B}.Release|x64.Build.0 = Release|Any CPU
		{28043795-E8CD-4232-A4DD-604C8DC5726B}.Release|x64.Deploy.0 = Release|Any CPU
		{28043795-E8CD-4232-A4DD-604C8DC5726B}.Release|x86.ActiveCfg = Release|Any CPU
		{28043795-E8CD-4232-A4DD-604C8DC5726B}.Release|x86.Build.0 = Release|Any CPU
		{28043795-E8CD-4232-A4DD-604C8DC5726B}.Release|x86.Deploy.0 = Release|Any CPU
		{3482D105-D9A2-4AA6-A8E0-12205EA5012D}.Debug|Any CPU.ActiveCfg = Debug|iPhone
		{3482D105-D9A2-4AA6-A8E0-12205EA5012D}.Debug|ARM.ActiveCfg = Debug|iPhone
		{3482D105-D9A2-4AA6-A8E0-12205EA5012D}.Debug|iPhone.ActiveCfg = Debug|iPhone
		{3482D105-D9A2-4AA6-A8E0-12205EA5012D}.Debug|iPhone.Build.0 = Debug|iPhone
		{3482D105-D9A2-4AA6-A8E0-12205EA5012D}.Debug|iPhoneSimulator.ActiveCfg = Debug|iPhoneSimulator
		{3482D105-D9A2-4AA6-A8E0-12205EA5012D}.Debug|iPhoneSimulator.Build.0 = Debug|iPhoneSimulator
		{3482D105-D9A2-4AA6-A8E0-12205EA5012D}.Debug|x64.ActiveCfg = Debug|iPhone
		{3482D105-D9A2-4AA6-A8E0-12205EA5012D}.Debug|x86.ActiveCfg = Debug|iPhone
		{3482D105-D9A2-4AA6-A8E0-12205EA5012D}.Release|Any CPU.ActiveCfg = Release|iPhone
		{3482D105-D9A2-4AA6-A8E0-12205EA5012D}.Release|ARM.ActiveCfg = Release|iPhone
		{3482D105-D9A2-4AA6-A8E0-12205EA5012D}.Release|iPhone.ActiveCfg = Release|iPhone
		{3482D105-D9A2-4AA6-A8E0-12205EA5012D}.Release|iPhone.Build.0 = Release|iPhone
		{3482D105-D9A2-4AA6-A8E0-12205EA5012D}.Release|iPhoneSimulator.ActiveCfg = Release|iPhoneSimulator
		{3482D105-D9A2-4AA6-A8E0-12205EA5012D}.Release|iPhoneSimulator.Build.0 = Release|iPhoneSimulator
		{3482D105-D9A2-4AA6-A8E0-12205EA5012D}.Release|x64.ActiveCfg = Release|iPhone
		{3482D105-D9A2-4AA6-A8E0-12205EA5012D}.Release|x86.ActiveCfg = Release|iPhone
		{8416BAD1-54CE-4D2E-8D6F-34A0DE09C738}.Debug|Any CPU.ActiveCfg = Debug|Any CPU
		{8416BAD1-54CE-4D2E-8D6F-34A0DE09C738}.Debug|Any CPU.Build.0 = Debug|Any CPU
		{8416BAD1-54CE-4D2E-8D6F-34A0DE09C738}.Debug|ARM.ActiveCfg = Debug|Any CPU
		{8416BAD1-54CE-4D2E-8D6F-34A0DE09C738}.Debug|ARM.Build.0 = Debug|Any CPU
		{8416BAD1-54CE-4D2E-8D6F-34A0DE09C738}.Debug|iPhone.ActiveCfg = Debug|Any CPU
		{8416BAD1-54CE-4D2E-8D6F-34A0DE09C738}.Debug|iPhone.Build.0 = Debug|Any CPU
		{8416BAD1-54CE-4D2E-8D6F-34A0DE09C738}.Debug|iPhoneSimulator.ActiveCfg = Debug|Any CPU
		{8416BAD1-54CE-4D2E-8D6F-34A0DE09C738}.Debug|iPhoneSimulator.Build.0 = Debug|Any CPU
		{8416BAD1-54CE-4D2E-8D6F-34A0DE09C738}.Debug|x64.ActiveCfg = Debug|Any CPU
		{8416BAD1-54CE-4D2E-8D6F-34A0DE09C738}.Debug|x64.Build.0 = Debug|Any CPU
		{8416BAD1-54CE-4D2E-8D6F-34A0DE09C738}.Debug|x86.ActiveCfg = Debug|Any CPU
		{8416BAD1-54CE-4D2E-8D6F-34A0DE09C738}.Debug|x86.Build.0 = Debug|Any CPU
		{8416BAD1-54CE-4D2E-8D6F-34A0DE09C738}.Release|Any CPU.ActiveCfg = Release|Any CPU
		{8416BAD1-54CE-4D2E-8D6F-34A0DE09C738}.Release|Any CPU.Build.0 = Release|Any CPU
		{8416BAD1-54CE-4D2E-8D6F-34A0DE09C738}.Release|ARM.ActiveCfg = Release|Any CPU
		{8416BAD1-54CE-4D2E-8D6F-34A0DE09C738}.Release|ARM.Build.0 = Release|Any CPU
		{8416BAD1-54CE-4D2E-8D6F-34A0DE09C738}.Release|iPhone.ActiveCfg = Release|Any CPU
		{8416BAD1-54CE-4D2E-8D6F-34A0DE09C738}.Release|iPhone.Build.0 = Release|Any CPU
		{8416BAD1-54CE-4D2E-8D6F-34A0DE09C738}.Release|iPhoneSimulator.ActiveCfg = Release|Any CPU
		{8416BAD1-54CE-4D2E-8D6F-34A0DE09C738}.Release|iPhoneSimulator.Build.0 = Release|Any CPU
		{8416BAD1-54CE-4D2E-8D6F-34A0DE09C738}.Release|x64.ActiveCfg = Release|Any CPU
		{8416BAD1-54CE-4D2E-8D6F-34A0DE09C738}.Release|x64.Build.0 = Release|Any CPU
		{8416BAD1-54CE-4D2E-8D6F-34A0DE09C738}.Release|x86.ActiveCfg = Release|Any CPU
		{8416BAD1-54CE-4D2E-8D6F-34A0DE09C738}.Release|x86.Build.0 = Release|Any CPU
		{0CDD7DC7-D8BB-48F7-9046-EACBB31E825A}.Debug|Any CPU.ActiveCfg = Debug|Any CPU
		{0CDD7DC7-D8BB-48F7-9046-EACBB31E825A}.Debug|Any CPU.Build.0 = Debug|Any CPU
		{0CDD7DC7-D8BB-48F7-9046-EACBB31E825A}.Debug|ARM.ActiveCfg = Debug|Any CPU
		{0CDD7DC7-D8BB-48F7-9046-EACBB31E825A}.Debug|ARM.Build.0 = Debug|Any CPU
		{0CDD7DC7-D8BB-48F7-9046-EACBB31E825A}.Debug|iPhone.ActiveCfg = Debug|Any CPU
		{0CDD7DC7-D8BB-48F7-9046-EACBB31E825A}.Debug|iPhone.Build.0 = Debug|Any CPU
		{0CDD7DC7-D8BB-48F7-9046-EACBB31E825A}.Debug|iPhoneSimulator.ActiveCfg = Debug|Any CPU
		{0CDD7DC7-D8BB-48F7-9046-EACBB31E825A}.Debug|iPhoneSimulator.Build.0 = Debug|Any CPU
		{0CDD7DC7-D8BB-48F7-9046-EACBB31E825A}.Debug|x64.ActiveCfg = Debug|Any CPU
		{0CDD7DC7-D8BB-48F7-9046-EACBB31E825A}.Debug|x64.Build.0 = Debug|Any CPU
		{0CDD7DC7-D8BB-48F7-9046-EACBB31E825A}.Debug|x86.ActiveCfg = Debug|Any CPU
		{0CDD7DC7-D8BB-48F7-9046-EACBB31E825A}.Debug|x86.Build.0 = Debug|Any CPU
		{0CDD7DC7-D8BB-48F7-9046-EACBB31E825A}.Release|Any CPU.ActiveCfg = Release|Any CPU
		{0CDD7DC7-D8BB-48F7-9046-EACBB31E825A}.Release|Any CPU.Build.0 = Release|Any CPU
		{0CDD7DC7-D8BB-48F7-9046-EACBB31E825A}.Release|ARM.ActiveCfg = Release|Any CPU
		{0CDD7DC7-D8BB-48F7-9046-EACBB31E825A}.Release|ARM.Build.0 = Release|Any CPU
		{0CDD7DC7-D8BB-48F7-9046-EACBB31E825A}.Release|iPhone.ActiveCfg = Release|Any CPU
		{0CDD7DC7-D8BB-48F7-9046-EACBB31E825A}.Release|iPhone.Build.0 = Release|Any CPU
		{0CDD7DC7-D8BB-48F7-9046-EACBB31E825A}.Release|iPhoneSimulator.ActiveCfg = Release|Any CPU
		{0CDD7DC7-D8BB-48F7-9046-EACBB31E825A}.Release|iPhoneSimulator.Build.0 = Release|Any CPU
		{0CDD7DC7-D8BB-48F7-9046-EACBB31E825A}.Release|x64.ActiveCfg = Release|Any CPU
		{0CDD7DC7-D8BB-48F7-9046-EACBB31E825A}.Release|x64.Build.0 = Release|Any CPU
		{0CDD7DC7-D8BB-48F7-9046-EACBB31E825A}.Release|x86.ActiveCfg = Release|Any CPU
		{0CDD7DC7-D8BB-48F7-9046-EACBB31E825A}.Release|x86.Build.0 = Release|Any CPU
		{259E7D6F-6B45-472D-AA65-1A713A269596}.Debug|Any CPU.ActiveCfg = Debug|Any CPU
		{259E7D6F-6B45-472D-AA65-1A713A269596}.Debug|Any CPU.Build.0 = Debug|Any CPU
		{259E7D6F-6B45-472D-AA65-1A713A269596}.Debug|ARM.ActiveCfg = Debug|Any CPU
		{259E7D6F-6B45-472D-AA65-1A713A269596}.Debug|ARM.Build.0 = Debug|Any CPU
		{259E7D6F-6B45-472D-AA65-1A713A269596}.Debug|iPhone.ActiveCfg = Debug|Any CPU
		{259E7D6F-6B45-472D-AA65-1A713A269596}.Debug|iPhone.Build.0 = Debug|Any CPU
		{259E7D6F-6B45-472D-AA65-1A713A269596}.Debug|iPhoneSimulator.ActiveCfg = Debug|Any CPU
		{259E7D6F-6B45-472D-AA65-1A713A269596}.Debug|iPhoneSimulator.Build.0 = Debug|Any CPU
		{259E7D6F-6B45-472D-AA65-1A713A269596}.Debug|x64.ActiveCfg = Debug|Any CPU
		{259E7D6F-6B45-472D-AA65-1A713A269596}.Debug|x64.Build.0 = Debug|Any CPU
		{259E7D6F-6B45-472D-AA65-1A713A269596}.Debug|x86.ActiveCfg = Debug|Any CPU
		{259E7D6F-6B45-472D-AA65-1A713A269596}.Debug|x86.Build.0 = Debug|Any CPU
		{259E7D6F-6B45-472D-AA65-1A713A269596}.Release|Any CPU.ActiveCfg = Release|Any CPU
		{259E7D6F-6B45-472D-AA65-1A713A269596}.Release|Any CPU.Build.0 = Release|Any CPU
		{259E7D6F-6B45-472D-AA65-1A713A269596}.Release|ARM.ActiveCfg = Release|Any CPU
		{259E7D6F-6B45-472D-AA65-1A713A269596}.Release|ARM.Build.0 = Release|Any CPU
		{259E7D6F-6B45-472D-AA65-1A713A269596}.Release|iPhone.ActiveCfg = Release|Any CPU
		{259E7D6F-6B45-472D-AA65-1A713A269596}.Release|iPhone.Build.0 = Release|Any CPU
		{259E7D6F-6B45-472D-AA65-1A713A269596}.Release|iPhoneSimulator.ActiveCfg = Release|Any CPU
		{259E7D6F-6B45-472D-AA65-1A713A269596}.Release|iPhoneSimulator.Build.0 = Release|Any CPU
		{259E7D6F-6B45-472D-AA65-1A713A269596}.Release|x64.ActiveCfg = Release|Any CPU
		{259E7D6F-6B45-472D-AA65-1A713A269596}.Release|x64.Build.0 = Release|Any CPU
		{259E7D6F-6B45-472D-AA65-1A713A269596}.Release|x86.ActiveCfg = Release|Any CPU
		{259E7D6F-6B45-472D-AA65-1A713A269596}.Release|x86.Build.0 = Release|Any CPU
		{17DF33D9-F6AE-4AF6-8300-9DC09CD32E74}.Debug|Any CPU.ActiveCfg = Debug|Any CPU
		{17DF33D9-F6AE-4AF6-8300-9DC09CD32E74}.Debug|Any CPU.Build.0 = Debug|Any CPU
		{17DF33D9-F6AE-4AF6-8300-9DC09CD32E74}.Debug|ARM.ActiveCfg = Debug|Any CPU
		{17DF33D9-F6AE-4AF6-8300-9DC09CD32E74}.Debug|ARM.Build.0 = Debug|Any CPU
		{17DF33D9-F6AE-4AF6-8300-9DC09CD32E74}.Debug|iPhone.ActiveCfg = Debug|Any CPU
		{17DF33D9-F6AE-4AF6-8300-9DC09CD32E74}.Debug|iPhone.Build.0 = Debug|Any CPU
		{17DF33D9-F6AE-4AF6-8300-9DC09CD32E74}.Debug|iPhoneSimulator.ActiveCfg = Debug|Any CPU
		{17DF33D9-F6AE-4AF6-8300-9DC09CD32E74}.Debug|iPhoneSimulator.Build.0 = Debug|Any CPU
		{17DF33D9-F6AE-4AF6-8300-9DC09CD32E74}.Debug|x64.ActiveCfg = Debug|Any CPU
		{17DF33D9-F6AE-4AF6-8300-9DC09CD32E74}.Debug|x64.Build.0 = Debug|Any CPU
		{17DF33D9-F6AE-4AF6-8300-9DC09CD32E74}.Debug|x86.ActiveCfg = Debug|Any CPU
		{17DF33D9-F6AE-4AF6-8300-9DC09CD32E74}.Debug|x86.Build.0 = Debug|Any CPU
		{17DF33D9-F6AE-4AF6-8300-9DC09CD32E74}.Release|Any CPU.ActiveCfg = Release|Any CPU
		{17DF33D9-F6AE-4AF6-8300-9DC09CD32E74}.Release|Any CPU.Build.0 = Release|Any CPU
		{17DF33D9-F6AE-4AF6-8300-9DC09CD32E74}.Release|ARM.ActiveCfg = Release|Any CPU
		{17DF33D9-F6AE-4AF6-8300-9DC09CD32E74}.Release|ARM.Build.0 = Release|Any CPU
		{17DF33D9-F6AE-4AF6-8300-9DC09CD32E74}.Release|iPhone.ActiveCfg = Release|Any CPU
		{17DF33D9-F6AE-4AF6-8300-9DC09CD32E74}.Release|iPhone.Build.0 = Release|Any CPU
		{17DF33D9-F6AE-4AF6-8300-9DC09CD32E74}.Release|iPhoneSimulator.ActiveCfg = Release|Any CPU
		{17DF33D9-F6AE-4AF6-8300-9DC09CD32E74}.Release|iPhoneSimulator.Build.0 = Release|Any CPU
		{17DF33D9-F6AE-4AF6-8300-9DC09CD32E74}.Release|x64.ActiveCfg = Release|Any CPU
		{17DF33D9-F6AE-4AF6-8300-9DC09CD32E74}.Release|x64.Build.0 = Release|Any CPU
		{17DF33D9-F6AE-4AF6-8300-9DC09CD32E74}.Release|x86.ActiveCfg = Release|Any CPU
		{17DF33D9-F6AE-4AF6-8300-9DC09CD32E74}.Release|x86.Build.0 = Release|Any CPU
		{9474EB8D-8BDC-4878-BAF6-7F7D231180CA}.Debug|Any CPU.ActiveCfg = Debug|Any CPU
		{9474EB8D-8BDC-4878-BAF6-7F7D231180CA}.Debug|Any CPU.Build.0 = Debug|Any CPU
		{9474EB8D-8BDC-4878-BAF6-7F7D231180CA}.Debug|ARM.ActiveCfg = Debug|Any CPU
		{9474EB8D-8BDC-4878-BAF6-7F7D231180CA}.Debug|ARM.Build.0 = Debug|Any CPU
		{9474EB8D-8BDC-4878-BAF6-7F7D231180CA}.Debug|iPhone.ActiveCfg = Debug|Any CPU
		{9474EB8D-8BDC-4878-BAF6-7F7D231180CA}.Debug|iPhone.Build.0 = Debug|Any CPU
		{9474EB8D-8BDC-4878-BAF6-7F7D231180CA}.Debug|iPhoneSimulator.ActiveCfg = Debug|Any CPU
		{9474EB8D-8BDC-4878-BAF6-7F7D231180CA}.Debug|iPhoneSimulator.Build.0 = Debug|Any CPU
		{9474EB8D-8BDC-4878-BAF6-7F7D231180CA}.Debug|x64.ActiveCfg = Debug|Any CPU
		{9474EB8D-8BDC-4878-BAF6-7F7D231180CA}.Debug|x64.Build.0 = Debug|Any CPU
		{9474EB8D-8BDC-4878-BAF6-7F7D231180CA}.Debug|x86.ActiveCfg = Debug|Any CPU
		{9474EB8D-8BDC-4878-BAF6-7F7D231180CA}.Debug|x86.Build.0 = Debug|Any CPU
		{9474EB8D-8BDC-4878-BAF6-7F7D231180CA}.Release|Any CPU.ActiveCfg = Release|Any CPU
		{9474EB8D-8BDC-4878-BAF6-7F7D231180CA}.Release|Any CPU.Build.0 = Release|Any CPU
		{9474EB8D-8BDC-4878-BAF6-7F7D231180CA}.Release|ARM.ActiveCfg = Release|Any CPU
		{9474EB8D-8BDC-4878-BAF6-7F7D231180CA}.Release|ARM.Build.0 = Release|Any CPU
		{9474EB8D-8BDC-4878-BAF6-7F7D231180CA}.Release|iPhone.ActiveCfg = Release|Any CPU
		{9474EB8D-8BDC-4878-BAF6-7F7D231180CA}.Release|iPhone.Build.0 = Release|Any CPU
		{9474EB8D-8BDC-4878-BAF6-7F7D231180CA}.Release|iPhoneSimulator.ActiveCfg = Release|Any CPU
		{9474EB8D-8BDC-4878-BAF6-7F7D231180CA}.Release|iPhoneSimulator.Build.0 = Release|Any CPU
		{9474EB8D-8BDC-4878-BAF6-7F7D231180CA}.Release|x64.ActiveCfg = Release|Any CPU
		{9474EB8D-8BDC-4878-BAF6-7F7D231180CA}.Release|x64.Build.0 = Release|Any CPU
		{9474EB8D-8BDC-4878-BAF6-7F7D231180CA}.Release|x86.ActiveCfg = Release|Any CPU
		{9474EB8D-8BDC-4878-BAF6-7F7D231180CA}.Release|x86.Build.0 = Release|Any CPU
		{E71F3053-056C-4381-9638-048ED73BDFF6}.Debug|Any CPU.ActiveCfg = Debug|Any CPU
		{E71F3053-056C-4381-9638-048ED73BDFF6}.Debug|Any CPU.Build.0 = Debug|Any CPU
		{E71F3053-056C-4381-9638-048ED73BDFF6}.Debug|ARM.ActiveCfg = Debug|Any CPU
		{E71F3053-056C-4381-9638-048ED73BDFF6}.Debug|ARM.Build.0 = Debug|Any CPU
		{E71F3053-056C-4381-9638-048ED73BDFF6}.Debug|iPhone.ActiveCfg = Debug|Any CPU
		{E71F3053-056C-4381-9638-048ED73BDFF6}.Debug|iPhone.Build.0 = Debug|Any CPU
		{E71F3053-056C-4381-9638-048ED73BDFF6}.Debug|iPhoneSimulator.ActiveCfg = Debug|Any CPU
		{E71F3053-056C-4381-9638-048ED73BDFF6}.Debug|iPhoneSimulator.Build.0 = Debug|Any CPU
		{E71F3053-056C-4381-9638-048ED73BDFF6}.Debug|x64.ActiveCfg = Debug|Any CPU
		{E71F3053-056C-4381-9638-048ED73BDFF6}.Debug|x64.Build.0 = Debug|Any CPU
		{E71F3053-056C-4381-9638-048ED73BDFF6}.Debug|x86.ActiveCfg = Debug|Any CPU
		{E71F3053-056C-4381-9638-048ED73BDFF6}.Debug|x86.Build.0 = Debug|Any CPU
		{E71F3053-056C-4381-9638-048ED73BDFF6}.Release|Any CPU.ActiveCfg = Release|Any CPU
		{E71F3053-056C-4381-9638-048ED73BDFF6}.Release|Any CPU.Build.0 = Release|Any CPU
		{E71F3053-056C-4381-9638-048ED73BDFF6}.Release|ARM.ActiveCfg = Release|Any CPU
		{E71F3053-056C-4381-9638-048ED73BDFF6}.Release|ARM.Build.0 = Release|Any CPU
		{E71F3053-056C-4381-9638-048ED73BDFF6}.Release|iPhone.ActiveCfg = Release|Any CPU
		{E71F3053-056C-4381-9638-048ED73BDFF6}.Release|iPhone.Build.0 = Release|Any CPU
		{E71F3053-056C-4381-9638-048ED73BDFF6}.Release|iPhoneSimulator.ActiveCfg = Release|Any CPU
		{E71F3053-056C-4381-9638-048ED73BDFF6}.Release|iPhoneSimulator.Build.0 = Release|Any CPU
		{E71F3053-056C-4381-9638-048ED73BDFF6}.Release|x64.ActiveCfg = Release|Any CPU
		{E71F3053-056C-4381-9638-048ED73BDFF6}.Release|x64.Build.0 = Release|Any CPU
		{E71F3053-056C-4381-9638-048ED73BDFF6}.Release|x86.ActiveCfg = Release|Any CPU
		{E71F3053-056C-4381-9638-048ED73BDFF6}.Release|x86.Build.0 = Release|Any CPU
		{1675AA1D-5DBA-4007-9C8A-1E2316981088}.Debug|Any CPU.ActiveCfg = Debug|Any CPU
		{1675AA1D-5DBA-4007-9C8A-1E2316981088}.Debug|Any CPU.Build.0 = Debug|Any CPU
		{1675AA1D-5DBA-4007-9C8A-1E2316981088}.Debug|ARM.ActiveCfg = Debug|Any CPU
		{1675AA1D-5DBA-4007-9C8A-1E2316981088}.Debug|ARM.Build.0 = Debug|Any CPU
		{1675AA1D-5DBA-4007-9C8A-1E2316981088}.Debug|iPhone.ActiveCfg = Debug|Any CPU
		{1675AA1D-5DBA-4007-9C8A-1E2316981088}.Debug|iPhone.Build.0 = Debug|Any CPU
		{1675AA1D-5DBA-4007-9C8A-1E2316981088}.Debug|iPhoneSimulator.ActiveCfg = Debug|Any CPU
		{1675AA1D-5DBA-4007-9C8A-1E2316981088}.Debug|iPhoneSimulator.Build.0 = Debug|Any CPU
		{1675AA1D-5DBA-4007-9C8A-1E2316981088}.Debug|x64.ActiveCfg = Debug|Any CPU
		{1675AA1D-5DBA-4007-9C8A-1E2316981088}.Debug|x64.Build.0 = Debug|Any CPU
		{1675AA1D-5DBA-4007-9C8A-1E2316981088}.Debug|x86.ActiveCfg = Debug|Any CPU
		{1675AA1D-5DBA-4007-9C8A-1E2316981088}.Debug|x86.Build.0 = Debug|Any CPU
		{1675AA1D-5DBA-4007-9C8A-1E2316981088}.Release|Any CPU.ActiveCfg = Release|Any CPU
		{1675AA1D-5DBA-4007-9C8A-1E2316981088}.Release|Any CPU.Build.0 = Release|Any CPU
		{1675AA1D-5DBA-4007-9C8A-1E2316981088}.Release|ARM.ActiveCfg = Release|Any CPU
		{1675AA1D-5DBA-4007-9C8A-1E2316981088}.Release|ARM.Build.0 = Release|Any CPU
		{1675AA1D-5DBA-4007-9C8A-1E2316981088}.Release|iPhone.ActiveCfg = Release|Any CPU
		{1675AA1D-5DBA-4007-9C8A-1E2316981088}.Release|iPhone.Build.0 = Release|Any CPU
		{1675AA1D-5DBA-4007-9C8A-1E2316981088}.Release|iPhoneSimulator.ActiveCfg = Release|Any CPU
		{1675AA1D-5DBA-4007-9C8A-1E2316981088}.Release|iPhoneSimulator.Build.0 = Release|Any CPU
		{1675AA1D-5DBA-4007-9C8A-1E2316981088}.Release|x64.ActiveCfg = Release|Any CPU
		{1675AA1D-5DBA-4007-9C8A-1E2316981088}.Release|x64.Build.0 = Release|Any CPU
		{1675AA1D-5DBA-4007-9C8A-1E2316981088}.Release|x86.ActiveCfg = Release|Any CPU
		{1675AA1D-5DBA-4007-9C8A-1E2316981088}.Release|x86.Build.0 = Release|Any CPU
	EndGlobalSection
	GlobalSection(SolutionProperties) = preSolution
		HideSolutionNode = FALSE
	EndGlobalSection
	GlobalSection(NestedProjects) = preSolution
		{6CF50275-9D06-4D23-8F5A-66EFCFE8C278} = {FF4BA653-0E58-4C33-B5D6-363BBB0E9BB8}
		{6D5FBAE3-FBBE-4109-BA70-5FFD8DABCB5F} = {D52B9ADE-E5A1-4201-875C-AC09E89392A5}
		{636B656E-D6E2-40A8-8FA7-DB40D1916021} = {D52B9ADE-E5A1-4201-875C-AC09E89392A5}
		{B44E7AB3-381D-4742-B5E8-43C49874192E} = {D52B9ADE-E5A1-4201-875C-AC09E89392A5}
		{3B08E5E9-6279-44A3-8C01-F11F8E518D31} = {FF4BA653-0E58-4C33-B5D6-363BBB0E9BB8}
		{70E4BF9E-76E6-4AFF-9C87-B60E1F7E758F} = {6D5FBAE3-FBBE-4109-BA70-5FFD8DABCB5F}
		{56EB75D6-7CB5-4C94-8757-5726F5A0E2CD} = {6D5FBAE3-FBBE-4109-BA70-5FFD8DABCB5F}
		{67961832-C9C4-4D88-AB68-F15654889103} = {6D5FBAE3-FBBE-4109-BA70-5FFD8DABCB5F}
		{518EC9D1-4BD7-4683-A24B-57EB246090A6} = {636B656E-D6E2-40A8-8FA7-DB40D1916021}
		{734C6A3D-406E-421F-878B-64425DD137DF} = {636B656E-D6E2-40A8-8FA7-DB40D1916021}
		{3D1E7E01-F74A-4A00-8037-36F9D51A5860} = {636B656E-D6E2-40A8-8FA7-DB40D1916021}
		{CF41703F-18FB-44C2-9DCE-99D1801950C2} = {636B656E-D6E2-40A8-8FA7-DB40D1916021}
		{63482977-DC41-47B4-89B6-8FCFE2AF03D6} = {B44E7AB3-381D-4742-B5E8-43C49874192E}
		{6B7D9582-FA38-4DC1-A821-E01371A45360} = {5C2AF82B-2492-4FA2-BDC3-12B98302DF2E}
		{6C6F040C-52B4-4FAE-A71B-0C55B070437F} = {5C2AF82B-2492-4FA2-BDC3-12B98302DF2E}
		{B9F98DB9-8957-45D8-88AC-54D771C23C60} = {5C2AF82B-2492-4FA2-BDC3-12B98302DF2E}
		{BBB806F2-2F71-4CE7-A5EE-706988CE1898} = {6D5FBAE3-FBBE-4109-BA70-5FFD8DABCB5F}
		{779ED48A-294D-44B7-A9B6-031400A941FB} = {5C2AF82B-2492-4FA2-BDC3-12B98302DF2E}
		{336B590A-1E16-42BF-A9B5-A8125E1B0063} = {FF4BA653-0E58-4C33-B5D6-363BBB0E9BB8}
		{8588D3D4-96FC-4AF3-BCF8-DF059ABD5F75} = {FF4BA653-0E58-4C33-B5D6-363BBB0E9BB8}
		{39784D84-EFE5-4511-9303-9FA3A171501A} = {FF4BA653-0E58-4C33-B5D6-363BBB0E9BB8}
		{E5DC7C99-139B-4577-865D-310FECA75125} = {FF4BA653-0E58-4C33-B5D6-363BBB0E9BB8}
		{1B8477F3-0F18-4DFE-878A-7D17EEDD41B6} = {FF4BA653-0E58-4C33-B5D6-363BBB0E9BB8}
		{96E7B116-9CE7-4294-A055-CB2C5347F6AC} = {5C2AF82B-2492-4FA2-BDC3-12B98302DF2E}
		{28043795-E8CD-4232-A4DD-604C8DC5726B} = {5C2AF82B-2492-4FA2-BDC3-12B98302DF2E}
		{3482D105-D9A2-4AA6-A8E0-12205EA5012D} = {5C2AF82B-2492-4FA2-BDC3-12B98302DF2E}
		{8416BAD1-54CE-4D2E-8D6F-34A0DE09C738} = {5C2AF82B-2492-4FA2-BDC3-12B98302DF2E}
		{0CDD7DC7-D8BB-48F7-9046-EACBB31E825A} = {FF4BA653-0E58-4C33-B5D6-363BBB0E9BB8}
		{259E7D6F-6B45-472D-AA65-1A713A269596} = {5C2AF82B-2492-4FA2-BDC3-12B98302DF2E}
		{17DF33D9-F6AE-4AF6-8300-9DC09CD32E74} = {FF4BA653-0E58-4C33-B5D6-363BBB0E9BB8}
		{9474EB8D-8BDC-4878-BAF6-7F7D231180CA} = {FF4BA653-0E58-4C33-B5D6-363BBB0E9BB8}
		{E71F3053-056C-4381-9638-048ED73BDFF6} = {B44E7AB3-381D-4742-B5E8-43C49874192E}
		{1675AA1D-5DBA-4007-9C8A-1E2316981088} = {B44E7AB3-381D-4742-B5E8-43C49874192E}
	EndGlobalSection
	GlobalSection(ExtensibilityGlobals) = postSolution
		SolutionGuid = {1730CC9A-309B-4FFB-A6BC-185390783737}
	EndGlobalSection
EndGlobal
