
Microsoft Visual Studio Solution File, Format Version 12.00
# Visual Studio 14
VisualStudioVersion = 14.0.24720.0
MinimumVisualStudioVersion = 10.0.40219.1
Project("{2150E333-8FDC-42A3-9474-1A3956D46DE8}") = "UWP", "UWP", "{650CEE7D-BA71-4D91-9D3F-E3C563819FF1}"
EndProject
Project("{2150E333-8FDC-42A3-9474-1A3956D46DE8}") = "Net4", "Net4", "{675E3E04-2C8C-4830-AF75-33B4C2A48C18}"
EndProject
Project("{2150E333-8FDC-42A3-9474-1A3956D46DE8}") = "Net5", "Net5", "{69F0EC22-D943-4420-9CDF-B1A1FF2D8BC5}"
EndProject
Project("{2150E333-8FDC-42A3-9474-1A3956D46DE8}") = "Xamarin", "Xamarin", "{3B18848A-A720-49C6-9A11-DB615A5A3600}"
EndProject
Project("{2150E333-8FDC-42A3-9474-1A3956D46DE8}") = "PCL", "PCL", "{E4A1A8D4-C4D7-4B70-9384-B25512B407D7}"
EndProject
Project("{FAE04EC0-301F-11D3-BF4B-00C04F79EFBC}") = "OKHOSTING.UI", "PCL\OKHOSTING.UI\OKHOSTING.UI.csproj", "{F9D654B5-6B7A-4573-B8C8-FD09B96C021B}"
EndProject
Project("{FAE04EC0-301F-11D3-BF4B-00C04F79EFBC}") = "OKHOSTING.UI.CSS", "PCL\OKHOSTING.UI.CSS\OKHOSTING.UI.CSS.csproj", "{001C0060-E4A6-47C2-BBDF-D20F06CC8613}"
EndProject
Project("{2150E333-8FDC-42A3-9474-1A3956D46DE8}") = "References", "References", "{FB2FADC8-171E-4770-ABCA-2FEB45E3B304}"
EndProject
Project("{FAE04EC0-301F-11D3-BF4B-00C04F79EFBC}") = "OKHOSTING.Core", "..\..\OKHOSTING.Core\src\PCL\OKHOSTING.Core\OKHOSTING.Core.csproj", "{3F4502FA-51EA-4CB9-8E50-46F828D240A1}"
EndProject
Project("{FAE04EC0-301F-11D3-BF4B-00C04F79EFBC}") = "OKHOSTING.Data", "..\..\OKHOSTING.Core\src\PCL\OKHOSTING.Data\OKHOSTING.Data.csproj", "{5BA0CBAC-63E5-4E01-AECA-67AE3B63503B}"
EndProject
Project("{FAE04EC0-301F-11D3-BF4B-00C04F79EFBC}") = "OKHOSTING.Core.Net4", "..\..\OKHOSTING.Core\src\Net4\OKHOSTING.Core.Net4\OKHOSTING.Core.Net4.csproj", "{46BDAEC2-7677-4223-B009-940DB478A220}"
EndProject
Project("{FAE04EC0-301F-11D3-BF4B-00C04F79EFBC}") = "OKHOSTING.UI.Net4.WebForms", "Net4\OKHOSTING.UI.Net4.WebForms\OKHOSTING.UI.Net4.WebForms.csproj", "{734C6A3D-406E-421F-878B-64425DD137DF}"
EndProject
Project("{FAE04EC0-301F-11D3-BF4B-00C04F79EFBC}") = "OKHOSTING.UI.UWP", "UWP\OKHOSTING.UI.UWP\OKHOSTING.UI.UWP.csproj", "{8C49FE7A-AAEA-499A-B612-E5BE1940475A}"
EndProject
Project("{FAE04EC0-301F-11D3-BF4B-00C04F79EFBC}") = "OKHOSTING.UI.Xamarin.Forms", "Xamarin\OKHOSTING.UI.Xamarin.Forms\OKHOSTING.UI.Xamarin.Forms.csproj", "{67F9D3A8-F71E-4428-913F-C37AE82CDB24}"
EndProject
Project("{FAE04EC0-301F-11D3-BF4B-00C04F79EFBC}") = "OKHOSTING.UI.Net4.WinForms", "Net4\OKHOSTING.UI.Net4.WinForms\OKHOSTING.UI.Net4.WinForms.csproj", "{3D1E7E01-F74A-4A00-8037-36F9D51A5860}"
EndProject
Project("{FAE04EC0-301F-11D3-BF4B-00C04F79EFBC}") = "OKHOSTING.UI.Net4.WPF", "Net4\OKHOSTING.UI.Net4.WPF\OKHOSTING.UI.Net4.WPF.csproj", "{CF41703F-18FB-44C2-9DCE-99D1801950C2}"
EndProject
Global
	GlobalSection(SolutionConfigurationPlatforms) = preSolution
		Ad-Hoc|Any CPU = Ad-Hoc|Any CPU
		Ad-Hoc|ARM = Ad-Hoc|ARM
		Ad-Hoc|iPhone = Ad-Hoc|iPhone
		Ad-Hoc|iPhoneSimulator = Ad-Hoc|iPhoneSimulator
		Ad-Hoc|x64 = Ad-Hoc|x64
		Ad-Hoc|x86 = Ad-Hoc|x86
		AppStore|Any CPU = AppStore|Any CPU
		AppStore|ARM = AppStore|ARM
		AppStore|iPhone = AppStore|iPhone
		AppStore|iPhoneSimulator = AppStore|iPhoneSimulator
		AppStore|x64 = AppStore|x64
		AppStore|x86 = AppStore|x86
		Debug|Any CPU = Debug|Any CPU
		Debug|ARM = Debug|ARM
		Debug|iPhone = Debug|iPhone
		Debug|iPhoneSimulator = Debug|iPhoneSimulator
		Debug|x64 = Debug|x64
		Debug|x86 = Debug|x86
		Release|Any CPU = Release|Any CPU
		Release|ARM = Release|ARM
		Release|iPhone = Release|iPhone
		Release|iPhoneSimulator = Release|iPhoneSimulator
		Release|x64 = Release|x64
		Release|x86 = Release|x86
	EndGlobalSection
	GlobalSection(ProjectConfigurationPlatforms) = postSolution
		{F9D654B5-6B7A-4573-B8C8-FD09B96C021B}.Ad-Hoc|Any CPU.ActiveCfg = Release|Any CPU
		{F9D654B5-6B7A-4573-B8C8-FD09B96C021B}.Ad-Hoc|Any CPU.Build.0 = Release|Any CPU
		{F9D654B5-6B7A-4573-B8C8-FD09B96C021B}.Ad-Hoc|ARM.ActiveCfg = Release|Any CPU
		{F9D654B5-6B7A-4573-B8C8-FD09B96C021B}.Ad-Hoc|ARM.Build.0 = Release|Any CPU
		{F9D654B5-6B7A-4573-B8C8-FD09B96C021B}.Ad-Hoc|iPhone.ActiveCfg = Release|Any CPU
		{F9D654B5-6B7A-4573-B8C8-FD09B96C021B}.Ad-Hoc|iPhone.Build.0 = Release|Any CPU
		{F9D654B5-6B7A-4573-B8C8-FD09B96C021B}.Ad-Hoc|iPhoneSimulator.ActiveCfg = Release|Any CPU
		{F9D654B5-6B7A-4573-B8C8-FD09B96C021B}.Ad-Hoc|iPhoneSimulator.Build.0 = Release|Any CPU
		{F9D654B5-6B7A-4573-B8C8-FD09B96C021B}.Ad-Hoc|x64.ActiveCfg = Release|Any CPU
		{F9D654B5-6B7A-4573-B8C8-FD09B96C021B}.Ad-Hoc|x64.Build.0 = Release|Any CPU
		{F9D654B5-6B7A-4573-B8C8-FD09B96C021B}.Ad-Hoc|x86.ActiveCfg = Release|Any CPU
		{F9D654B5-6B7A-4573-B8C8-FD09B96C021B}.Ad-Hoc|x86.Build.0 = Release|Any CPU
		{F9D654B5-6B7A-4573-B8C8-FD09B96C021B}.AppStore|Any CPU.ActiveCfg = Release|Any CPU
		{F9D654B5-6B7A-4573-B8C8-FD09B96C021B}.AppStore|Any CPU.Build.0 = Release|Any CPU
		{F9D654B5-6B7A-4573-B8C8-FD09B96C021B}.AppStore|ARM.ActiveCfg = Release|Any CPU
		{F9D654B5-6B7A-4573-B8C8-FD09B96C021B}.AppStore|ARM.Build.0 = Release|Any CPU
		{F9D654B5-6B7A-4573-B8C8-FD09B96C021B}.AppStore|iPhone.ActiveCfg = Release|Any CPU
		{F9D654B5-6B7A-4573-B8C8-FD09B96C021B}.AppStore|iPhone.Build.0 = Release|Any CPU
		{F9D654B5-6B7A-4573-B8C8-FD09B96C021B}.AppStore|iPhoneSimulator.ActiveCfg = Release|Any CPU
		{F9D654B5-6B7A-4573-B8C8-FD09B96C021B}.AppStore|iPhoneSimulator.Build.0 = Release|Any CPU
		{F9D654B5-6B7A-4573-B8C8-FD09B96C021B}.AppStore|x64.ActiveCfg = Release|Any CPU
		{F9D654B5-6B7A-4573-B8C8-FD09B96C021B}.AppStore|x64.Build.0 = Release|Any CPU
		{F9D654B5-6B7A-4573-B8C8-FD09B96C021B}.AppStore|x86.ActiveCfg = Release|Any CPU
		{F9D654B5-6B7A-4573-B8C8-FD09B96C021B}.AppStore|x86.Build.0 = Release|Any CPU
		{F9D654B5-6B7A-4573-B8C8-FD09B96C021B}.Debug|Any CPU.ActiveCfg = Debug|Any CPU
		{F9D654B5-6B7A-4573-B8C8-FD09B96C021B}.Debug|Any CPU.Build.0 = Debug|Any CPU
		{F9D654B5-6B7A-4573-B8C8-FD09B96C021B}.Debug|ARM.ActiveCfg = Debug|Any CPU
		{F9D654B5-6B7A-4573-B8C8-FD09B96C021B}.Debug|ARM.Build.0 = Debug|Any CPU
		{F9D654B5-6B7A-4573-B8C8-FD09B96C021B}.Debug|iPhone.ActiveCfg = Debug|Any CPU
		{F9D654B5-6B7A-4573-B8C8-FD09B96C021B}.Debug|iPhone.Build.0 = Debug|Any CPU
		{F9D654B5-6B7A-4573-B8C8-FD09B96C021B}.Debug|iPhoneSimulator.ActiveCfg = Debug|Any CPU
		{F9D654B5-6B7A-4573-B8C8-FD09B96C021B}.Debug|iPhoneSimulator.Build.0 = Debug|Any CPU
		{F9D654B5-6B7A-4573-B8C8-FD09B96C021B}.Debug|x64.ActiveCfg = Debug|Any CPU
		{F9D654B5-6B7A-4573-B8C8-FD09B96C021B}.Debug|x64.Build.0 = Debug|Any CPU
		{F9D654B5-6B7A-4573-B8C8-FD09B96C021B}.Debug|x86.ActiveCfg = Debug|Any CPU
		{F9D654B5-6B7A-4573-B8C8-FD09B96C021B}.Debug|x86.Build.0 = Debug|Any CPU
		{F9D654B5-6B7A-4573-B8C8-FD09B96C021B}.Release|Any CPU.ActiveCfg = Release|Any CPU
		{F9D654B5-6B7A-4573-B8C8-FD09B96C021B}.Release|Any CPU.Build.0 = Release|Any CPU
		{F9D654B5-6B7A-4573-B8C8-FD09B96C021B}.Release|ARM.ActiveCfg = Release|Any CPU
		{F9D654B5-6B7A-4573-B8C8-FD09B96C021B}.Release|ARM.Build.0 = Release|Any CPU
		{F9D654B5-6B7A-4573-B8C8-FD09B96C021B}.Release|iPhone.ActiveCfg = Release|Any CPU
		{F9D654B5-6B7A-4573-B8C8-FD09B96C021B}.Release|iPhone.Build.0 = Release|Any CPU
		{F9D654B5-6B7A-4573-B8C8-FD09B96C021B}.Release|iPhoneSimulator.ActiveCfg = Release|Any CPU
		{F9D654B5-6B7A-4573-B8C8-FD09B96C021B}.Release|iPhoneSimulator.Build.0 = Release|Any CPU
		{F9D654B5-6B7A-4573-B8C8-FD09B96C021B}.Release|x64.ActiveCfg = Release|Any CPU
		{F9D654B5-6B7A-4573-B8C8-FD09B96C021B}.Release|x64.Build.0 = Release|Any CPU
		{F9D654B5-6B7A-4573-B8C8-FD09B96C021B}.Release|x86.ActiveCfg = Release|Any CPU
		{F9D654B5-6B7A-4573-B8C8-FD09B96C021B}.Release|x86.Build.0 = Release|Any CPU
		{001C0060-E4A6-47C2-BBDF-D20F06CC8613}.Ad-Hoc|Any CPU.ActiveCfg = Release|Any CPU
		{001C0060-E4A6-47C2-BBDF-D20F06CC8613}.Ad-Hoc|Any CPU.Build.0 = Release|Any CPU
		{001C0060-E4A6-47C2-BBDF-D20F06CC8613}.Ad-Hoc|ARM.ActiveCfg = Release|Any CPU
		{001C0060-E4A6-47C2-BBDF-D20F06CC8613}.Ad-Hoc|ARM.Build.0 = Release|Any CPU
		{001C0060-E4A6-47C2-BBDF-D20F06CC8613}.Ad-Hoc|iPhone.ActiveCfg = Release|Any CPU
		{001C0060-E4A6-47C2-BBDF-D20F06CC8613}.Ad-Hoc|iPhone.Build.0 = Release|Any CPU
		{001C0060-E4A6-47C2-BBDF-D20F06CC8613}.Ad-Hoc|iPhoneSimulator.ActiveCfg = Release|Any CPU
		{001C0060-E4A6-47C2-BBDF-D20F06CC8613}.Ad-Hoc|iPhoneSimulator.Build.0 = Release|Any CPU
		{001C0060-E4A6-47C2-BBDF-D20F06CC8613}.Ad-Hoc|x64.ActiveCfg = Release|Any CPU
		{001C0060-E4A6-47C2-BBDF-D20F06CC8613}.Ad-Hoc|x64.Build.0 = Release|Any CPU
		{001C0060-E4A6-47C2-BBDF-D20F06CC8613}.Ad-Hoc|x86.ActiveCfg = Release|Any CPU
		{001C0060-E4A6-47C2-BBDF-D20F06CC8613}.Ad-Hoc|x86.Build.0 = Release|Any CPU
		{001C0060-E4A6-47C2-BBDF-D20F06CC8613}.AppStore|Any CPU.ActiveCfg = Release|Any CPU
		{001C0060-E4A6-47C2-BBDF-D20F06CC8613}.AppStore|Any CPU.Build.0 = Release|Any CPU
		{001C0060-E4A6-47C2-BBDF-D20F06CC8613}.AppStore|ARM.ActiveCfg = Release|Any CPU
		{001C0060-E4A6-47C2-BBDF-D20F06CC8613}.AppStore|ARM.Build.0 = Release|Any CPU
		{001C0060-E4A6-47C2-BBDF-D20F06CC8613}.AppStore|iPhone.ActiveCfg = Release|Any CPU
		{001C0060-E4A6-47C2-BBDF-D20F06CC8613}.AppStore|iPhone.Build.0 = Release|Any CPU
		{001C0060-E4A6-47C2-BBDF-D20F06CC8613}.AppStore|iPhoneSimulator.ActiveCfg = Release|Any CPU
		{001C0060-E4A6-47C2-BBDF-D20F06CC8613}.AppStore|iPhoneSimulator.Build.0 = Release|Any CPU
		{001C0060-E4A6-47C2-BBDF-D20F06CC8613}.AppStore|x64.ActiveCfg = Release|Any CPU
		{001C0060-E4A6-47C2-BBDF-D20F06CC8613}.AppStore|x64.Build.0 = Release|Any CPU
		{001C0060-E4A6-47C2-BBDF-D20F06CC8613}.AppStore|x86.ActiveCfg = Release|Any CPU
		{001C0060-E4A6-47C2-BBDF-D20F06CC8613}.AppStore|x86.Build.0 = Release|Any CPU
		{001C0060-E4A6-47C2-BBDF-D20F06CC8613}.Debug|Any CPU.ActiveCfg = Debug|Any CPU
		{001C0060-E4A6-47C2-BBDF-D20F06CC8613}.Debug|Any CPU.Build.0 = Debug|Any CPU
		{001C0060-E4A6-47C2-BBDF-D20F06CC8613}.Debug|ARM.ActiveCfg = Debug|Any CPU
		{001C0060-E4A6-47C2-BBDF-D20F06CC8613}.Debug|ARM.Build.0 = Debug|Any CPU
		{001C0060-E4A6-47C2-BBDF-D20F06CC8613}.Debug|iPhone.ActiveCfg = Debug|Any CPU
		{001C0060-E4A6-47C2-BBDF-D20F06CC8613}.Debug|iPhone.Build.0 = Debug|Any CPU
		{001C0060-E4A6-47C2-BBDF-D20F06CC8613}.Debug|iPhoneSimulator.ActiveCfg = Debug|Any CPU
		{001C0060-E4A6-47C2-BBDF-D20F06CC8613}.Debug|iPhoneSimulator.Build.0 = Debug|Any CPU
		{001C0060-E4A6-47C2-BBDF-D20F06CC8613}.Debug|x64.ActiveCfg = Debug|Any CPU
		{001C0060-E4A6-47C2-BBDF-D20F06CC8613}.Debug|x64.Build.0 = Debug|Any CPU
		{001C0060-E4A6-47C2-BBDF-D20F06CC8613}.Debug|x86.ActiveCfg = Debug|Any CPU
		{001C0060-E4A6-47C2-BBDF-D20F06CC8613}.Debug|x86.Build.0 = Debug|Any CPU
		{001C0060-E4A6-47C2-BBDF-D20F06CC8613}.Release|Any CPU.ActiveCfg = Release|Any CPU
		{001C0060-E4A6-47C2-BBDF-D20F06CC8613}.Release|Any CPU.Build.0 = Release|Any CPU
		{001C0060-E4A6-47C2-BBDF-D20F06CC8613}.Release|ARM.ActiveCfg = Release|Any CPU
		{001C0060-E4A6-47C2-BBDF-D20F06CC8613}.Release|ARM.Build.0 = Release|Any CPU
		{001C0060-E4A6-47C2-BBDF-D20F06CC8613}.Release|iPhone.ActiveCfg = Release|Any CPU
		{001C0060-E4A6-47C2-BBDF-D20F06CC8613}.Release|iPhone.Build.0 = Release|Any CPU
		{001C0060-E4A6-47C2-BBDF-D20F06CC8613}.Release|iPhoneSimulator.ActiveCfg = Release|Any CPU
		{001C0060-E4A6-47C2-BBDF-D20F06CC8613}.Release|iPhoneSimulator.Build.0 = Release|Any CPU
		{001C0060-E4A6-47C2-BBDF-D20F06CC8613}.Release|x64.ActiveCfg = Release|Any CPU
		{001C0060-E4A6-47C2-BBDF-D20F06CC8613}.Release|x64.Build.0 = Release|Any CPU
		{001C0060-E4A6-47C2-BBDF-D20F06CC8613}.Release|x86.ActiveCfg = Release|Any CPU
		{001C0060-E4A6-47C2-BBDF-D20F06CC8613}.Release|x86.Build.0 = Release|Any CPU
		{3F4502FA-51EA-4CB9-8E50-46F828D240A1}.Ad-Hoc|Any CPU.ActiveCfg = Release|Any CPU
		{3F4502FA-51EA-4CB9-8E50-46F828D240A1}.Ad-Hoc|Any CPU.Build.0 = Release|Any CPU
		{3F4502FA-51EA-4CB9-8E50-46F828D240A1}.Ad-Hoc|ARM.ActiveCfg = Release|Any CPU
		{3F4502FA-51EA-4CB9-8E50-46F828D240A1}.Ad-Hoc|ARM.Build.0 = Release|Any CPU
		{3F4502FA-51EA-4CB9-8E50-46F828D240A1}.Ad-Hoc|iPhone.ActiveCfg = Release|Any CPU
		{3F4502FA-51EA-4CB9-8E50-46F828D240A1}.Ad-Hoc|iPhone.Build.0 = Release|Any CPU
		{3F4502FA-51EA-4CB9-8E50-46F828D240A1}.Ad-Hoc|iPhoneSimulator.ActiveCfg = Release|Any CPU
		{3F4502FA-51EA-4CB9-8E50-46F828D240A1}.Ad-Hoc|iPhoneSimulator.Build.0 = Release|Any CPU
		{3F4502FA-51EA-4CB9-8E50-46F828D240A1}.Ad-Hoc|x64.ActiveCfg = Release|Any CPU
		{3F4502FA-51EA-4CB9-8E50-46F828D240A1}.Ad-Hoc|x64.Build.0 = Release|Any CPU
		{3F4502FA-51EA-4CB9-8E50-46F828D240A1}.Ad-Hoc|x86.ActiveCfg = Release|Any CPU
		{3F4502FA-51EA-4CB9-8E50-46F828D240A1}.Ad-Hoc|x86.Build.0 = Release|Any CPU
		{3F4502FA-51EA-4CB9-8E50-46F828D240A1}.AppStore|Any CPU.ActiveCfg = Release|Any CPU
		{3F4502FA-51EA-4CB9-8E50-46F828D240A1}.AppStore|Any CPU.Build.0 = Release|Any CPU
		{3F4502FA-51EA-4CB9-8E50-46F828D240A1}.AppStore|ARM.ActiveCfg = Release|Any CPU
		{3F4502FA-51EA-4CB9-8E50-46F828D240A1}.AppStore|ARM.Build.0 = Release|Any CPU
		{3F4502FA-51EA-4CB9-8E50-46F828D240A1}.AppStore|iPhone.ActiveCfg = Release|Any CPU
		{3F4502FA-51EA-4CB9-8E50-46F828D240A1}.AppStore|iPhone.Build.0 = Release|Any CPU
		{3F4502FA-51EA-4CB9-8E50-46F828D240A1}.AppStore|iPhoneSimulator.ActiveCfg = Release|Any CPU
		{3F4502FA-51EA-4CB9-8E50-46F828D240A1}.AppStore|iPhoneSimulator.Build.0 = Release|Any CPU
		{3F4502FA-51EA-4CB9-8E50-46F828D240A1}.AppStore|x64.ActiveCfg = Release|Any CPU
		{3F4502FA-51EA-4CB9-8E50-46F828D240A1}.AppStore|x64.Build.0 = Release|Any CPU
		{3F4502FA-51EA-4CB9-8E50-46F828D240A1}.AppStore|x86.ActiveCfg = Release|Any CPU
		{3F4502FA-51EA-4CB9-8E50-46F828D240A1}.AppStore|x86.Build.0 = Release|Any CPU
		{3F4502FA-51EA-4CB9-8E50-46F828D240A1}.Debug|Any CPU.ActiveCfg = Debug|Any CPU
		{3F4502FA-51EA-4CB9-8E50-46F828D240A1}.Debug|Any CPU.Build.0 = Debug|Any CPU
		{3F4502FA-51EA-4CB9-8E50-46F828D240A1}.Debug|ARM.ActiveCfg = Debug|Any CPU
		{3F4502FA-51EA-4CB9-8E50-46F828D240A1}.Debug|ARM.Build.0 = Debug|Any CPU
		{3F4502FA-51EA-4CB9-8E50-46F828D240A1}.Debug|iPhone.ActiveCfg = Debug|Any CPU
		{3F4502FA-51EA-4CB9-8E50-46F828D240A1}.Debug|iPhone.Build.0 = Debug|Any CPU
		{3F4502FA-51EA-4CB9-8E50-46F828D240A1}.Debug|iPhoneSimulator.ActiveCfg = Debug|Any CPU
		{3F4502FA-51EA-4CB9-8E50-46F828D240A1}.Debug|iPhoneSimulator.Build.0 = Debug|Any CPU
		{3F4502FA-51EA-4CB9-8E50-46F828D240A1}.Debug|x64.ActiveCfg = Debug|Any CPU
		{3F4502FA-51EA-4CB9-8E50-46F828D240A1}.Debug|x64.Build.0 = Debug|Any CPU
		{3F4502FA-51EA-4CB9-8E50-46F828D240A1}.Debug|x86.ActiveCfg = Debug|Any CPU
		{3F4502FA-51EA-4CB9-8E50-46F828D240A1}.Debug|x86.Build.0 = Debug|Any CPU
		{3F4502FA-51EA-4CB9-8E50-46F828D240A1}.Release|Any CPU.ActiveCfg = Release|Any CPU
		{3F4502FA-51EA-4CB9-8E50-46F828D240A1}.Release|Any CPU.Build.0 = Release|Any CPU
		{3F4502FA-51EA-4CB9-8E50-46F828D240A1}.Release|ARM.ActiveCfg = Release|Any CPU
		{3F4502FA-51EA-4CB9-8E50-46F828D240A1}.Release|ARM.Build.0 = Release|Any CPU
		{3F4502FA-51EA-4CB9-8E50-46F828D240A1}.Release|iPhone.ActiveCfg = Release|Any CPU
		{3F4502FA-51EA-4CB9-8E50-46F828D240A1}.Release|iPhone.Build.0 = Release|Any CPU
		{3F4502FA-51EA-4CB9-8E50-46F828D240A1}.Release|iPhoneSimulator.ActiveCfg = Release|Any CPU
		{3F4502FA-51EA-4CB9-8E50-46F828D240A1}.Release|iPhoneSimulator.Build.0 = Release|Any CPU
		{3F4502FA-51EA-4CB9-8E50-46F828D240A1}.Release|x64.ActiveCfg = Release|Any CPU
		{3F4502FA-51EA-4CB9-8E50-46F828D240A1}.Release|x64.Build.0 = Release|Any CPU
		{3F4502FA-51EA-4CB9-8E50-46F828D240A1}.Release|x86.ActiveCfg = Release|Any CPU
		{3F4502FA-51EA-4CB9-8E50-46F828D240A1}.Release|x86.Build.0 = Release|Any CPU
		{5BA0CBAC-63E5-4E01-AECA-67AE3B63503B}.Ad-Hoc|Any CPU.ActiveCfg = Release|Any CPU
		{5BA0CBAC-63E5-4E01-AECA-67AE3B63503B}.Ad-Hoc|Any CPU.Build.0 = Release|Any CPU
		{5BA0CBAC-63E5-4E01-AECA-67AE3B63503B}.Ad-Hoc|ARM.ActiveCfg = Release|Any CPU
		{5BA0CBAC-63E5-4E01-AECA-67AE3B63503B}.Ad-Hoc|ARM.Build.0 = Release|Any CPU
		{5BA0CBAC-63E5-4E01-AECA-67AE3B63503B}.Ad-Hoc|iPhone.ActiveCfg = Release|Any CPU
		{5BA0CBAC-63E5-4E01-AECA-67AE3B63503B}.Ad-Hoc|iPhone.Build.0 = Release|Any CPU
		{5BA0CBAC-63E5-4E01-AECA-67AE3B63503B}.Ad-Hoc|iPhoneSimulator.ActiveCfg = Release|Any CPU
		{5BA0CBAC-63E5-4E01-AECA-67AE3B63503B}.Ad-Hoc|iPhoneSimulator.Build.0 = Release|Any CPU
		{5BA0CBAC-63E5-4E01-AECA-67AE3B63503B}.Ad-Hoc|x64.ActiveCfg = Release|Any CPU
		{5BA0CBAC-63E5-4E01-AECA-67AE3B63503B}.Ad-Hoc|x64.Build.0 = Release|Any CPU
		{5BA0CBAC-63E5-4E01-AECA-67AE3B63503B}.Ad-Hoc|x86.ActiveCfg = Release|Any CPU
		{5BA0CBAC-63E5-4E01-AECA-67AE3B63503B}.Ad-Hoc|x86.Build.0 = Release|Any CPU
		{5BA0CBAC-63E5-4E01-AECA-67AE3B63503B}.AppStore|Any CPU.ActiveCfg = Release|Any CPU
		{5BA0CBAC-63E5-4E01-AECA-67AE3B63503B}.AppStore|Any CPU.Build.0 = Release|Any CPU
		{5BA0CBAC-63E5-4E01-AECA-67AE3B63503B}.AppStore|ARM.ActiveCfg = Release|Any CPU
		{5BA0CBAC-63E5-4E01-AECA-67AE3B63503B}.AppStore|ARM.Build.0 = Release|Any CPU
		{5BA0CBAC-63E5-4E01-AECA-67AE3B63503B}.AppStore|iPhone.ActiveCfg = Release|Any CPU
		{5BA0CBAC-63E5-4E01-AECA-67AE3B63503B}.AppStore|iPhone.Build.0 = Release|Any CPU
		{5BA0CBAC-63E5-4E01-AECA-67AE3B63503B}.AppStore|iPhoneSimulator.ActiveCfg = Release|Any CPU
		{5BA0CBAC-63E5-4E01-AECA-67AE3B63503B}.AppStore|iPhoneSimulator.Build.0 = Release|Any CPU
		{5BA0CBAC-63E5-4E01-AECA-67AE3B63503B}.AppStore|x64.ActiveCfg = Release|Any CPU
		{5BA0CBAC-63E5-4E01-AECA-67AE3B63503B}.AppStore|x64.Build.0 = Release|Any CPU
		{5BA0CBAC-63E5-4E01-AECA-67AE3B63503B}.AppStore|x86.ActiveCfg = Release|Any CPU
		{5BA0CBAC-63E5-4E01-AECA-67AE3B63503B}.AppStore|x86.Build.0 = Release|Any CPU
		{5BA0CBAC-63E5-4E01-AECA-67AE3B63503B}.Debug|Any CPU.ActiveCfg = Debug|Any CPU
		{5BA0CBAC-63E5-4E01-AECA-67AE3B63503B}.Debug|Any CPU.Build.0 = Debug|Any CPU
		{5BA0CBAC-63E5-4E01-AECA-67AE3B63503B}.Debug|ARM.ActiveCfg = Debug|Any CPU
		{5BA0CBAC-63E5-4E01-AECA-67AE3B63503B}.Debug|ARM.Build.0 = Debug|Any CPU
		{5BA0CBAC-63E5-4E01-AECA-67AE3B63503B}.Debug|iPhone.ActiveCfg = Debug|Any CPU
		{5BA0CBAC-63E5-4E01-AECA-67AE3B63503B}.Debug|iPhone.Build.0 = Debug|Any CPU
		{5BA0CBAC-63E5-4E01-AECA-67AE3B63503B}.Debug|iPhoneSimulator.ActiveCfg = Debug|Any CPU
		{5BA0CBAC-63E5-4E01-AECA-67AE3B63503B}.Debug|iPhoneSimulator.Build.0 = Debug|Any CPU
		{5BA0CBAC-63E5-4E01-AECA-67AE3B63503B}.Debug|x64.ActiveCfg = Debug|Any CPU
		{5BA0CBAC-63E5-4E01-AECA-67AE3B63503B}.Debug|x64.Build.0 = Debug|Any CPU
		{5BA0CBAC-63E5-4E01-AECA-67AE3B63503B}.Debug|x86.ActiveCfg = Debug|Any CPU
		{5BA0CBAC-63E5-4E01-AECA-67AE3B63503B}.Debug|x86.Build.0 = Debug|Any CPU
		{5BA0CBAC-63E5-4E01-AECA-67AE3B63503B}.Release|Any CPU.ActiveCfg = Release|Any CPU
		{5BA0CBAC-63E5-4E01-AECA-67AE3B63503B}.Release|Any CPU.Build.0 = Release|Any CPU
		{5BA0CBAC-63E5-4E01-AECA-67AE3B63503B}.Release|ARM.ActiveCfg = Release|Any CPU
		{5BA0CBAC-63E5-4E01-AECA-67AE3B63503B}.Release|ARM.Build.0 = Release|Any CPU
		{5BA0CBAC-63E5-4E01-AECA-67AE3B63503B}.Release|iPhone.ActiveCfg = Release|Any CPU
		{5BA0CBAC-63E5-4E01-AECA-67AE3B63503B}.Release|iPhone.Build.0 = Release|Any CPU
		{5BA0CBAC-63E5-4E01-AECA-67AE3B63503B}.Release|iPhoneSimulator.ActiveCfg = Release|Any CPU
		{5BA0CBAC-63E5-4E01-AECA-67AE3B63503B}.Release|iPhoneSimulator.Build.0 = Release|Any CPU
		{5BA0CBAC-63E5-4E01-AECA-67AE3B63503B}.Release|x64.ActiveCfg = Release|Any CPU
		{5BA0CBAC-63E5-4E01-AECA-67AE3B63503B}.Release|x64.Build.0 = Release|Any CPU
		{5BA0CBAC-63E5-4E01-AECA-67AE3B63503B}.Release|x86.ActiveCfg = Release|Any CPU
		{5BA0CBAC-63E5-4E01-AECA-67AE3B63503B}.Release|x86.Build.0 = Release|Any CPU
		{46BDAEC2-7677-4223-B009-940DB478A220}.Ad-Hoc|Any CPU.ActiveCfg = Release|Any CPU
		{46BDAEC2-7677-4223-B009-940DB478A220}.Ad-Hoc|Any CPU.Build.0 = Release|Any CPU
		{46BDAEC2-7677-4223-B009-940DB478A220}.Ad-Hoc|ARM.ActiveCfg = Release|Any CPU
		{46BDAEC2-7677-4223-B009-940DB478A220}.Ad-Hoc|ARM.Build.0 = Release|Any CPU
		{46BDAEC2-7677-4223-B009-940DB478A220}.Ad-Hoc|iPhone.ActiveCfg = Release|Any CPU
		{46BDAEC2-7677-4223-B009-940DB478A220}.Ad-Hoc|iPhone.Build.0 = Release|Any CPU
		{46BDAEC2-7677-4223-B009-940DB478A220}.Ad-Hoc|iPhoneSimulator.ActiveCfg = Release|Any CPU
		{46BDAEC2-7677-4223-B009-940DB478A220}.Ad-Hoc|iPhoneSimulator.Build.0 = Release|Any CPU
		{46BDAEC2-7677-4223-B009-940DB478A220}.Ad-Hoc|x64.ActiveCfg = Release|Any CPU
		{46BDAEC2-7677-4223-B009-940DB478A220}.Ad-Hoc|x64.Build.0 = Release|Any CPU
		{46BDAEC2-7677-4223-B009-940DB478A220}.Ad-Hoc|x86.ActiveCfg = Release|Any CPU
		{46BDAEC2-7677-4223-B009-940DB478A220}.Ad-Hoc|x86.Build.0 = Release|Any CPU
		{46BDAEC2-7677-4223-B009-940DB478A220}.AppStore|Any CPU.ActiveCfg = Release|Any CPU
		{46BDAEC2-7677-4223-B009-940DB478A220}.AppStore|Any CPU.Build.0 = Release|Any CPU
		{46BDAEC2-7677-4223-B009-940DB478A220}.AppStore|ARM.ActiveCfg = Release|Any CPU
		{46BDAEC2-7677-4223-B009-940DB478A220}.AppStore|ARM.Build.0 = Release|Any CPU
		{46BDAEC2-7677-4223-B009-940DB478A220}.AppStore|iPhone.ActiveCfg = Release|Any CPU
		{46BDAEC2-7677-4223-B009-940DB478A220}.AppStore|iPhone.Build.0 = Release|Any CPU
		{46BDAEC2-7677-4223-B009-940DB478A220}.AppStore|iPhoneSimulator.ActiveCfg = Release|Any CPU
		{46BDAEC2-7677-4223-B009-940DB478A220}.AppStore|iPhoneSimulator.Build.0 = Release|Any CPU
		{46BDAEC2-7677-4223-B009-940DB478A220}.AppStore|x64.ActiveCfg = Release|Any CPU
		{46BDAEC2-7677-4223-B009-940DB478A220}.AppStore|x64.Build.0 = Release|Any CPU
		{46BDAEC2-7677-4223-B009-940DB478A220}.AppStore|x86.ActiveCfg = Release|Any CPU
		{46BDAEC2-7677-4223-B009-940DB478A220}.AppStore|x86.Build.0 = Release|Any CPU
		{46BDAEC2-7677-4223-B009-940DB478A220}.Debug|Any CPU.ActiveCfg = Debug|Any CPU
		{46BDAEC2-7677-4223-B009-940DB478A220}.Debug|Any CPU.Build.0 = Debug|Any CPU
		{46BDAEC2-7677-4223-B009-940DB478A220}.Debug|ARM.ActiveCfg = Debug|Any CPU
		{46BDAEC2-7677-4223-B009-940DB478A220}.Debug|ARM.Build.0 = Debug|Any CPU
		{46BDAEC2-7677-4223-B009-940DB478A220}.Debug|iPhone.ActiveCfg = Debug|Any CPU
		{46BDAEC2-7677-4223-B009-940DB478A220}.Debug|iPhone.Build.0 = Debug|Any CPU
		{46BDAEC2-7677-4223-B009-940DB478A220}.Debug|iPhoneSimulator.ActiveCfg = Debug|Any CPU
		{46BDAEC2-7677-4223-B009-940DB478A220}.Debug|iPhoneSimulator.Build.0 = Debug|Any CPU
		{46BDAEC2-7677-4223-B009-940DB478A220}.Debug|x64.ActiveCfg = Debug|Any CPU
		{46BDAEC2-7677-4223-B009-940DB478A220}.Debug|x64.Build.0 = Debug|Any CPU
		{46BDAEC2-7677-4223-B009-940DB478A220}.Debug|x86.ActiveCfg = Debug|Any CPU
		{46BDAEC2-7677-4223-B009-940DB478A220}.Debug|x86.Build.0 = Debug|Any CPU
		{46BDAEC2-7677-4223-B009-940DB478A220}.Release|Any CPU.ActiveCfg = Release|Any CPU
		{46BDAEC2-7677-4223-B009-940DB478A220}.Release|Any CPU.Build.0 = Release|Any CPU
		{46BDAEC2-7677-4223-B009-940DB478A220}.Release|ARM.ActiveCfg = Release|Any CPU
		{46BDAEC2-7677-4223-B009-940DB478A220}.Release|ARM.Build.0 = Release|Any CPU
		{46BDAEC2-7677-4223-B009-940DB478A220}.Release|iPhone.ActiveCfg = Release|Any CPU
		{46BDAEC2-7677-4223-B009-940DB478A220}.Release|iPhone.Build.0 = Release|Any CPU
		{46BDAEC2-7677-4223-B009-940DB478A220}.Release|iPhoneSimulator.ActiveCfg = Release|Any CPU
		{46BDAEC2-7677-4223-B009-940DB478A220}.Release|iPhoneSimulator.Build.0 = Release|Any CPU
		{46BDAEC2-7677-4223-B009-940DB478A220}.Release|x64.ActiveCfg = Release|Any CPU
		{46BDAEC2-7677-4223-B009-940DB478A220}.Release|x64.Build.0 = Release|Any CPU
		{46BDAEC2-7677-4223-B009-940DB478A220}.Release|x86.ActiveCfg = Release|Any CPU
		{46BDAEC2-7677-4223-B009-940DB478A220}.Release|x86.Build.0 = Release|Any CPU
		{734C6A3D-406E-421F-878B-64425DD137DF}.Ad-Hoc|Any CPU.ActiveCfg = Release|Any CPU
		{734C6A3D-406E-421F-878B-64425DD137DF}.Ad-Hoc|Any CPU.Build.0 = Release|Any CPU
		{734C6A3D-406E-421F-878B-64425DD137DF}.Ad-Hoc|ARM.ActiveCfg = Release|Any CPU
		{734C6A3D-406E-421F-878B-64425DD137DF}.Ad-Hoc|ARM.Build.0 = Release|Any CPU
		{734C6A3D-406E-421F-878B-64425DD137DF}.Ad-Hoc|iPhone.ActiveCfg = Release|Any CPU
		{734C6A3D-406E-421F-878B-64425DD137DF}.Ad-Hoc|iPhone.Build.0 = Release|Any CPU
		{734C6A3D-406E-421F-878B-64425DD137DF}.Ad-Hoc|iPhoneSimulator.ActiveCfg = Release|Any CPU
		{734C6A3D-406E-421F-878B-64425DD137DF}.Ad-Hoc|iPhoneSimulator.Build.0 = Release|Any CPU
		{734C6A3D-406E-421F-878B-64425DD137DF}.Ad-Hoc|x64.ActiveCfg = Release|Any CPU
		{734C6A3D-406E-421F-878B-64425DD137DF}.Ad-Hoc|x64.Build.0 = Release|Any CPU
		{734C6A3D-406E-421F-878B-64425DD137DF}.Ad-Hoc|x86.ActiveCfg = Release|Any CPU
		{734C6A3D-406E-421F-878B-64425DD137DF}.Ad-Hoc|x86.Build.0 = Release|Any CPU
		{734C6A3D-406E-421F-878B-64425DD137DF}.AppStore|Any CPU.ActiveCfg = Release|Any CPU
		{734C6A3D-406E-421F-878B-64425DD137DF}.AppStore|Any CPU.Build.0 = Release|Any CPU
		{734C6A3D-406E-421F-878B-64425DD137DF}.AppStore|ARM.ActiveCfg = Release|Any CPU
		{734C6A3D-406E-421F-878B-64425DD137DF}.AppStore|ARM.Build.0 = Release|Any CPU
		{734C6A3D-406E-421F-878B-64425DD137DF}.AppStore|iPhone.ActiveCfg = Release|Any CPU
		{734C6A3D-406E-421F-878B-64425DD137DF}.AppStore|iPhone.Build.0 = Release|Any CPU
		{734C6A3D-406E-421F-878B-64425DD137DF}.AppStore|iPhoneSimulator.ActiveCfg = Release|Any CPU
		{734C6A3D-406E-421F-878B-64425DD137DF}.AppStore|iPhoneSimulator.Build.0 = Release|Any CPU
		{734C6A3D-406E-421F-878B-64425DD137DF}.AppStore|x64.ActiveCfg = Release|Any CPU
		{734C6A3D-406E-421F-878B-64425DD137DF}.AppStore|x64.Build.0 = Release|Any CPU
		{734C6A3D-406E-421F-878B-64425DD137DF}.AppStore|x86.ActiveCfg = Release|Any CPU
		{734C6A3D-406E-421F-878B-64425DD137DF}.AppStore|x86.Build.0 = Release|Any CPU
		{734C6A3D-406E-421F-878B-64425DD137DF}.Debug|Any CPU.ActiveCfg = Debug|Any CPU
		{734C6A3D-406E-421F-878B-64425DD137DF}.Debug|Any CPU.Build.0 = Debug|Any CPU
		{734C6A3D-406E-421F-878B-64425DD137DF}.Debug|ARM.ActiveCfg = Debug|Any CPU
		{734C6A3D-406E-421F-878B-64425DD137DF}.Debug|ARM.Build.0 = Debug|Any CPU
		{734C6A3D-406E-421F-878B-64425DD137DF}.Debug|iPhone.ActiveCfg = Debug|Any CPU
		{734C6A3D-406E-421F-878B-64425DD137DF}.Debug|iPhone.Build.0 = Debug|Any CPU
		{734C6A3D-406E-421F-878B-64425DD137DF}.Debug|iPhoneSimulator.ActiveCfg = Debug|Any CPU
		{734C6A3D-406E-421F-878B-64425DD137DF}.Debug|iPhoneSimulator.Build.0 = Debug|Any CPU
		{734C6A3D-406E-421F-878B-64425DD137DF}.Debug|x64.ActiveCfg = Debug|Any CPU
		{734C6A3D-406E-421F-878B-64425DD137DF}.Debug|x64.Build.0 = Debug|Any CPU
		{734C6A3D-406E-421F-878B-64425DD137DF}.Debug|x86.ActiveCfg = Debug|Any CPU
		{734C6A3D-406E-421F-878B-64425DD137DF}.Debug|x86.Build.0 = Debug|Any CPU
		{734C6A3D-406E-421F-878B-64425DD137DF}.Release|Any CPU.ActiveCfg = Release|Any CPU
		{734C6A3D-406E-421F-878B-64425DD137DF}.Release|Any CPU.Build.0 = Release|Any CPU
		{734C6A3D-406E-421F-878B-64425DD137DF}.Release|ARM.ActiveCfg = Release|Any CPU
		{734C6A3D-406E-421F-878B-64425DD137DF}.Release|ARM.Build.0 = Release|Any CPU
		{734C6A3D-406E-421F-878B-64425DD137DF}.Release|iPhone.ActiveCfg = Release|Any CPU
		{734C6A3D-406E-421F-878B-64425DD137DF}.Release|iPhone.Build.0 = Release|Any CPU
		{734C6A3D-406E-421F-878B-64425DD137DF}.Release|iPhoneSimulator.ActiveCfg = Release|Any CPU
		{734C6A3D-406E-421F-878B-64425DD137DF}.Release|iPhoneSimulator.Build.0 = Release|Any CPU
		{734C6A3D-406E-421F-878B-64425DD137DF}.Release|x64.ActiveCfg = Release|Any CPU
		{734C6A3D-406E-421F-878B-64425DD137DF}.Release|x64.Build.0 = Release|Any CPU
		{734C6A3D-406E-421F-878B-64425DD137DF}.Release|x86.ActiveCfg = Release|Any CPU
		{734C6A3D-406E-421F-878B-64425DD137DF}.Release|x86.Build.0 = Release|Any CPU
		{8C49FE7A-AAEA-499A-B612-E5BE1940475A}.Ad-Hoc|Any CPU.ActiveCfg = Release|Any CPU
		{8C49FE7A-AAEA-499A-B612-E5BE1940475A}.Ad-Hoc|Any CPU.Build.0 = Release|Any CPU
		{8C49FE7A-AAEA-499A-B612-E5BE1940475A}.Ad-Hoc|ARM.ActiveCfg = Release|ARM
		{8C49FE7A-AAEA-499A-B612-E5BE1940475A}.Ad-Hoc|ARM.Build.0 = Release|ARM
		{8C49FE7A-AAEA-499A-B612-E5BE1940475A}.Ad-Hoc|iPhone.ActiveCfg = Release|Any CPU
		{8C49FE7A-AAEA-499A-B612-E5BE1940475A}.Ad-Hoc|iPhone.Build.0 = Release|Any CPU
		{8C49FE7A-AAEA-499A-B612-E5BE1940475A}.Ad-Hoc|iPhoneSimulator.ActiveCfg = Release|Any CPU
		{8C49FE7A-AAEA-499A-B612-E5BE1940475A}.Ad-Hoc|iPhoneSimulator.Build.0 = Release|Any CPU
		{8C49FE7A-AAEA-499A-B612-E5BE1940475A}.Ad-Hoc|x64.ActiveCfg = Release|x64
		{8C49FE7A-AAEA-499A-B612-E5BE1940475A}.Ad-Hoc|x64.Build.0 = Release|x64
		{8C49FE7A-AAEA-499A-B612-E5BE1940475A}.Ad-Hoc|x86.ActiveCfg = Release|x86
		{8C49FE7A-AAEA-499A-B612-E5BE1940475A}.Ad-Hoc|x86.Build.0 = Release|x86
		{8C49FE7A-AAEA-499A-B612-E5BE1940475A}.AppStore|Any CPU.ActiveCfg = Release|Any CPU
		{8C49FE7A-AAEA-499A-B612-E5BE1940475A}.AppStore|Any CPU.Build.0 = Release|Any CPU
		{8C49FE7A-AAEA-499A-B612-E5BE1940475A}.AppStore|ARM.ActiveCfg = Release|ARM
		{8C49FE7A-AAEA-499A-B612-E5BE1940475A}.AppStore|ARM.Build.0 = Release|ARM
		{8C49FE7A-AAEA-499A-B612-E5BE1940475A}.AppStore|iPhone.ActiveCfg = Release|Any CPU
		{8C49FE7A-AAEA-499A-B612-E5BE1940475A}.AppStore|iPhone.Build.0 = Release|Any CPU
		{8C49FE7A-AAEA-499A-B612-E5BE1940475A}.AppStore|iPhoneSimulator.ActiveCfg = Release|Any CPU
		{8C49FE7A-AAEA-499A-B612-E5BE1940475A}.AppStore|iPhoneSimulator.Build.0 = Release|Any CPU
		{8C49FE7A-AAEA-499A-B612-E5BE1940475A}.AppStore|x64.ActiveCfg = Release|x64
		{8C49FE7A-AAEA-499A-B612-E5BE1940475A}.AppStore|x64.Build.0 = Release|x64
		{8C49FE7A-AAEA-499A-B612-E5BE1940475A}.AppStore|x86.ActiveCfg = Release|x86
		{8C49FE7A-AAEA-499A-B612-E5BE1940475A}.AppStore|x86.Build.0 = Release|x86
		{8C49FE7A-AAEA-499A-B612-E5BE1940475A}.Debug|Any CPU.ActiveCfg = Debug|Any CPU
		{8C49FE7A-AAEA-499A-B612-E5BE1940475A}.Debug|Any CPU.Build.0 = Debug|Any CPU
		{8C49FE7A-AAEA-499A-B612-E5BE1940475A}.Debug|ARM.ActiveCfg = Debug|ARM
		{8C49FE7A-AAEA-499A-B612-E5BE1940475A}.Debug|ARM.Build.0 = Debug|ARM
		{8C49FE7A-AAEA-499A-B612-E5BE1940475A}.Debug|iPhone.ActiveCfg = Debug|Any CPU
		{8C49FE7A-AAEA-499A-B612-E5BE1940475A}.Debug|iPhone.Build.0 = Debug|Any CPU
		{8C49FE7A-AAEA-499A-B612-E5BE1940475A}.Debug|iPhoneSimulator.ActiveCfg = Debug|Any CPU
		{8C49FE7A-AAEA-499A-B612-E5BE1940475A}.Debug|iPhoneSimulator.Build.0 = Debug|Any CPU
		{8C49FE7A-AAEA-499A-B612-E5BE1940475A}.Debug|x64.ActiveCfg = Debug|x64
		{8C49FE7A-AAEA-499A-B612-E5BE1940475A}.Debug|x64.Build.0 = Debug|x64
		{8C49FE7A-AAEA-499A-B612-E5BE1940475A}.Debug|x86.ActiveCfg = Debug|x86
		{8C49FE7A-AAEA-499A-B612-E5BE1940475A}.Debug|x86.Build.0 = Debug|x86
		{8C49FE7A-AAEA-499A-B612-E5BE1940475A}.Release|Any CPU.ActiveCfg = Release|Any CPU
		{8C49FE7A-AAEA-499A-B612-E5BE1940475A}.Release|Any CPU.Build.0 = Release|Any CPU
		{8C49FE7A-AAEA-499A-B612-E5BE1940475A}.Release|ARM.ActiveCfg = Release|ARM
		{8C49FE7A-AAEA-499A-B612-E5BE1940475A}.Release|ARM.Build.0 = Release|ARM
		{8C49FE7A-AAEA-499A-B612-E5BE1940475A}.Release|iPhone.ActiveCfg = Release|Any CPU
		{8C49FE7A-AAEA-499A-B612-E5BE1940475A}.Release|iPhone.Build.0 = Release|Any CPU
		{8C49FE7A-AAEA-499A-B612-E5BE1940475A}.Release|iPhoneSimulator.ActiveCfg = Release|Any CPU
		{8C49FE7A-AAEA-499A-B612-E5BE1940475A}.Release|iPhoneSimulator.Build.0 = Release|Any CPU
		{8C49FE7A-AAEA-499A-B612-E5BE1940475A}.Release|x64.ActiveCfg = Release|x64
		{8C49FE7A-AAEA-499A-B612-E5BE1940475A}.Release|x64.Build.0 = Release|x64
		{8C49FE7A-AAEA-499A-B612-E5BE1940475A}.Release|x86.ActiveCfg = Release|x86
		{8C49FE7A-AAEA-499A-B612-E5BE1940475A}.Release|x86.Build.0 = Release|x86
		{67F9D3A8-F71E-4428-913F-C37AE82CDB24}.Ad-Hoc|Any CPU.ActiveCfg = Release|Any CPU
		{67F9D3A8-F71E-4428-913F-C37AE82CDB24}.Ad-Hoc|Any CPU.Build.0 = Release|Any CPU
		{67F9D3A8-F71E-4428-913F-C37AE82CDB24}.Ad-Hoc|ARM.ActiveCfg = Release|Any CPU
		{67F9D3A8-F71E-4428-913F-C37AE82CDB24}.Ad-Hoc|ARM.Build.0 = Release|Any CPU
		{67F9D3A8-F71E-4428-913F-C37AE82CDB24}.Ad-Hoc|iPhone.ActiveCfg = Release|Any CPU
		{67F9D3A8-F71E-4428-913F-C37AE82CDB24}.Ad-Hoc|iPhone.Build.0 = Release|Any CPU
		{67F9D3A8-F71E-4428-913F-C37AE82CDB24}.Ad-Hoc|iPhoneSimulator.ActiveCfg = Release|Any CPU
		{67F9D3A8-F71E-4428-913F-C37AE82CDB24}.Ad-Hoc|iPhoneSimulator.Build.0 = Release|Any CPU
		{67F9D3A8-F71E-4428-913F-C37AE82CDB24}.Ad-Hoc|x64.ActiveCfg = Release|Any CPU
		{67F9D3A8-F71E-4428-913F-C37AE82CDB24}.Ad-Hoc|x64.Build.0 = Release|Any CPU
		{67F9D3A8-F71E-4428-913F-C37AE82CDB24}.Ad-Hoc|x86.ActiveCfg = Release|Any CPU
		{67F9D3A8-F71E-4428-913F-C37AE82CDB24}.Ad-Hoc|x86.Build.0 = Release|Any CPU
		{67F9D3A8-F71E-4428-913F-C37AE82CDB24}.AppStore|Any CPU.ActiveCfg = Release|Any CPU
		{67F9D3A8-F71E-4428-913F-C37AE82CDB24}.AppStore|Any CPU.Build.0 = Release|Any CPU
		{67F9D3A8-F71E-4428-913F-C37AE82CDB24}.AppStore|ARM.ActiveCfg = Release|Any CPU
		{67F9D3A8-F71E-4428-913F-C37AE82CDB24}.AppStore|ARM.Build.0 = Release|Any CPU
		{67F9D3A8-F71E-4428-913F-C37AE82CDB24}.AppStore|iPhone.ActiveCfg = Release|Any CPU
		{67F9D3A8-F71E-4428-913F-C37AE82CDB24}.AppStore|iPhone.Build.0 = Release|Any CPU
		{67F9D3A8-F71E-4428-913F-C37AE82CDB24}.AppStore|iPhoneSimulator.ActiveCfg = Release|Any CPU
		{67F9D3A8-F71E-4428-913F-C37AE82CDB24}.AppStore|iPhoneSimulator.Build.0 = Release|Any CPU
		{67F9D3A8-F71E-4428-913F-C37AE82CDB24}.AppStore|x64.ActiveCfg = Release|Any CPU
		{67F9D3A8-F71E-4428-913F-C37AE82CDB24}.AppStore|x64.Build.0 = Release|Any CPU
		{67F9D3A8-F71E-4428-913F-C37AE82CDB24}.AppStore|x86.ActiveCfg = Release|Any CPU
		{67F9D3A8-F71E-4428-913F-C37AE82CDB24}.AppStore|x86.Build.0 = Release|Any CPU
		{67F9D3A8-F71E-4428-913F-C37AE82CDB24}.Debug|Any CPU.ActiveCfg = Debug|Any CPU
		{67F9D3A8-F71E-4428-913F-C37AE82CDB24}.Debug|Any CPU.Build.0 = Debug|Any CPU
		{67F9D3A8-F71E-4428-913F-C37AE82CDB24}.Debug|ARM.ActiveCfg = Debug|Any CPU
		{67F9D3A8-F71E-4428-913F-C37AE82CDB24}.Debug|ARM.Build.0 = Debug|Any CPU
		{67F9D3A8-F71E-4428-913F-C37AE82CDB24}.Debug|iPhone.ActiveCfg = Debug|Any CPU
		{67F9D3A8-F71E-4428-913F-C37AE82CDB24}.Debug|iPhone.Build.0 = Debug|Any CPU
		{67F9D3A8-F71E-4428-913F-C37AE82CDB24}.Debug|iPhoneSimulator.ActiveCfg = Debug|Any CPU
		{67F9D3A8-F71E-4428-913F-C37AE82CDB24}.Debug|iPhoneSimulator.Build.0 = Debug|Any CPU
		{67F9D3A8-F71E-4428-913F-C37AE82CDB24}.Debug|x64.ActiveCfg = Debug|Any CPU
		{67F9D3A8-F71E-4428-913F-C37AE82CDB24}.Debug|x64.Build.0 = Debug|Any CPU
		{67F9D3A8-F71E-4428-913F-C37AE82CDB24}.Debug|x86.ActiveCfg = Debug|Any CPU
		{67F9D3A8-F71E-4428-913F-C37AE82CDB24}.Debug|x86.Build.0 = Debug|Any CPU
		{67F9D3A8-F71E-4428-913F-C37AE82CDB24}.Release|Any CPU.ActiveCfg = Release|Any CPU
		{67F9D3A8-F71E-4428-913F-C37AE82CDB24}.Release|Any CPU.Build.0 = Release|Any CPU
		{67F9D3A8-F71E-4428-913F-C37AE82CDB24}.Release|ARM.ActiveCfg = Release|Any CPU
		{67F9D3A8-F71E-4428-913F-C37AE82CDB24}.Release|ARM.Build.0 = Release|Any CPU
		{67F9D3A8-F71E-4428-913F-C37AE82CDB24}.Release|iPhone.ActiveCfg = Release|Any CPU
		{67F9D3A8-F71E-4428-913F-C37AE82CDB24}.Release|iPhone.Build.0 = Release|Any CPU
		{67F9D3A8-F71E-4428-913F-C37AE82CDB24}.Release|iPhoneSimulator.ActiveCfg = Release|Any CPU
		{67F9D3A8-F71E-4428-913F-C37AE82CDB24}.Release|iPhoneSimulator.Build.0 = Release|Any CPU
		{67F9D3A8-F71E-4428-913F-C37AE82CDB24}.Release|x64.ActiveCfg = Release|Any CPU
		{67F9D3A8-F71E-4428-913F-C37AE82CDB24}.Release|x64.Build.0 = Release|Any CPU
		{67F9D3A8-F71E-4428-913F-C37AE82CDB24}.Release|x86.ActiveCfg = Release|Any CPU
		{67F9D3A8-F71E-4428-913F-C37AE82CDB24}.Release|x86.Build.0 = Release|Any CPU
		{3D1E7E01-F74A-4A00-8037-36F9D51A5860}.Ad-Hoc|Any CPU.ActiveCfg = Release|Any CPU
		{3D1E7E01-F74A-4A00-8037-36F9D51A5860}.Ad-Hoc|Any CPU.Build.0 = Release|Any CPU
		{3D1E7E01-F74A-4A00-8037-36F9D51A5860}.Ad-Hoc|ARM.ActiveCfg = Release|Any CPU
		{3D1E7E01-F74A-4A00-8037-36F9D51A5860}.Ad-Hoc|ARM.Build.0 = Release|Any CPU
		{3D1E7E01-F74A-4A00-8037-36F9D51A5860}.Ad-Hoc|iPhone.ActiveCfg = Release|Any CPU
		{3D1E7E01-F74A-4A00-8037-36F9D51A5860}.Ad-Hoc|iPhone.Build.0 = Release|Any CPU
		{3D1E7E01-F74A-4A00-8037-36F9D51A5860}.Ad-Hoc|iPhoneSimulator.ActiveCfg = Release|Any CPU
		{3D1E7E01-F74A-4A00-8037-36F9D51A5860}.Ad-Hoc|iPhoneSimulator.Build.0 = Release|Any CPU
		{3D1E7E01-F74A-4A00-8037-36F9D51A5860}.Ad-Hoc|x64.ActiveCfg = Release|Any CPU
		{3D1E7E01-F74A-4A00-8037-36F9D51A5860}.Ad-Hoc|x64.Build.0 = Release|Any CPU
		{3D1E7E01-F74A-4A00-8037-36F9D51A5860}.Ad-Hoc|x86.ActiveCfg = Release|Any CPU
		{3D1E7E01-F74A-4A00-8037-36F9D51A5860}.Ad-Hoc|x86.Build.0 = Release|Any CPU
		{3D1E7E01-F74A-4A00-8037-36F9D51A5860}.AppStore|Any CPU.ActiveCfg = Release|Any CPU
		{3D1E7E01-F74A-4A00-8037-36F9D51A5860}.AppStore|Any CPU.Build.0 = Release|Any CPU
		{3D1E7E01-F74A-4A00-8037-36F9D51A5860}.AppStore|ARM.ActiveCfg = Release|Any CPU
		{3D1E7E01-F74A-4A00-8037-36F9D51A5860}.AppStore|ARM.Build.0 = Release|Any CPU
		{3D1E7E01-F74A-4A00-8037-36F9D51A5860}.AppStore|iPhone.ActiveCfg = Release|Any CPU
		{3D1E7E01-F74A-4A00-8037-36F9D51A5860}.AppStore|iPhone.Build.0 = Release|Any CPU
		{3D1E7E01-F74A-4A00-8037-36F9D51A5860}.AppStore|iPhoneSimulator.ActiveCfg = Release|Any CPU
		{3D1E7E01-F74A-4A00-8037-36F9D51A5860}.AppStore|iPhoneSimulator.Build.0 = Release|Any CPU
		{3D1E7E01-F74A-4A00-8037-36F9D51A5860}.AppStore|x64.ActiveCfg = Release|Any CPU
		{3D1E7E01-F74A-4A00-8037-36F9D51A5860}.AppStore|x64.Build.0 = Release|Any CPU
		{3D1E7E01-F74A-4A00-8037-36F9D51A5860}.AppStore|x86.ActiveCfg = Release|Any CPU
		{3D1E7E01-F74A-4A00-8037-36F9D51A5860}.AppStore|x86.Build.0 = Release|Any CPU
		{3D1E7E01-F74A-4A00-8037-36F9D51A5860}.Debug|Any CPU.ActiveCfg = Debug|Any CPU
		{3D1E7E01-F74A-4A00-8037-36F9D51A5860}.Debug|Any CPU.Build.0 = Debug|Any CPU
		{3D1E7E01-F74A-4A00-8037-36F9D51A5860}.Debug|ARM.ActiveCfg = Debug|Any CPU
		{3D1E7E01-F74A-4A00-8037-36F9D51A5860}.Debug|ARM.Build.0 = Debug|Any CPU
		{3D1E7E01-F74A-4A00-8037-36F9D51A5860}.Debug|iPhone.ActiveCfg = Debug|Any CPU
		{3D1E7E01-F74A-4A00-8037-36F9D51A5860}.Debug|iPhone.Build.0 = Debug|Any CPU
		{3D1E7E01-F74A-4A00-8037-36F9D51A5860}.Debug|iPhoneSimulator.ActiveCfg = Debug|Any CPU
		{3D1E7E01-F74A-4A00-8037-36F9D51A5860}.Debug|iPhoneSimulator.Build.0 = Debug|Any CPU
		{3D1E7E01-F74A-4A00-8037-36F9D51A5860}.Debug|x64.ActiveCfg = Debug|Any CPU
		{3D1E7E01-F74A-4A00-8037-36F9D51A5860}.Debug|x64.Build.0 = Debug|Any CPU
		{3D1E7E01-F74A-4A00-8037-36F9D51A5860}.Debug|x86.ActiveCfg = Debug|Any CPU
		{3D1E7E01-F74A-4A00-8037-36F9D51A5860}.Debug|x86.Build.0 = Debug|Any CPU
		{3D1E7E01-F74A-4A00-8037-36F9D51A5860}.Release|Any CPU.ActiveCfg = Release|Any CPU
		{3D1E7E01-F74A-4A00-8037-36F9D51A5860}.Release|Any CPU.Build.0 = Release|Any CPU
		{3D1E7E01-F74A-4A00-8037-36F9D51A5860}.Release|ARM.ActiveCfg = Release|Any CPU
		{3D1E7E01-F74A-4A00-8037-36F9D51A5860}.Release|ARM.Build.0 = Release|Any CPU
		{3D1E7E01-F74A-4A00-8037-36F9D51A5860}.Release|iPhone.ActiveCfg = Release|Any CPU
		{3D1E7E01-F74A-4A00-8037-36F9D51A5860}.Release|iPhone.Build.0 = Release|Any CPU
		{3D1E7E01-F74A-4A00-8037-36F9D51A5860}.Release|iPhoneSimulator.ActiveCfg = Release|Any CPU
		{3D1E7E01-F74A-4A00-8037-36F9D51A5860}.Release|iPhoneSimulator.Build.0 = Release|Any CPU
		{3D1E7E01-F74A-4A00-8037-36F9D51A5860}.Release|x64.ActiveCfg = Release|Any CPU
		{3D1E7E01-F74A-4A00-8037-36F9D51A5860}.Release|x64.Build.0 = Release|Any CPU
		{3D1E7E01-F74A-4A00-8037-36F9D51A5860}.Release|x86.ActiveCfg = Release|Any CPU
		{3D1E7E01-F74A-4A00-8037-36F9D51A5860}.Release|x86.Build.0 = Release|Any CPU
		{CF41703F-18FB-44C2-9DCE-99D1801950C2}.Ad-Hoc|Any CPU.ActiveCfg = Release|Any CPU
		{CF41703F-18FB-44C2-9DCE-99D1801950C2}.Ad-Hoc|Any CPU.Build.0 = Release|Any CPU
		{CF41703F-18FB-44C2-9DCE-99D1801950C2}.Ad-Hoc|ARM.ActiveCfg = Release|Any CPU
		{CF41703F-18FB-44C2-9DCE-99D1801950C2}.Ad-Hoc|ARM.Build.0 = Release|Any CPU
		{CF41703F-18FB-44C2-9DCE-99D1801950C2}.Ad-Hoc|iPhone.ActiveCfg = Release|Any CPU
		{CF41703F-18FB-44C2-9DCE-99D1801950C2}.Ad-Hoc|iPhone.Build.0 = Release|Any CPU
		{CF41703F-18FB-44C2-9DCE-99D1801950C2}.Ad-Hoc|iPhoneSimulator.ActiveCfg = Release|Any CPU
		{CF41703F-18FB-44C2-9DCE-99D1801950C2}.Ad-Hoc|iPhoneSimulator.Build.0 = Release|Any CPU
		{CF41703F-18FB-44C2-9DCE-99D1801950C2}.Ad-Hoc|x64.ActiveCfg = Release|Any CPU
		{CF41703F-18FB-44C2-9DCE-99D1801950C2}.Ad-Hoc|x64.Build.0 = Release|Any CPU
		{CF41703F-18FB-44C2-9DCE-99D1801950C2}.Ad-Hoc|x86.ActiveCfg = Release|Any CPU
		{CF41703F-18FB-44C2-9DCE-99D1801950C2}.Ad-Hoc|x86.Build.0 = Release|Any CPU
		{CF41703F-18FB-44C2-9DCE-99D1801950C2}.AppStore|Any CPU.ActiveCfg = Release|Any CPU
		{CF41703F-18FB-44C2-9DCE-99D1801950C2}.AppStore|Any CPU.Build.0 = Release|Any CPU
		{CF41703F-18FB-44C2-9DCE-99D1801950C2}.AppStore|ARM.ActiveCfg = Release|Any CPU
		{CF41703F-18FB-44C2-9DCE-99D1801950C2}.AppStore|ARM.Build.0 = Release|Any CPU
		{CF41703F-18FB-44C2-9DCE-99D1801950C2}.AppStore|iPhone.ActiveCfg = Release|Any CPU
		{CF41703F-18FB-44C2-9DCE-99D1801950C2}.AppStore|iPhone.Build.0 = Release|Any CPU
		{CF41703F-18FB-44C2-9DCE-99D1801950C2}.AppStore|iPhoneSimulator.ActiveCfg = Release|Any CPU
		{CF41703F-18FB-44C2-9DCE-99D1801950C2}.AppStore|iPhoneSimulator.Build.0 = Release|Any CPU
		{CF41703F-18FB-44C2-9DCE-99D1801950C2}.AppStore|x64.ActiveCfg = Release|Any CPU
		{CF41703F-18FB-44C2-9DCE-99D1801950C2}.AppStore|x64.Build.0 = Release|Any CPU
		{CF41703F-18FB-44C2-9DCE-99D1801950C2}.AppStore|x86.ActiveCfg = Release|Any CPU
		{CF41703F-18FB-44C2-9DCE-99D1801950C2}.AppStore|x86.Build.0 = Release|Any CPU
		{CF41703F-18FB-44C2-9DCE-99D1801950C2}.Debug|Any CPU.ActiveCfg = Debug|Any CPU
		{CF41703F-18FB-44C2-9DCE-99D1801950C2}.Debug|Any CPU.Build.0 = Debug|Any CPU
		{CF41703F-18FB-44C2-9DCE-99D1801950C2}.Debug|ARM.ActiveCfg = Debug|Any CPU
		{CF41703F-18FB-44C2-9DCE-99D1801950C2}.Debug|ARM.Build.0 = Debug|Any CPU
		{CF41703F-18FB-44C2-9DCE-99D1801950C2}.Debug|iPhone.ActiveCfg = Debug|Any CPU
		{CF41703F-18FB-44C2-9DCE-99D1801950C2}.Debug|iPhone.Build.0 = Debug|Any CPU
		{CF41703F-18FB-44C2-9DCE-99D1801950C2}.Debug|iPhoneSimulator.ActiveCfg = Debug|Any CPU
		{CF41703F-18FB-44C2-9DCE-99D1801950C2}.Debug|iPhoneSimulator.Build.0 = Debug|Any CPU
		{CF41703F-18FB-44C2-9DCE-99D1801950C2}.Debug|x64.ActiveCfg = Debug|Any CPU
		{CF41703F-18FB-44C2-9DCE-99D1801950C2}.Debug|x64.Build.0 = Debug|Any CPU
		{CF41703F-18FB-44C2-9DCE-99D1801950C2}.Debug|x86.ActiveCfg = Debug|Any CPU
		{CF41703F-18FB-44C2-9DCE-99D1801950C2}.Debug|x86.Build.0 = Debug|Any CPU
		{CF41703F-18FB-44C2-9DCE-99D1801950C2}.Release|Any CPU.ActiveCfg = Release|Any CPU
		{CF41703F-18FB-44C2-9DCE-99D1801950C2}.Release|Any CPU.Build.0 = Release|Any CPU
		{CF41703F-18FB-44C2-9DCE-99D1801950C2}.Release|ARM.ActiveCfg = Release|Any CPU
		{CF41703F-18FB-44C2-9DCE-99D1801950C2}.Release|ARM.Build.0 = Release|Any CPU
		{CF41703F-18FB-44C2-9DCE-99D1801950C2}.Release|iPhone.ActiveCfg = Release|Any CPU
		{CF41703F-18FB-44C2-9DCE-99D1801950C2}.Release|iPhone.Build.0 = Release|Any CPU
		{CF41703F-18FB-44C2-9DCE-99D1801950C2}.Release|iPhoneSimulator.ActiveCfg = Release|Any CPU
		{CF41703F-18FB-44C2-9DCE-99D1801950C2}.Release|iPhoneSimulator.Build.0 = Release|Any CPU
		{CF41703F-18FB-44C2-9DCE-99D1801950C2}.Release|x64.ActiveCfg = Release|Any CPU
		{CF41703F-18FB-44C2-9DCE-99D1801950C2}.Release|x64.Build.0 = Release|Any CPU
		{CF41703F-18FB-44C2-9DCE-99D1801950C2}.Release|x86.ActiveCfg = Release|Any CPU
		{CF41703F-18FB-44C2-9DCE-99D1801950C2}.Release|x86.Build.0 = Release|Any CPU
	EndGlobalSection
	GlobalSection(SolutionProperties) = preSolution
		HideSolutionNode = FALSE
	EndGlobalSection
	GlobalSection(NestedProjects) = preSolution
		{F9D654B5-6B7A-4573-B8C8-FD09B96C021B} = {E4A1A8D4-C4D7-4B70-9384-B25512B407D7}
		{001C0060-E4A6-47C2-BBDF-D20F06CC8613} = {E4A1A8D4-C4D7-4B70-9384-B25512B407D7}
		{3F4502FA-51EA-4CB9-8E50-46F828D240A1} = {FB2FADC8-171E-4770-ABCA-2FEB45E3B304}
		{5BA0CBAC-63E5-4E01-AECA-67AE3B63503B} = {FB2FADC8-171E-4770-ABCA-2FEB45E3B304}
		{46BDAEC2-7677-4223-B009-940DB478A220} = {FB2FADC8-171E-4770-ABCA-2FEB45E3B304}
		{734C6A3D-406E-421F-878B-64425DD137DF} = {675E3E04-2C8C-4830-AF75-33B4C2A48C18}
		{8C49FE7A-AAEA-499A-B612-E5BE1940475A} = {650CEE7D-BA71-4D91-9D3F-E3C563819FF1}
		{67F9D3A8-F71E-4428-913F-C37AE82CDB24} = {3B18848A-A720-49C6-9A11-DB615A5A3600}
		{3D1E7E01-F74A-4A00-8037-36F9D51A5860} = {675E3E04-2C8C-4830-AF75-33B4C2A48C18}
		{CF41703F-18FB-44C2-9DCE-99D1801950C2} = {675E3E04-2C8C-4830-AF75-33B4C2A48C18}
	EndGlobalSection
EndGlobal
